
Microsoft Visual Studio Solution File, Format Version 12.00
# Visual Studio 15
Project("{FAE04EC0-301F-11D3-BF4B-00C04F79EFBC}") = "UnityEngine.UI", "UnityEngine.UI.csproj", "{A045089B-3E98-7338-9EDA-F5DB229DD876}"
EndProject
Project("{FAE04EC0-301F-11D3-BF4B-00C04F79EFBC}") = "Assembly-CSharp", "Assembly-CSharp.csproj", "{8E377B65-015C-C323-96A5-935EC4A27DB5}"
EndProject
Project("{FAE04EC0-301F-11D3-BF4B-00C04F79EFBC}") = "Oculus.Platform", "Oculus.Platform.csproj", "{5FCCFF4F-574B-7043-0C1B-ACF687E25930}"
EndProject
Project("{FAE04EC0-301F-11D3-BF4B-00C04F79EFBC}") = "UnityEngine.TestRunner", "UnityEngine.TestRunner.csproj", "{42A5478D-CFBD-78AA-281D-FF1854D03B29}"
EndProject
Project("{FAE04EC0-301F-11D3-BF4B-00C04F79EFBC}") = "UnityEngine.XR.LegacyInputHelpers", "UnityEngine.XR.LegacyInputHelpers.csproj", "{ED51F37B-DF81-DF55-4CF2-7C6B73936C68}"
EndProject
Project("{FAE04EC0-301F-11D3-BF4B-00C04F79EFBC}") = "Oculus.Interaction", "Oculus.Interaction.csproj", "{57F3F6E5-AFFA-5C9B-482F-1961EA3BEA9B}"
EndProject
Project("{FAE04EC0-301F-11D3-BF4B-00C04F79EFBC}") = "Unity.Timeline", "Unity.Timeline.csproj", "{169E27E2-B843-D479-07F2-02A75FF43679}"
EndProject
Project("{FAE04EC0-301F-11D3-BF4B-00C04F79EFBC}") = "Oculus.Spatializer", "Oculus.Spatializer.csproj", "{5F36752A-8181-F334-CE37-427CEDE55F8C}"
EndProject
Project("{FAE04EC0-301F-11D3-BF4B-00C04F79EFBC}") = "Facebook.WitAI", "Facebook.WitAI.csproj", "{5941A2F0-1E2D-9667-00BD-2F38969F10C4}"
EndProject
Project("{FAE04EC0-301F-11D3-BF4B-00C04F79EFBC}") = "Unity.TextMeshPro", "Unity.TextMeshPro.csproj", "{39441295-61BD-94BE-7805-9D4E6E875D82}"
EndProject
Project("{FAE04EC0-301F-11D3-BF4B-00C04F79EFBC}") = "Unity.XR.Oculus", "Unity.XR.Oculus.csproj", "{0D64DED6-0C1E-BE78-1A30-0DCA75471F1B}"
EndProject
Project("{FAE04EC0-301F-11D3-BF4B-00C04F79EFBC}") = "Oculus.AudioManager", "Oculus.AudioManager.csproj", "{4D74B802-DB09-D392-9A17-6D855CDA5881}"
EndProject
Project("{FAE04EC0-301F-11D3-BF4B-00C04F79EFBC}") = "Unity.XR.Management", "Unity.XR.Management.csproj", "{ACE34EB6-1449-8F27-D49C-35763D92ABB1}"
EndProject
Project("{FAE04EC0-301F-11D3-BF4B-00C04F79EFBC}") = "Oculus.VR", "Oculus.VR.csproj", "{D436D817-BD7C-1317-555D-930146FC1066}"
EndProject
Project("{FAE04EC0-301F-11D3-BF4B-00C04F79EFBC}") = "Oculus.Interaction.Samples", "Oculus.Interaction.Samples.csproj", "{E1317C1A-2F1C-092A-F6C3-8A3D61E98BE3}"
EndProject
Project("{FAE04EC0-301F-11D3-BF4B-00C04F79EFBC}") = "VoiceSDK.Runtime", "VoiceSDK.Runtime.csproj", "{5A38893D-B815-0229-B8F1-4A80FF74FCAC}"
EndProject
Project("{FAE04EC0-301F-11D3-BF4B-00C04F79EFBC}") = "AssistantCoreSDKRuntime", "AssistantCoreSDKRuntime.csproj", "{CFC0F217-D3D2-2035-82C5-520DABC15CD8}"
EndProject
Project("{FAE04EC0-301F-11D3-BF4B-00C04F79EFBC}") = "Runtime", "Runtime.csproj", "{F5FFE9FD-AB21-5309-C3D5-7E1F842B790B}"
EndProject
Project("{FAE04EC0-301F-11D3-BF4B-00C04F79EFBC}") = "Oculus.LipSync", "Oculus.LipSync.csproj", "{BE04B5BF-4483-515F-3424-4802F5AC3F93}"
EndProject
Project("{FAE04EC0-301F-11D3-BF4B-00C04F79EFBC}") = "Unity.Subsystem.Registration", "Unity.Subsystem.Registration.csproj", "{5B7BD0A9-F97A-42E4-E20A-64E31AFC2970}"
EndProject
Project("{FAE04EC0-301F-11D3-BF4B-00C04F79EFBC}") = "UnityEngine.SpatialTracking", "UnityEngine.SpatialTracking.csproj", "{27974B81-C82A-4711-6A2B-C56BC4579425}"
EndProject
Project("{FAE04EC0-301F-11D3-BF4B-00C04F79EFBC}") = "Unity.XR.Management.Editor", "Unity.XR.Management.Editor.csproj", "{0C5A364C-12DC-5458-7652-706D0E2BF151}"
EndProject
Project("{FAE04EC0-301F-11D3-BF4B-00C04F79EFBC}") = "UnityEditor.TestRunner", "UnityEditor.TestRunner.csproj", "{88C3ED76-43ED-99BF-1139-9A2059F5AA2A}"
EndProject
Project("{FAE04EC0-301F-11D3-BF4B-00C04F79EFBC}") = "Unity.PlasticSCM.Editor", "Unity.PlasticSCM.Editor.csproj", "{676D67DB-78CC-D9B9-367C-773B14E96B93}"
EndProject
Project("{FAE04EC0-301F-11D3-BF4B-00C04F79EFBC}") = "Oculus.Platform.Editor", "Oculus.Platform.Editor.csproj", "{FBB7D9C2-1A06-2E7E-439B-96DA05CA3319}"
EndProject
Project("{FAE04EC0-301F-11D3-BF4B-00C04F79EFBC}") = "UnityEditor.UI", "UnityEditor.UI.csproj", "{25C20C3B-EF0A-A5F5-4C6F-5FDAACFE8D24}"
EndProject
Project("{FAE04EC0-301F-11D3-BF4B-00C04F79EFBC}") = "Unity.Services.Core.Editor", "Unity.Services.Core.Editor.csproj", "{A47F9C63-6F4A-BFD3-0D68-2FCCF2DB8A6F}"
EndProject
Project("{FAE04EC0-301F-11D3-BF4B-00C04F79EFBC}") = "Unity.Timeline.Editor", "Unity.Timeline.Editor.csproj", "{02E45B3C-FBF5-5C4D-408D-701FD8B66223}"
EndProject
Project("{FAE04EC0-301F-11D3-BF4B-00C04F79EFBC}") = "Unity.VisualStudio.Editor", "Unity.VisualStudio.Editor.csproj", "{9CF12080-A7B2-BFF5-AED5-FA79E0B09265}"
EndProject
Project("{FAE04EC0-301F-11D3-BF4B-00C04F79EFBC}") = "Oculus.AudioManager.Audio.Editor", "Oculus.AudioManager.Audio.Editor.csproj", "{27BCCDCD-B92A-AD2B-DFD2-4203AC6712BD}"
EndProject
Project("{FAE04EC0-301F-11D3-BF4B-00C04F79EFBC}") = "Unity.TextMeshPro.Editor", "Unity.TextMeshPro.Editor.csproj", "{55D9CAE1-6538-05EA-646C-4C77B5518DE4}"
EndProject
Project("{FAE04EC0-301F-11D3-BF4B-00C04F79EFBC}") = "Unity.CollabProxy.Editor", "Unity.CollabProxy.Editor.csproj", "{5B2FD0AD-ED99-CE30-2E76-9700B2E62FEE}"
EndProject
Project("{FAE04EC0-301F-11D3-BF4B-00C04F79EFBC}") = "Unity.Rider.Editor", "Unity.Rider.Editor.csproj", "{527AA9B8-0205-F65F-EF49-AA681A5C5BEE}"
EndProject
Project("{FAE04EC0-301F-11D3-BF4B-00C04F79EFBC}") = "Oculus.Interaction.Editor", "Oculus.Interaction.Editor.csproj", "{1C360FF4-7B46-FC64-A36E-C612B6C9004F}"
EndProject
Project("{FAE04EC0-301F-11D3-BF4B-00C04F79EFBC}") = "Oculus.VR.Scripts.Editor", "Oculus.VR.Scripts.Editor.csproj", "{47F18E98-E67A-D278-ECBE-CC3F397F3F68}"
EndProject
Project("{FAE04EC0-301F-11D3-BF4B-00C04F79EFBC}") = "Facebook.Wit.Editor", "Facebook.Wit.Editor.csproj", "{9BD38A13-F039-EC42-CA7C-A0BBD5729FF8}"
EndProject
Project("{FAE04EC0-301F-11D3-BF4B-00C04F79EFBC}") = "Oculus.Spatializer.Editor", "Oculus.Spatializer.Editor.csproj", "{61916D24-A4D1-8A38-E50D-1BB0D16CB358}"
EndProject
Project("{FAE04EC0-301F-11D3-BF4B-00C04F79EFBC}") = "Oculus.VR.Editor", "Oculus.VR.Editor.csproj", "{01DB70DA-3D42-9E53-538B-8FD46FDAE3BE}"
EndProject
Project("{FAE04EC0-301F-11D3-BF4B-00C04F79EFBC}") = "UnityEditor.XR.LegacyInputHelpers", "UnityEditor.XR.LegacyInputHelpers.csproj", "{68975124-8541-13A8-2661-5DCDEFB11E89}"
EndProject
Project("{FAE04EC0-301F-11D3-BF4B-00C04F79EFBC}") = "Oculus.LipSync.Editor", "Oculus.LipSync.Editor.csproj", "{C12C8D10-25A3-4B14-B37B-578D97C7523E}"
EndProject
Project("{FAE04EC0-301F-11D3-BF4B-00C04F79EFBC}") = "Oculus.Interaction.InterfaceSupport", "Oculus.Interaction.InterfaceSupport.csproj", "{0FE6611B-7E2A-14FE-70B6-200BB536C8BC}"
EndProject
Project("{FAE04EC0-301F-11D3-BF4B-00C04F79EFBC}") = "Unity.VSCode.Editor", "Unity.VSCode.Editor.csproj", "{3AFE0D18-F199-A4D0-6BE3-DA6BF6152E65}"
EndProject
Project("{FAE04EC0-301F-11D3-BF4B-00C04F79EFBC}") = "Assembly-CSharp-Editor", "Assembly-CSharp-Editor.csproj", "{BC8907A2-C8A8-71CF-908D-B48BB0C826BF}"
EndProject
Project("{FAE04EC0-301F-11D3-BF4B-00C04F79EFBC}") = "VoiceSDK.Editor", "VoiceSDK.Editor.csproj", "{78EC8521-046E-76D4-40DA-59CFCC29D3CB}"
EndProject
Project("{FAE04EC0-301F-11D3-BF4B-00C04F79EFBC}") = "UnityEditor.SpatialTracking", "UnityEditor.SpatialTracking.csproj", "{59EC30CC-9155-3FE4-41C5-CB7A70619A1E}"
EndProject
Project("{FAE04EC0-301F-11D3-BF4B-00C04F79EFBC}") = "AssistantCoreSDKEditor", "AssistantCoreSDKEditor.csproj", "{641FE365-1EFD-C8C9-71EC-E6DFE77A2F77}"
EndProject
Project("{FAE04EC0-301F-11D3-BF4B-00C04F79EFBC}") = "Unity.XR.Oculus.Editor", "Unity.XR.Oculus.Editor.csproj", "{160F37FF-E710-CB46-EFF8-43D190F70F84}"
EndProject
Project("{FAE04EC0-301F-11D3-BF4B-00C04F79EFBC}") = "Oculus.AudioManager.Utils.Editor", "Oculus.AudioManager.Utils.Editor.csproj", "{C0CA3F53-50F7-502F-F76B-627FE959E2A4}"
EndProject
Project("{FAE04EC0-301F-11D3-BF4B-00C04F79EFBC}") = "UnityEngine.UI", "UnityEngine.UI.Player.csproj", "{A7345E77-2273-30C1-24D4-893BB7DCCDB8}"
EndProject
Project("{FAE04EC0-301F-11D3-BF4B-00C04F79EFBC}") = "Assembly-CSharp", "Assembly-CSharp.Player.csproj", "{7D1CF5D2-FC89-7AB6-836F-FF65322CECFD}"
EndProject
Project("{FAE04EC0-301F-11D3-BF4B-00C04F79EFBC}") = "Oculus.Platform", "Oculus.Platform.Player.csproj", "{F00AA699-2B75-468E-045A-62C63D7CB670}"
EndProject
Project("{FAE04EC0-301F-11D3-BF4B-00C04F79EFBC}") = "UnityEngine.TestRunner", "UnityEngine.TestRunner.Player.csproj", "{D5D60668-457E-C97B-0764-AE38E1F9FE3F}"
EndProject
Project("{FAE04EC0-301F-11D3-BF4B-00C04F79EFBC}") = "UnityEngine.XR.LegacyInputHelpers", "UnityEngine.XR.LegacyInputHelpers.Player.csproj", "{85E8F433-9F21-32CB-DE98-9842718CF0DE}"
EndProject
Project("{FAE04EC0-301F-11D3-BF4B-00C04F79EFBC}") = "Oculus.Interaction", "Oculus.Interaction.Player.csproj", "{806F72B9-EF3D-DCCC-ED51-24E9457C16D0}"
EndProject
Project("{FAE04EC0-301F-11D3-BF4B-00C04F79EFBC}") = "Unity.Timeline", "Unity.Timeline.Player.csproj", "{0693E258-6CBB-3CEB-4C02-53CE1B3E07D6}"
EndProject
Project("{FAE04EC0-301F-11D3-BF4B-00C04F79EFBC}") = "Oculus.Spatializer", "Oculus.Spatializer.Player.csproj", "{3BCCF5AC-6D2A-8598-6B93-82DA8F5D9985}"
EndProject
Project("{FAE04EC0-301F-11D3-BF4B-00C04F79EFBC}") = "Facebook.WitAI", "Facebook.WitAI.Player.csproj", "{D2FAD5E5-38AF-8581-6EA3-334A61AA4D23}"
EndProject
Project("{FAE04EC0-301F-11D3-BF4B-00C04F79EFBC}") = "Unity.TextMeshPro", "Unity.TextMeshPro.Player.csproj", "{2FC97100-EFF2-EBB3-97F7-BE44612B5D9C}"
EndProject
Project("{FAE04EC0-301F-11D3-BF4B-00C04F79EFBC}") = "Unity.XR.Oculus", "Unity.XR.Oculus.Player.csproj", "{E8369CD2-A9C9-A06D-40FC-6CCDC6C7A3A7}"
EndProject
Project("{FAE04EC0-301F-11D3-BF4B-00C04F79EFBC}") = "Oculus.AudioManager", "Oculus.AudioManager.Player.csproj", "{E7C96C0C-F0A2-5857-C8C3-DDDBE2E27E20}"
EndProject
Project("{FAE04EC0-301F-11D3-BF4B-00C04F79EFBC}") = "Unity.XR.Management", "Unity.XR.Management.Player.csproj", "{9ED7367D-5A95-B68E-865A-1CF603927925}"
EndProject
Project("{FAE04EC0-301F-11D3-BF4B-00C04F79EFBC}") = "Oculus.VR", "Oculus.VR.Player.csproj", "{9E611B4A-7B33-CE71-EEBA-6224F6EFF627}"
EndProject
Project("{FAE04EC0-301F-11D3-BF4B-00C04F79EFBC}") = "Oculus.Interaction.Samples", "Oculus.Interaction.Samples.Player.csproj", "{D4880584-B00D-EC93-C7AE-EC335F90EC6D}"
EndProject
Project("{FAE04EC0-301F-11D3-BF4B-00C04F79EFBC}") = "VoiceSDK.Runtime", "VoiceSDK.Runtime.Player.csproj", "{52923312-9A94-B163-4550-B941F075C3E5}"
EndProject
Project("{FAE04EC0-301F-11D3-BF4B-00C04F79EFBC}") = "AssistantCoreSDKRuntime", "AssistantCoreSDKRuntime.Player.csproj", "{3F430941-CFBB-F7ED-2474-151588738DAC}"
EndProject
Project("{FAE04EC0-301F-11D3-BF4B-00C04F79EFBC}") = "Runtime", "Runtime.Player.csproj", "{4AAC721E-1962-4DDF-6AC9-0D2DA9ED3BAB}"
EndProject
Project("{FAE04EC0-301F-11D3-BF4B-00C04F79EFBC}") = "Oculus.LipSync", "Oculus.LipSync.Player.csproj", "{927656E6-CA52-A56F-53C9-85AE7275D706}"
EndProject
Project("{FAE04EC0-301F-11D3-BF4B-00C04F79EFBC}") = "Unity.Subsystem.Registration", "Unity.Subsystem.Registration.Player.csproj", "{7134C6B2-586F-40FB-3257-F8BE83FBD6B0}"
EndProject
Project("{FAE04EC0-301F-11D3-BF4B-00C04F79EFBC}") = "UnityEngine.SpatialTracking", "UnityEngine.SpatialTracking.Player.csproj", "{44A73388-F4AE-76BF-FF2F-78204FE907C5}"
EndProject
Global
	GlobalSection(SolutionConfigurationPlatforms) = preSolution
		Debug|Any CPU = Debug|Any CPU
		Release|Any CPU = Release|Any CPU
	EndGlobalSection
	GlobalSection(ProjectConfigurationPlatforms) = postSolution
		{A045089B-3E98-7338-9EDA-F5DB229DD876}.Debug|Any CPU.ActiveCfg = Debug|Any CPU
		{A045089B-3E98-7338-9EDA-F5DB229DD876}.Debug|Any CPU.Build.0 = Debug|Any CPU
		{A045089B-3E98-7338-9EDA-F5DB229DD876}.Release|Any CPU.ActiveCfg = Release|Any CPU
		{A045089B-3E98-7338-9EDA-F5DB229DD876}.Release|Any CPU.Build.0 = Release|Any CPU
		{8E377B65-015C-C323-96A5-935EC4A27DB5}.Debug|Any CPU.ActiveCfg = Debug|Any CPU
		{8E377B65-015C-C323-96A5-935EC4A27DB5}.Debug|Any CPU.Build.0 = Debug|Any CPU
		{8E377B65-015C-C323-96A5-935EC4A27DB5}.Release|Any CPU.ActiveCfg = Release|Any CPU
		{8E377B65-015C-C323-96A5-935EC4A27DB5}.Release|Any CPU.Build.0 = Release|Any CPU
		{5FCCFF4F-574B-7043-0C1B-ACF687E25930}.Debug|Any CPU.ActiveCfg = Debug|Any CPU
		{5FCCFF4F-574B-7043-0C1B-ACF687E25930}.Debug|Any CPU.Build.0 = Debug|Any CPU
		{5FCCFF4F-574B-7043-0C1B-ACF687E25930}.Release|Any CPU.ActiveCfg = Release|Any CPU
		{5FCCFF4F-574B-7043-0C1B-ACF687E25930}.Release|Any CPU.Build.0 = Release|Any CPU
		{42A5478D-CFBD-78AA-281D-FF1854D03B29}.Debug|Any CPU.ActiveCfg = Debug|Any CPU
		{42A5478D-CFBD-78AA-281D-FF1854D03B29}.Debug|Any CPU.Build.0 = Debug|Any CPU
		{42A5478D-CFBD-78AA-281D-FF1854D03B29}.Release|Any CPU.ActiveCfg = Release|Any CPU
		{42A5478D-CFBD-78AA-281D-FF1854D03B29}.Release|Any CPU.Build.0 = Release|Any CPU
		{ED51F37B-DF81-DF55-4CF2-7C6B73936C68}.Debug|Any CPU.ActiveCfg = Debug|Any CPU
		{ED51F37B-DF81-DF55-4CF2-7C6B73936C68}.Debug|Any CPU.Build.0 = Debug|Any CPU
		{ED51F37B-DF81-DF55-4CF2-7C6B73936C68}.Release|Any CPU.ActiveCfg = Release|Any CPU
		{ED51F37B-DF81-DF55-4CF2-7C6B73936C68}.Release|Any CPU.Build.0 = Release|Any CPU
		{57F3F6E5-AFFA-5C9B-482F-1961EA3BEA9B}.Debug|Any CPU.ActiveCfg = Debug|Any CPU
		{57F3F6E5-AFFA-5C9B-482F-1961EA3BEA9B}.Debug|Any CPU.Build.0 = Debug|Any CPU
		{57F3F6E5-AFFA-5C9B-482F-1961EA3BEA9B}.Release|Any CPU.ActiveCfg = Release|Any CPU
		{57F3F6E5-AFFA-5C9B-482F-1961EA3BEA9B}.Release|Any CPU.Build.0 = Release|Any CPU
		{169E27E2-B843-D479-07F2-02A75FF43679}.Debug|Any CPU.ActiveCfg = Debug|Any CPU
		{169E27E2-B843-D479-07F2-02A75FF43679}.Debug|Any CPU.Build.0 = Debug|Any CPU
		{169E27E2-B843-D479-07F2-02A75FF43679}.Release|Any CPU.ActiveCfg = Release|Any CPU
		{169E27E2-B843-D479-07F2-02A75FF43679}.Release|Any CPU.Build.0 = Release|Any CPU
		{5F36752A-8181-F334-CE37-427CEDE55F8C}.Debug|Any CPU.ActiveCfg = Debug|Any CPU
		{5F36752A-8181-F334-CE37-427CEDE55F8C}.Debug|Any CPU.Build.0 = Debug|Any CPU
		{5F36752A-8181-F334-CE37-427CEDE55F8C}.Release|Any CPU.ActiveCfg = Release|Any CPU
		{5F36752A-8181-F334-CE37-427CEDE55F8C}.Release|Any CPU.Build.0 = Release|Any CPU
		{5941A2F0-1E2D-9667-00BD-2F38969F10C4}.Debug|Any CPU.ActiveCfg = Debug|Any CPU
		{5941A2F0-1E2D-9667-00BD-2F38969F10C4}.Debug|Any CPU.Build.0 = Debug|Any CPU
		{5941A2F0-1E2D-9667-00BD-2F38969F10C4}.Release|Any CPU.ActiveCfg = Release|Any CPU
		{5941A2F0-1E2D-9667-00BD-2F38969F10C4}.Release|Any CPU.Build.0 = Release|Any CPU
		{39441295-61BD-94BE-7805-9D4E6E875D82}.Debug|Any CPU.ActiveCfg = Debug|Any CPU
		{39441295-61BD-94BE-7805-9D4E6E875D82}.Debug|Any CPU.Build.0 = Debug|Any CPU
		{39441295-61BD-94BE-7805-9D4E6E875D82}.Release|Any CPU.ActiveCfg = Release|Any CPU
		{39441295-61BD-94BE-7805-9D4E6E875D82}.Release|Any CPU.Build.0 = Release|Any CPU
		{0D64DED6-0C1E-BE78-1A30-0DCA75471F1B}.Debug|Any CPU.ActiveCfg = Debug|Any CPU
		{0D64DED6-0C1E-BE78-1A30-0DCA75471F1B}.Debug|Any CPU.Build.0 = Debug|Any CPU
		{0D64DED6-0C1E-BE78-1A30-0DCA75471F1B}.Release|Any CPU.ActiveCfg = Release|Any CPU
		{0D64DED6-0C1E-BE78-1A30-0DCA75471F1B}.Release|Any CPU.Build.0 = Release|Any CPU
		{4D74B802-DB09-D392-9A17-6D855CDA5881}.Debug|Any CPU.ActiveCfg = Debug|Any CPU
		{4D74B802-DB09-D392-9A17-6D855CDA5881}.Debug|Any CPU.Build.0 = Debug|Any CPU
		{4D74B802-DB09-D392-9A17-6D855CDA5881}.Release|Any CPU.ActiveCfg = Release|Any CPU
		{4D74B802-DB09-D392-9A17-6D855CDA5881}.Release|Any CPU.Build.0 = Release|Any CPU
		{ACE34EB6-1449-8F27-D49C-35763D92ABB1}.Debug|Any CPU.ActiveCfg = Debug|Any CPU
		{ACE34EB6-1449-8F27-D49C-35763D92ABB1}.Debug|Any CPU.Build.0 = Debug|Any CPU
		{ACE34EB6-1449-8F27-D49C-35763D92ABB1}.Release|Any CPU.ActiveCfg = Release|Any CPU
		{ACE34EB6-1449-8F27-D49C-35763D92ABB1}.Release|Any CPU.Build.0 = Release|Any CPU
		{D436D817-BD7C-1317-555D-930146FC1066}.Debug|Any CPU.ActiveCfg = Debug|Any CPU
		{D436D817-BD7C-1317-555D-930146FC1066}.Debug|Any CPU.Build.0 = Debug|Any CPU
		{D436D817-BD7C-1317-555D-930146FC1066}.Release|Any CPU.ActiveCfg = Release|Any CPU
		{D436D817-BD7C-1317-555D-930146FC1066}.Release|Any CPU.Build.0 = Release|Any CPU
		{E1317C1A-2F1C-092A-F6C3-8A3D61E98BE3}.Debug|Any CPU.ActiveCfg = Debug|Any CPU
		{E1317C1A-2F1C-092A-F6C3-8A3D61E98BE3}.Debug|Any CPU.Build.0 = Debug|Any CPU
		{E1317C1A-2F1C-092A-F6C3-8A3D61E98BE3}.Release|Any CPU.ActiveCfg = Release|Any CPU
		{E1317C1A-2F1C-092A-F6C3-8A3D61E98BE3}.Release|Any CPU.Build.0 = Release|Any CPU
		{5A38893D-B815-0229-B8F1-4A80FF74FCAC}.Debug|Any CPU.ActiveCfg = Debug|Any CPU
		{5A38893D-B815-0229-B8F1-4A80FF74FCAC}.Debug|Any CPU.Build.0 = Debug|Any CPU
		{5A38893D-B815-0229-B8F1-4A80FF74FCAC}.Release|Any CPU.ActiveCfg = Release|Any CPU
		{5A38893D-B815-0229-B8F1-4A80FF74FCAC}.Release|Any CPU.Build.0 = Release|Any CPU
		{CFC0F217-D3D2-2035-82C5-520DABC15CD8}.Debug|Any CPU.ActiveCfg = Debug|Any CPU
		{CFC0F217-D3D2-2035-82C5-520DABC15CD8}.Debug|Any CPU.Build.0 = Debug|Any CPU
		{CFC0F217-D3D2-2035-82C5-520DABC15CD8}.Release|Any CPU.ActiveCfg = Release|Any CPU
		{CFC0F217-D3D2-2035-82C5-520DABC15CD8}.Release|Any CPU.Build.0 = Release|Any CPU
		{F5FFE9FD-AB21-5309-C3D5-7E1F842B790B}.Debug|Any CPU.ActiveCfg = Debug|Any CPU
		{F5FFE9FD-AB21-5309-C3D5-7E1F842B790B}.Debug|Any CPU.Build.0 = Debug|Any CPU
		{F5FFE9FD-AB21-5309-C3D5-7E1F842B790B}.Release|Any CPU.ActiveCfg = Release|Any CPU
		{F5FFE9FD-AB21-5309-C3D5-7E1F842B790B}.Release|Any CPU.Build.0 = Release|Any CPU
		{BE04B5BF-4483-515F-3424-4802F5AC3F93}.Debug|Any CPU.ActiveCfg = Debug|Any CPU
		{BE04B5BF-4483-515F-3424-4802F5AC3F93}.Debug|Any CPU.Build.0 = Debug|Any CPU
		{BE04B5BF-4483-515F-3424-4802F5AC3F93}.Release|Any CPU.ActiveCfg = Release|Any CPU
		{BE04B5BF-4483-515F-3424-4802F5AC3F93}.Release|Any CPU.Build.0 = Release|Any CPU
		{5B7BD0A9-F97A-42E4-E20A-64E31AFC2970}.Debug|Any CPU.ActiveCfg = Debug|Any CPU
		{5B7BD0A9-F97A-42E4-E20A-64E31AFC2970}.Debug|Any CPU.Build.0 = Debug|Any CPU
		{5B7BD0A9-F97A-42E4-E20A-64E31AFC2970}.Release|Any CPU.ActiveCfg = Release|Any CPU
		{5B7BD0A9-F97A-42E4-E20A-64E31AFC2970}.Release|Any CPU.Build.0 = Release|Any CPU
		{27974B81-C82A-4711-6A2B-C56BC4579425}.Debug|Any CPU.ActiveCfg = Debug|Any CPU
		{27974B81-C82A-4711-6A2B-C56BC4579425}.Debug|Any CPU.Build.0 = Debug|Any CPU
		{27974B81-C82A-4711-6A2B-C56BC4579425}.Release|Any CPU.ActiveCfg = Release|Any CPU
		{27974B81-C82A-4711-6A2B-C56BC4579425}.Release|Any CPU.Build.0 = Release|Any CPU
		{0C5A364C-12DC-5458-7652-706D0E2BF151}.Debug|Any CPU.ActiveCfg = Debug|Any CPU
		{0C5A364C-12DC-5458-7652-706D0E2BF151}.Debug|Any CPU.Build.0 = Debug|Any CPU
		{0C5A364C-12DC-5458-7652-706D0E2BF151}.Release|Any CPU.ActiveCfg = Release|Any CPU
		{0C5A364C-12DC-5458-7652-706D0E2BF151}.Release|Any CPU.Build.0 = Release|Any CPU
		{88C3ED76-43ED-99BF-1139-9A2059F5AA2A}.Debug|Any CPU.ActiveCfg = Debug|Any CPU
		{88C3ED76-43ED-99BF-1139-9A2059F5AA2A}.Debug|Any CPU.Build.0 = Debug|Any CPU
		{88C3ED76-43ED-99BF-1139-9A2059F5AA2A}.Release|Any CPU.ActiveCfg = Release|Any CPU
		{88C3ED76-43ED-99BF-1139-9A2059F5AA2A}.Release|Any CPU.Build.0 = Release|Any CPU
		{676D67DB-78CC-D9B9-367C-773B14E96B93}.Debug|Any CPU.ActiveCfg = Debug|Any CPU
		{676D67DB-78CC-D9B9-367C-773B14E96B93}.Debug|Any CPU.Build.0 = Debug|Any CPU
		{676D67DB-78CC-D9B9-367C-773B14E96B93}.Release|Any CPU.ActiveCfg = Release|Any CPU
		{676D67DB-78CC-D9B9-367C-773B14E96B93}.Release|Any CPU.Build.0 = Release|Any CPU
		{FBB7D9C2-1A06-2E7E-439B-96DA05CA3319}.Debug|Any CPU.ActiveCfg = Debug|Any CPU
		{FBB7D9C2-1A06-2E7E-439B-96DA05CA3319}.Debug|Any CPU.Build.0 = Debug|Any CPU
		{FBB7D9C2-1A06-2E7E-439B-96DA05CA3319}.Release|Any CPU.ActiveCfg = Release|Any CPU
		{FBB7D9C2-1A06-2E7E-439B-96DA05CA3319}.Release|Any CPU.Build.0 = Release|Any CPU
		{25C20C3B-EF0A-A5F5-4C6F-5FDAACFE8D24}.Debug|Any CPU.ActiveCfg = Debug|Any CPU
		{25C20C3B-EF0A-A5F5-4C6F-5FDAACFE8D24}.Debug|Any CPU.Build.0 = Debug|Any CPU
		{25C20C3B-EF0A-A5F5-4C6F-5FDAACFE8D24}.Release|Any CPU.ActiveCfg = Release|Any CPU
		{25C20C3B-EF0A-A5F5-4C6F-5FDAACFE8D24}.Release|Any CPU.Build.0 = Release|Any CPU
		{A47F9C63-6F4A-BFD3-0D68-2FCCF2DB8A6F}.Debug|Any CPU.ActiveCfg = Debug|Any CPU
		{A47F9C63-6F4A-BFD3-0D68-2FCCF2DB8A6F}.Debug|Any CPU.Build.0 = Debug|Any CPU
		{A47F9C63-6F4A-BFD3-0D68-2FCCF2DB8A6F}.Release|Any CPU.ActiveCfg = Release|Any CPU
		{A47F9C63-6F4A-BFD3-0D68-2FCCF2DB8A6F}.Release|Any CPU.Build.0 = Release|Any CPU
		{02E45B3C-FBF5-5C4D-408D-701FD8B66223}.Debug|Any CPU.ActiveCfg = Debug|Any CPU
		{02E45B3C-FBF5-5C4D-408D-701FD8B66223}.Debug|Any CPU.Build.0 = Debug|Any CPU
		{02E45B3C-FBF5-5C4D-408D-701FD8B66223}.Release|Any CPU.ActiveCfg = Release|Any CPU
		{02E45B3C-FBF5-5C4D-408D-701FD8B66223}.Release|Any CPU.Build.0 = Release|Any CPU
		{9CF12080-A7B2-BFF5-AED5-FA79E0B09265}.Debug|Any CPU.ActiveCfg = Debug|Any CPU
		{9CF12080-A7B2-BFF5-AED5-FA79E0B09265}.Debug|Any CPU.Build.0 = Debug|Any CPU
		{9CF12080-A7B2-BFF5-AED5-FA79E0B09265}.Release|Any CPU.ActiveCfg = Release|Any CPU
		{9CF12080-A7B2-BFF5-AED5-FA79E0B09265}.Release|Any CPU.Build.0 = Release|Any CPU
		{27BCCDCD-B92A-AD2B-DFD2-4203AC6712BD}.Debug|Any CPU.ActiveCfg = Debug|Any CPU
		{27BCCDCD-B92A-AD2B-DFD2-4203AC6712BD}.Debug|Any CPU.Build.0 = Debug|Any CPU
		{27BCCDCD-B92A-AD2B-DFD2-4203AC6712BD}.Release|Any CPU.ActiveCfg = Release|Any CPU
		{27BCCDCD-B92A-AD2B-DFD2-4203AC6712BD}.Release|Any CPU.Build.0 = Release|Any CPU
		{55D9CAE1-6538-05EA-646C-4C77B5518DE4}.Debug|Any CPU.ActiveCfg = Debug|Any CPU
		{55D9CAE1-6538-05EA-646C-4C77B5518DE4}.Debug|Any CPU.Build.0 = Debug|Any CPU
		{55D9CAE1-6538-05EA-646C-4C77B5518DE4}.Release|Any CPU.ActiveCfg = Release|Any CPU
		{55D9CAE1-6538-05EA-646C-4C77B5518DE4}.Release|Any CPU.Build.0 = Release|Any CPU
		{5B2FD0AD-ED99-CE30-2E76-9700B2E62FEE}.Debug|Any CPU.ActiveCfg = Debug|Any CPU
		{5B2FD0AD-ED99-CE30-2E76-9700B2E62FEE}.Debug|Any CPU.Build.0 = Debug|Any CPU
		{5B2FD0AD-ED99-CE30-2E76-9700B2E62FEE}.Release|Any CPU.ActiveCfg = Release|Any CPU
		{5B2FD0AD-ED99-CE30-2E76-9700B2E62FEE}.Release|Any CPU.Build.0 = Release|Any CPU
		{527AA9B8-0205-F65F-EF49-AA681A5C5BEE}.Debug|Any CPU.ActiveCfg = Debug|Any CPU
		{527AA9B8-0205-F65F-EF49-AA681A5C5BEE}.Debug|Any CPU.Build.0 = Debug|Any CPU
		{527AA9B8-0205-F65F-EF49-AA681A5C5BEE}.Release|Any CPU.ActiveCfg = Release|Any CPU
		{527AA9B8-0205-F65F-EF49-AA681A5C5BEE}.Release|Any CPU.Build.0 = Release|Any CPU
		{1C360FF4-7B46-FC64-A36E-C612B6C9004F}.Debug|Any CPU.ActiveCfg = Debug|Any CPU
		{1C360FF4-7B46-FC64-A36E-C612B6C9004F}.Debug|Any CPU.Build.0 = Debug|Any CPU
		{1C360FF4-7B46-FC64-A36E-C612B6C9004F}.Release|Any CPU.ActiveCfg = Release|Any CPU
		{1C360FF4-7B46-FC64-A36E-C612B6C9004F}.Release|Any CPU.Build.0 = Release|Any CPU
		{47F18E98-E67A-D278-ECBE-CC3F397F3F68}.Debug|Any CPU.ActiveCfg = Debug|Any CPU
		{47F18E98-E67A-D278-ECBE-CC3F397F3F68}.Debug|Any CPU.Build.0 = Debug|Any CPU
		{47F18E98-E67A-D278-ECBE-CC3F397F3F68}.Release|Any CPU.ActiveCfg = Release|Any CPU
		{47F18E98-E67A-D278-ECBE-CC3F397F3F68}.Release|Any CPU.Build.0 = Release|Any CPU
		{9BD38A13-F039-EC42-CA7C-A0BBD5729FF8}.Debug|Any CPU.ActiveCfg = Debug|Any CPU
		{9BD38A13-F039-EC42-CA7C-A0BBD5729FF8}.Debug|Any CPU.Build.0 = Debug|Any CPU
		{9BD38A13-F039-EC42-CA7C-A0BBD5729FF8}.Release|Any CPU.ActiveCfg = Release|Any CPU
		{9BD38A13-F039-EC42-CA7C-A0BBD5729FF8}.Release|Any CPU.Build.0 = Release|Any CPU
		{61916D24-A4D1-8A38-E50D-1BB0D16CB358}.Debug|Any CPU.ActiveCfg = Debug|Any CPU
		{61916D24-A4D1-8A38-E50D-1BB0D16CB358}.Debug|Any CPU.Build.0 = Debug|Any CPU
		{61916D24-A4D1-8A38-E50D-1BB0D16CB358}.Release|Any CPU.ActiveCfg = Release|Any CPU
		{61916D24-A4D1-8A38-E50D-1BB0D16CB358}.Release|Any CPU.Build.0 = Release|Any CPU
		{01DB70DA-3D42-9E53-538B-8FD46FDAE3BE}.Debug|Any CPU.ActiveCfg = Debug|Any CPU
		{01DB70DA-3D42-9E53-538B-8FD46FDAE3BE}.Debug|Any CPU.Build.0 = Debug|Any CPU
		{01DB70DA-3D42-9E53-538B-8FD46FDAE3BE}.Release|Any CPU.ActiveCfg = Release|Any CPU
		{01DB70DA-3D42-9E53-538B-8FD46FDAE3BE}.Release|Any CPU.Build.0 = Release|Any CPU
		{68975124-8541-13A8-2661-5DCDEFB11E89}.Debug|Any CPU.ActiveCfg = Debug|Any CPU
		{68975124-8541-13A8-2661-5DCDEFB11E89}.Debug|Any CPU.Build.0 = Debug|Any CPU
		{68975124-8541-13A8-2661-5DCDEFB11E89}.Release|Any CPU.ActiveCfg = Release|Any CPU
		{68975124-8541-13A8-2661-5DCDEFB11E89}.Release|Any CPU.Build.0 = Release|Any CPU
		{C12C8D10-25A3-4B14-B37B-578D97C7523E}.Debug|Any CPU.ActiveCfg = Debug|Any CPU
		{C12C8D10-25A3-4B14-B37B-578D97C7523E}.Debug|Any CPU.Build.0 = Debug|Any CPU
		{C12C8D10-25A3-4B14-B37B-578D97C7523E}.Release|Any CPU.ActiveCfg = Release|Any CPU
		{C12C8D10-25A3-4B14-B37B-578D97C7523E}.Release|Any CPU.Build.0 = Release|Any CPU
		{0FE6611B-7E2A-14FE-70B6-200BB536C8BC}.Debug|Any CPU.ActiveCfg = Debug|Any CPU
		{0FE6611B-7E2A-14FE-70B6-200BB536C8BC}.Debug|Any CPU.Build.0 = Debug|Any CPU
		{0FE6611B-7E2A-14FE-70B6-200BB536C8BC}.Release|Any CPU.ActiveCfg = Release|Any CPU
		{0FE6611B-7E2A-14FE-70B6-200BB536C8BC}.Release|Any CPU.Build.0 = Release|Any CPU
		{3AFE0D18-F199-A4D0-6BE3-DA6BF6152E65}.Debug|Any CPU.ActiveCfg = Debug|Any CPU
		{3AFE0D18-F199-A4D0-6BE3-DA6BF6152E65}.Debug|Any CPU.Build.0 = Debug|Any CPU
		{3AFE0D18-F199-A4D0-6BE3-DA6BF6152E65}.Release|Any CPU.ActiveCfg = Release|Any CPU
		{3AFE0D18-F199-A4D0-6BE3-DA6BF6152E65}.Release|Any CPU.Build.0 = Release|Any CPU
		{BC8907A2-C8A8-71CF-908D-B48BB0C826BF}.Debug|Any CPU.ActiveCfg = Debug|Any CPU
		{BC8907A2-C8A8-71CF-908D-B48BB0C826BF}.Debug|Any CPU.Build.0 = Debug|Any CPU
		{BC8907A2-C8A8-71CF-908D-B48BB0C826BF}.Release|Any CPU.ActiveCfg = Release|Any CPU
		{BC8907A2-C8A8-71CF-908D-B48BB0C826BF}.Release|Any CPU.Build.0 = Release|Any CPU
		{78EC8521-046E-76D4-40DA-59CFCC29D3CB}.Debug|Any CPU.ActiveCfg = Debug|Any CPU
		{78EC8521-046E-76D4-40DA-59CFCC29D3CB}.Debug|Any CPU.Build.0 = Debug|Any CPU
		{78EC8521-046E-76D4-40DA-59CFCC29D3CB}.Release|Any CPU.ActiveCfg = Release|Any CPU
		{78EC8521-046E-76D4-40DA-59CFCC29D3CB}.Release|Any CPU.Build.0 = Release|Any CPU
		{59EC30CC-9155-3FE4-41C5-CB7A70619A1E}.Debug|Any CPU.ActiveCfg = Debug|Any CPU
		{59EC30CC-9155-3FE4-41C5-CB7A70619A1E}.Debug|Any CPU.Build.0 = Debug|Any CPU
		{59EC30CC-9155-3FE4-41C5-CB7A70619A1E}.Release|Any CPU.ActiveCfg = Release|Any CPU
		{59EC30CC-9155-3FE4-41C5-CB7A70619A1E}.Release|Any CPU.Build.0 = Release|Any CPU
		{641FE365-1EFD-C8C9-71EC-E6DFE77A2F77}.Debug|Any CPU.ActiveCfg = Debug|Any CPU
		{641FE365-1EFD-C8C9-71EC-E6DFE77A2F77}.Debug|Any CPU.Build.0 = Debug|Any CPU
		{641FE365-1EFD-C8C9-71EC-E6DFE77A2F77}.Release|Any CPU.ActiveCfg = Release|Any CPU
		{641FE365-1EFD-C8C9-71EC-E6DFE77A2F77}.Release|Any CPU.Build.0 = Release|Any CPU
		{160F37FF-E710-CB46-EFF8-43D190F70F84}.Debug|Any CPU.ActiveCfg = Debug|Any CPU
		{160F37FF-E710-CB46-EFF8-43D190F70F84}.Debug|Any CPU.Build.0 = Debug|Any CPU
		{160F37FF-E710-CB46-EFF8-43D190F70F84}.Release|Any CPU.ActiveCfg = Release|Any CPU
		{160F37FF-E710-CB46-EFF8-43D190F70F84}.Release|Any CPU.Build.0 = Release|Any CPU
		{C0CA3F53-50F7-502F-F76B-627FE959E2A4}.Debug|Any CPU.ActiveCfg = Debug|Any CPU
		{C0CA3F53-50F7-502F-F76B-627FE959E2A4}.Debug|Any CPU.Build.0 = Debug|Any CPU
		{C0CA3F53-50F7-502F-F76B-627FE959E2A4}.Release|Any CPU.ActiveCfg = Release|Any CPU
		{C0CA3F53-50F7-502F-F76B-627FE959E2A4}.Release|Any CPU.Build.0 = Release|Any CPU
		{A7345E77-2273-30C1-24D4-893BB7DCCDB8}.Debug|Any CPU.ActiveCfg = Debug|Any CPU
		{A7345E77-2273-30C1-24D4-893BB7DCCDB8}.Debug|Any CPU.Build.0 = Debug|Any CPU
		{A7345E77-2273-30C1-24D4-893BB7DCCDB8}.Release|Any CPU.ActiveCfg = Release|Any CPU
		{A7345E77-2273-30C1-24D4-893BB7DCCDB8}.Release|Any CPU.Build.0 = Release|Any CPU
		{7D1CF5D2-FC89-7AB6-836F-FF65322CECFD}.Debug|Any CPU.ActiveCfg = Debug|Any CPU
		{7D1CF5D2-FC89-7AB6-836F-FF65322CECFD}.Debug|Any CPU.Build.0 = Debug|Any CPU
		{7D1CF5D2-FC89-7AB6-836F-FF65322CECFD}.Release|Any CPU.ActiveCfg = Release|Any CPU
		{7D1CF5D2-FC89-7AB6-836F-FF65322CECFD}.Release|Any CPU.Build.0 = Release|Any CPU
		{F00AA699-2B75-468E-045A-62C63D7CB670}.Debug|Any CPU.ActiveCfg = Debug|Any CPU
		{F00AA699-2B75-468E-045A-62C63D7CB670}.Debug|Any CPU.Build.0 = Debug|Any CPU
		{F00AA699-2B75-468E-045A-62C63D7CB670}.Release|Any CPU.ActiveCfg = Release|Any CPU
		{F00AA699-2B75-468E-045A-62C63D7CB670}.Release|Any CPU.Build.0 = Release|Any CPU
		{D5D60668-457E-C97B-0764-AE38E1F9FE3F}.Debug|Any CPU.ActiveCfg = Debug|Any CPU
		{D5D60668-457E-C97B-0764-AE38E1F9FE3F}.Debug|Any CPU.Build.0 = Debug|Any CPU
		{D5D60668-457E-C97B-0764-AE38E1F9FE3F}.Release|Any CPU.ActiveCfg = Release|Any CPU
		{D5D60668-457E-C97B-0764-AE38E1F9FE3F}.Release|Any CPU.Build.0 = Release|Any CPU
		{85E8F433-9F21-32CB-DE98-9842718CF0DE}.Debug|Any CPU.ActiveCfg = Debug|Any CPU
		{85E8F433-9F21-32CB-DE98-9842718CF0DE}.Debug|Any CPU.Build.0 = Debug|Any CPU
		{85E8F433-9F21-32CB-DE98-9842718CF0DE}.Release|Any CPU.ActiveCfg = Release|Any CPU
		{85E8F433-9F21-32CB-DE98-9842718CF0DE}.Release|Any CPU.Build.0 = Release|Any CPU
		{806F72B9-EF3D-DCCC-ED51-24E9457C16D0}.Debug|Any CPU.ActiveCfg = Debug|Any CPU
		{806F72B9-EF3D-DCCC-ED51-24E9457C16D0}.Debug|Any CPU.Build.0 = Debug|Any CPU
		{806F72B9-EF3D-DCCC-ED51-24E9457C16D0}.Release|Any CPU.ActiveCfg = Release|Any CPU
		{806F72B9-EF3D-DCCC-ED51-24E9457C16D0}.Release|Any CPU.Build.0 = Release|Any CPU
		{0693E258-6CBB-3CEB-4C02-53CE1B3E07D6}.Debug|Any CPU.ActiveCfg = Debug|Any CPU
		{0693E258-6CBB-3CEB-4C02-53CE1B3E07D6}.Debug|Any CPU.Build.0 = Debug|Any CPU
		{0693E258-6CBB-3CEB-4C02-53CE1B3E07D6}.Release|Any CPU.ActiveCfg = Release|Any CPU
		{0693E258-6CBB-3CEB-4C02-53CE1B3E07D6}.Release|Any CPU.Build.0 = Release|Any CPU
		{3BCCF5AC-6D2A-8598-6B93-82DA8F5D9985}.Debug|Any CPU.ActiveCfg = Debug|Any CPU
		{3BCCF5AC-6D2A-8598-6B93-82DA8F5D9985}.Debug|Any CPU.Build.0 = Debug|Any CPU
		{3BCCF5AC-6D2A-8598-6B93-82DA8F5D9985}.Release|Any CPU.ActiveCfg = Release|Any CPU
		{3BCCF5AC-6D2A-8598-6B93-82DA8F5D9985}.Release|Any CPU.Build.0 = Release|Any CPU
		{D2FAD5E5-38AF-8581-6EA3-334A61AA4D23}.Debug|Any CPU.ActiveCfg = Debug|Any CPU
		{D2FAD5E5-38AF-8581-6EA3-334A61AA4D23}.Debug|Any CPU.Build.0 = Debug|Any CPU
		{D2FAD5E5-38AF-8581-6EA3-334A61AA4D23}.Release|Any CPU.ActiveCfg = Release|Any CPU
		{D2FAD5E5-38AF-8581-6EA3-334A61AA4D23}.Release|Any CPU.Build.0 = Release|Any CPU
		{2FC97100-EFF2-EBB3-97F7-BE44612B5D9C}.Debug|Any CPU.ActiveCfg = Debug|Any CPU
		{2FC97100-EFF2-EBB3-97F7-BE44612B5D9C}.Debug|Any CPU.Build.0 = Debug|Any CPU
		{2FC97100-EFF2-EBB3-97F7-BE44612B5D9C}.Release|Any CPU.ActiveCfg = Release|Any CPU
		{2FC97100-EFF2-EBB3-97F7-BE44612B5D9C}.Release|Any CPU.Build.0 = Release|Any CPU
		{E8369CD2-A9C9-A06D-40FC-6CCDC6C7A3A7}.Debug|Any CPU.ActiveCfg = Debug|Any CPU
		{E8369CD2-A9C9-A06D-40FC-6CCDC6C7A3A7}.Debug|Any CPU.Build.0 = Debug|Any CPU
		{E8369CD2-A9C9-A06D-40FC-6CCDC6C7A3A7}.Release|Any CPU.ActiveCfg = Release|Any CPU
		{E8369CD2-A9C9-A06D-40FC-6CCDC6C7A3A7}.Release|Any CPU.Build.0 = Release|Any CPU
		{E7C96C0C-F0A2-5857-C8C3-DDDBE2E27E20}.Debug|Any CPU.ActiveCfg = Debug|Any CPU
		{E7C96C0C-F0A2-5857-C8C3-DDDBE2E27E20}.Debug|Any CPU.Build.0 = Debug|Any CPU
		{E7C96C0C-F0A2-5857-C8C3-DDDBE2E27E20}.Release|Any CPU.ActiveCfg = Release|Any CPU
		{E7C96C0C-F0A2-5857-C8C3-DDDBE2E27E20}.Release|Any CPU.Build.0 = Release|Any CPU
		{9ED7367D-5A95-B68E-865A-1CF603927925}.Debug|Any CPU.ActiveCfg = Debug|Any CPU
		{9ED7367D-5A95-B68E-865A-1CF603927925}.Debug|Any CPU.Build.0 = Debug|Any CPU
		{9ED7367D-5A95-B68E-865A-1CF603927925}.Release|Any CPU.ActiveCfg = Release|Any CPU
		{9ED7367D-5A95-B68E-865A-1CF603927925}.Release|Any CPU.Build.0 = Release|Any CPU
		{9E611B4A-7B33-CE71-EEBA-6224F6EFF627}.Debug|Any CPU.ActiveCfg = Debug|Any CPU
		{9E611B4A-7B33-CE71-EEBA-6224F6EFF627}.Debug|Any CPU.Build.0 = Debug|Any CPU
		{9E611B4A-7B33-CE71-EEBA-6224F6EFF627}.Release|Any CPU.ActiveCfg = Release|Any CPU
		{9E611B4A-7B33-CE71-EEBA-6224F6EFF627}.Release|Any CPU.Build.0 = Release|Any CPU
		{D4880584-B00D-EC93-C7AE-EC335F90EC6D}.Debug|Any CPU.ActiveCfg = Debug|Any CPU
		{D4880584-B00D-EC93-C7AE-EC335F90EC6D}.Debug|Any CPU.Build.0 = Debug|Any CPU
		{D4880584-B00D-EC93-C7AE-EC335F90EC6D}.Release|Any CPU.ActiveCfg = Release|Any CPU
		{D4880584-B00D-EC93-C7AE-EC335F90EC6D}.Release|Any CPU.Build.0 = Release|Any CPU
		{52923312-9A94-B163-4550-B941F075C3E5}.Debug|Any CPU.ActiveCfg = Debug|Any CPU
		{52923312-9A94-B163-4550-B941F075C3E5}.Debug|Any CPU.Build.0 = Debug|Any CPU
		{52923312-9A94-B163-4550-B941F075C3E5}.Release|Any CPU.ActiveCfg = Release|Any CPU
		{52923312-9A94-B163-4550-B941F075C3E5}.Release|Any CPU.Build.0 = Release|Any CPU
		{3F430941-CFBB-F7ED-2474-151588738DAC}.Debug|Any CPU.ActiveCfg = Debug|Any CPU
		{3F430941-CFBB-F7ED-2474-151588738DAC}.Debug|Any CPU.Build.0 = Debug|Any CPU
		{3F430941-CFBB-F7ED-2474-151588738DAC}.Release|Any CPU.ActiveCfg = Release|Any CPU
		{3F430941-CFBB-F7ED-2474-151588738DAC}.Release|Any CPU.Build.0 = Release|Any CPU
		{4AAC721E-1962-4DDF-6AC9-0D2DA9ED3BAB}.Debug|Any CPU.ActiveCfg = Debug|Any CPU
		{4AAC721E-1962-4DDF-6AC9-0D2DA9ED3BAB}.Debug|Any CPU.Build.0 = Debug|Any CPU
		{4AAC721E-1962-4DDF-6AC9-0D2DA9ED3BAB}.Release|Any CPU.ActiveCfg = Release|Any CPU
		{4AAC721E-1962-4DDF-6AC9-0D2DA9ED3BAB}.Release|Any CPU.Build.0 = Release|Any CPU
		{927656E6-CA52-A56F-53C9-85AE7275D706}.Debug|Any CPU.ActiveCfg = Debug|Any CPU
		{927656E6-CA52-A56F-53C9-85AE7275D706}.Debug|Any CPU.Build.0 = Debug|Any CPU
		{927656E6-CA52-A56F-53C9-85AE7275D706}.Release|Any CPU.ActiveCfg = Release|Any CPU
		{927656E6-CA52-A56F-53C9-85AE7275D706}.Release|Any CPU.Build.0 = Release|Any CPU
		{7134C6B2-586F-40FB-3257-F8BE83FBD6B0}.Debug|Any CPU.ActiveCfg = Debug|Any CPU
		{7134C6B2-586F-40FB-3257-F8BE83FBD6B0}.Debug|Any CPU.Build.0 = Debug|Any CPU
		{7134C6B2-586F-40FB-3257-F8BE83FBD6B0}.Release|Any CPU.ActiveCfg = Release|Any CPU
		{7134C6B2-586F-40FB-3257-F8BE83FBD6B0}.Release|Any CPU.Build.0 = Release|Any CPU
		{44A73388-F4AE-76BF-FF2F-78204FE907C5}.Debug|Any CPU.ActiveCfg = Debug|Any CPU
		{44A73388-F4AE-76BF-FF2F-78204FE907C5}.Debug|Any CPU.Build.0 = Debug|Any CPU
		{44A73388-F4AE-76BF-FF2F-78204FE907C5}.Release|Any CPU.ActiveCfg = Release|Any CPU
		{44A73388-F4AE-76BF-FF2F-78204FE907C5}.Release|Any CPU.Build.0 = Release|Any CPU
	EndGlobalSection
	GlobalSection(SolutionProperties) = preSolution
		HideSolutionNode = FALSE
	EndGlobalSection
EndGlobal
