
Microsoft Visual Studio Solution File, Format Version 12.00
# Visual Studio 15
Project("{FAE04EC0-301F-11D3-BF4B-00C04F79EFBC}") = "UnityEngine.UI", "UnityEngine.UI.csproj", "{56777461-6CB6-5A28-DB27-94BD6D24F3EA}"
EndProject
Project("{FAE04EC0-301F-11D3-BF4B-00C04F79EFBC}") = "Oculus.Platform", "Oculus.Platform.csproj", "{B5C5540B-DF9D-78CE-8CE5-109D8BBC7115}"
EndProject
Project("{FAE04EC0-301F-11D3-BF4B-00C04F79EFBC}") = "Assembly-CSharp", "Assembly-CSharp.csproj", "{95710EBE-7B88-8A2C-3056-4CA58E377EAE}"
EndProject
Project("{FAE04EC0-301F-11D3-BF4B-00C04F79EFBC}") = "UnityEngine.TestRunner", "UnityEngine.TestRunner.csproj", "{654F1545-CA0F-3B01-1F24-A005898C030C}"
EndProject
Project("{FAE04EC0-301F-11D3-BF4B-00C04F79EFBC}") = "UnityEngine.XR.LegacyInputHelpers", "UnityEngine.XR.LegacyInputHelpers.csproj", "{C8D27FDF-F058-81DF-EDB9-FDE0E3A0FD24}"
EndProject
Project("{FAE04EC0-301F-11D3-BF4B-00C04F79EFBC}") = "Oculus.Interaction", "Oculus.Interaction.csproj", "{16C5AAC5-CBCE-706A-988C-0A356A56A11F}"
EndProject
Project("{FAE04EC0-301F-11D3-BF4B-00C04F79EFBC}") = "Unity.Timeline", "Unity.Timeline.csproj", "{A9621AEA-C7C7-AD23-D44F-F80E7B1FF044}"
EndProject
Project("{FAE04EC0-301F-11D3-BF4B-00C04F79EFBC}") = "Oculus.Spatializer", "Oculus.Spatializer.csproj", "{8AA8972F-3692-C0E9-7166-1CCB3937EFE3}"
EndProject
Project("{FAE04EC0-301F-11D3-BF4B-00C04F79EFBC}") = "Facebook.WitAI", "Facebook.WitAI.csproj", "{8D4A2E75-FD85-701C-E7FF-665AF51F91F6}"
EndProject
Project("{FAE04EC0-301F-11D3-BF4B-00C04F79EFBC}") = "Unity.TextMeshPro", "Unity.TextMeshPro.csproj", "{71BBD1D6-A3AB-3004-32EA-C658C1358098}"
EndProject
Project("{FAE04EC0-301F-11D3-BF4B-00C04F79EFBC}") = "Unity.XR.Oculus", "Unity.XR.Oculus.csproj", "{8B90BF84-DF3B-21CF-3D17-5EC0E4573C54}"
EndProject
Project("{FAE04EC0-301F-11D3-BF4B-00C04F79EFBC}") = "Oculus.AudioManager", "Oculus.AudioManager.csproj", "{CA9B0B47-88E3-FCAD-62E1-D00FFA85F000}"
EndProject
Project("{FAE04EC0-301F-11D3-BF4B-00C04F79EFBC}") = "Unity.XR.Management", "Unity.XR.Management.csproj", "{3B2B4269-0C83-76A2-0D1E-35301C9ECD16}"
EndProject
Project("{FAE04EC0-301F-11D3-BF4B-00C04F79EFBC}") = "Oculus.VR", "Oculus.VR.csproj", "{E30CA256-9C22-07C1-BD24-9228D97EA759}"
EndProject
Project("{FAE04EC0-301F-11D3-BF4B-00C04F79EFBC}") = "Oculus.Interaction.Samples", "Oculus.Interaction.Samples.csproj", "{745FD35D-8D4D-734C-4F04-A2C2CC9C7BF3}"
EndProject
Project("{FAE04EC0-301F-11D3-BF4B-00C04F79EFBC}") = "VoiceSDK.Runtime", "VoiceSDK.Runtime.csproj", "{92513EA1-81BD-7A56-4F9D-168DEBF7C3B4}"
EndProject
Project("{FAE04EC0-301F-11D3-BF4B-00C04F79EFBC}") = "AssistantCoreSDKRuntime", "AssistantCoreSDKRuntime.csproj", "{C2E9AB41-7368-DA0E-61DB-83CE9F09FC47}"
EndProject
Project("{FAE04EC0-301F-11D3-BF4B-00C04F79EFBC}") = "Runtime", "Runtime.csproj", "{75143B3E-838B-CE01-FE66-D31971154764}"
EndProject
Project("{FAE04EC0-301F-11D3-BF4B-00C04F79EFBC}") = "Oculus.LipSync", "Oculus.LipSync.csproj", "{B10168F9-EA12-1156-86C7-C217893EC267}"
EndProject
Project("{FAE04EC0-301F-11D3-BF4B-00C04F79EFBC}") = "Unity.Subsystem.Registration", "Unity.Subsystem.Registration.csproj", "{938604E9-7408-7A35-BDAC-52EE6EA94C8A}"
EndProject
Project("{FAE04EC0-301F-11D3-BF4B-00C04F79EFBC}") = "UnityEngine.SpatialTracking", "UnityEngine.SpatialTracking.csproj", "{167CCDEE-1B3B-BE37-AE39-DFC5C1BEEE36}"
EndProject
Project("{FAE04EC0-301F-11D3-BF4B-00C04F79EFBC}") = "Unity.XR.Management.Editor", "Unity.XR.Management.Editor.csproj", "{DA865BCC-6DBB-3020-49CC-D4570DCE1620}"
EndProject
Project("{FAE04EC0-301F-11D3-BF4B-00C04F79EFBC}") = "UnityEditor.TestRunner", "UnityEditor.TestRunner.csproj", "{414DCA0B-1A86-77A1-4EB7-B182518217A1}"
EndProject
Project("{FAE04EC0-301F-11D3-BF4B-00C04F79EFBC}") = "Unity.PlasticSCM.Editor", "Unity.PlasticSCM.Editor.csproj", "{F5771017-5152-F5DE-F98F-CEA49B65B956}"
EndProject
Project("{FAE04EC0-301F-11D3-BF4B-00C04F79EFBC}") = "Oculus.Platform.Editor", "Oculus.Platform.Editor.csproj", "{C39D4F9A-5B8F-13FC-3E09-78D11EEBB7CB}"
EndProject
Project("{FAE04EC0-301F-11D3-BF4B-00C04F79EFBC}") = "UnityEditor.UI", "UnityEditor.UI.csproj", "{9986B0EE-0D3A-35D6-E9D4-F74BBAC061F7}"
EndProject
Project("{FAE04EC0-301F-11D3-BF4B-00C04F79EFBC}") = "Unity.Services.Core.Editor", "Unity.Services.Core.Editor.csproj", "{6DCFF388-5A17-8BF1-CF47-9AAE18F34F8E}"
EndProject
Project("{FAE04EC0-301F-11D3-BF4B-00C04F79EFBC}") = "Unity.Timeline.Editor", "Unity.Timeline.Editor.csproj", "{1255A030-BDE9-FBA6-8F3B-819BEF377E63}"
EndProject
Project("{FAE04EC0-301F-11D3-BF4B-00C04F79EFBC}") = "Unity.VisualStudio.Editor", "Unity.VisualStudio.Editor.csproj", "{D3543BF1-4E2D-06F4-C81B-0EA2CB9C901B}"
EndProject
Project("{FAE04EC0-301F-11D3-BF4B-00C04F79EFBC}") = "Oculus.AudioManager.Audio.Editor", "Oculus.AudioManager.Audio.Editor.csproj", "{CC05B2FC-64AD-3FDD-6233-16C0D145CBB4}"
EndProject
Project("{FAE04EC0-301F-11D3-BF4B-00C04F79EFBC}") = "Unity.TextMeshPro.Editor", "Unity.TextMeshPro.Editor.csproj", "{5003D6F8-DA33-BEB5-775B-526DA536318A}"
EndProject
Project("{FAE04EC0-301F-11D3-BF4B-00C04F79EFBC}") = "Unity.CollabProxy.Editor", "Unity.CollabProxy.Editor.csproj", "{B024C074-9A65-8F9D-4A4B-CE1AA46B1260}"
EndProject
Project("{FAE04EC0-301F-11D3-BF4B-00C04F79EFBC}") = "Unity.Rider.Editor", "Unity.Rider.Editor.csproj", "{E53886F9-EEE1-D122-FA08-00507EC0CA07}"
EndProject
Project("{FAE04EC0-301F-11D3-BF4B-00C04F79EFBC}") = "Oculus.Interaction.Editor", "Oculus.Interaction.Editor.csproj", "{5F6787B8-BA5D-50EE-697B-12C26ACB7BCD}"
EndProject
Project("{FAE04EC0-301F-11D3-BF4B-00C04F79EFBC}") = "Oculus.VR.Scripts.Editor", "Oculus.VR.Scripts.Editor.csproj", "{D666D4A6-861B-EFEB-1687-489C2169EEB8}"
EndProject
Project("{FAE04EC0-301F-11D3-BF4B-00C04F79EFBC}") = "Facebook.Wit.Editor", "Facebook.Wit.Editor.csproj", "{3060BEC8-2150-EA09-FCEE-93099F73B0C5}"
EndProject
Project("{FAE04EC0-301F-11D3-BF4B-00C04F79EFBC}") = "Oculus.Spatializer.Editor", "Oculus.Spatializer.Editor.csproj", "{B9FC3E29-809E-9A57-CA37-C2E40C3BBBAD}"
EndProject
Project("{FAE04EC0-301F-11D3-BF4B-00C04F79EFBC}") = "Oculus.VR.Editor", "Oculus.VR.Editor.csproj", "{D55AD97A-55D5-9113-F627-CE7DDFCCD743}"
EndProject
Project("{FAE04EC0-301F-11D3-BF4B-00C04F79EFBC}") = "UnityEditor.XR.LegacyInputHelpers", "UnityEditor.XR.LegacyInputHelpers.csproj", "{6B32EE2D-B95D-FD9F-8B40-D797F2A01D92}"
EndProject
Project("{FAE04EC0-301F-11D3-BF4B-00C04F79EFBC}") = "Oculus.LipSync.Editor", "Oculus.LipSync.Editor.csproj", "{79E9C650-E095-6427-0693-F97065327E2D}"
EndProject
Project("{FAE04EC0-301F-11D3-BF4B-00C04F79EFBC}") = "Oculus.Interaction.InterfaceSupport", "Oculus.Interaction.InterfaceSupport.csproj", "{100A00DF-2939-F345-7837-B465105F0CF2}"
EndProject
Project("{FAE04EC0-301F-11D3-BF4B-00C04F79EFBC}") = "Unity.VSCode.Editor", "Unity.VSCode.Editor.csproj", "{A536C4A6-5640-9982-3467-142A28C61130}"
EndProject
Project("{FAE04EC0-301F-11D3-BF4B-00C04F79EFBC}") = "Assembly-CSharp-Editor", "Assembly-CSharp-Editor.csproj", "{88325B7C-05DF-BF86-331C-CF4ADE366518}"
EndProject
Project("{FAE04EC0-301F-11D3-BF4B-00C04F79EFBC}") = "VoiceSDK.Editor", "VoiceSDK.Editor.csproj", "{107C56C8-150D-2D19-6B40-5501244F6E6C}"
EndProject
Project("{FAE04EC0-301F-11D3-BF4B-00C04F79EFBC}") = "UnityEditor.SpatialTracking", "UnityEditor.SpatialTracking.csproj", "{5745F71A-BFA0-17CD-3957-B1951472FEB6}"
EndProject
Project("{FAE04EC0-301F-11D3-BF4B-00C04F79EFBC}") = "AssistantCoreSDKEditor", "AssistantCoreSDKEditor.csproj", "{166F12A7-D41B-C441-5338-737BC66B6366}"
EndProject
Project("{FAE04EC0-301F-11D3-BF4B-00C04F79EFBC}") = "Unity.XR.Oculus.Editor", "Unity.XR.Oculus.Editor.csproj", "{354EF723-ED9B-FF6F-7576-84CEA01D7A59}"
EndProject
Project("{FAE04EC0-301F-11D3-BF4B-00C04F79EFBC}") = "Oculus.AudioManager.Utils.Editor", "Oculus.AudioManager.Utils.Editor.csproj", "{4CC5E7B8-9B06-00B7-6783-57520A674428}"
EndProject
Project("{FAE04EC0-301F-11D3-BF4B-00C04F79EFBC}") = "UnityEngine.UI", "UnityEngine.UI.Player.csproj", "{DA26CABA-54C8-45C4-0C97-9A9291C88EF6}"
EndProject
Project("{FAE04EC0-301F-11D3-BF4B-00C04F79EFBC}") = "Oculus.Platform", "Oculus.Platform.Player.csproj", "{0B9B2C48-2287-89A3-3787-8DD10CBBAB49}"
EndProject
Project("{FAE04EC0-301F-11D3-BF4B-00C04F79EFBC}") = "Assembly-CSharp", "Assembly-CSharp.Player.csproj", "{E312F1DD-8131-09EB-745C-CCAD0B4C0D37}"
EndProject
Project("{FAE04EC0-301F-11D3-BF4B-00C04F79EFBC}") = "UnityEngine.TestRunner", "UnityEngine.TestRunner.Player.csproj", "{AEB20695-7146-9D8B-BF47-C5C296FD14CA}"
EndProject
Project("{FAE04EC0-301F-11D3-BF4B-00C04F79EFBC}") = "UnityEngine.XR.LegacyInputHelpers", "UnityEngine.XR.LegacyInputHelpers.Player.csproj", "{7C7B6667-219E-CA7B-4FE3-3B7E62297B94}"
EndProject
Project("{FAE04EC0-301F-11D3-BF4B-00C04F79EFBC}") = "Oculus.Interaction", "Oculus.Interaction.Player.csproj", "{E6F70BD5-F4DF-D2F4-D5FC-680CE2D4E6F6}"
EndProject
Project("{FAE04EC0-301F-11D3-BF4B-00C04F79EFBC}") = "Unity.Timeline", "Unity.Timeline.Player.csproj", "{D3063B1A-83C3-878B-DC77-6966117117C9}"
EndProject
Project("{FAE04EC0-301F-11D3-BF4B-00C04F79EFBC}") = "Oculus.Spatializer", "Oculus.Spatializer.Player.csproj", "{D18FA220-A78C-109E-626F-18F8D9FDC051}"
EndProject
Project("{FAE04EC0-301F-11D3-BF4B-00C04F79EFBC}") = "Facebook.WitAI", "Facebook.WitAI.Player.csproj", "{B2030AF8-339C-12FC-4398-2460DB898395}"
EndProject
Project("{FAE04EC0-301F-11D3-BF4B-00C04F79EFBC}") = "Unity.TextMeshPro", "Unity.TextMeshPro.Player.csproj", "{DF3B5749-311D-AF74-587D-B8F8711D19C2}"
EndProject
Project("{FAE04EC0-301F-11D3-BF4B-00C04F79EFBC}") = "Unity.XR.Oculus", "Unity.XR.Oculus.Player.csproj", "{746239D7-4D6D-1933-65F0-07F9F584C47F}"
EndProject
Project("{FAE04EC0-301F-11D3-BF4B-00C04F79EFBC}") = "Oculus.AudioManager", "Oculus.AudioManager.Player.csproj", "{EF1E38BA-574D-0E4D-AE77-644A951BD8AD}"
EndProject
Project("{FAE04EC0-301F-11D3-BF4B-00C04F79EFBC}") = "Unity.XR.Management", "Unity.XR.Management.Player.csproj", "{D80D93A2-289C-69DC-2D81-85C535CBEA24}"
EndProject
Project("{FAE04EC0-301F-11D3-BF4B-00C04F79EFBC}") = "Oculus.VR", "Oculus.VR.Player.csproj", "{25837ED0-E389-8731-9F8B-3E0574C2A861}"
EndProject
Project("{FAE04EC0-301F-11D3-BF4B-00C04F79EFBC}") = "Oculus.Interaction.Samples", "Oculus.Interaction.Samples.Player.csproj", "{2724B62E-F78A-1B18-1E66-F515D454AA2E}"
EndProject
Project("{FAE04EC0-301F-11D3-BF4B-00C04F79EFBC}") = "VoiceSDK.Runtime", "VoiceSDK.Runtime.Player.csproj", "{91509CEF-1D58-60FD-7966-539978C97D6B}"
EndProject
Project("{FAE04EC0-301F-11D3-BF4B-00C04F79EFBC}") = "AssistantCoreSDKRuntime", "AssistantCoreSDKRuntime.Player.csproj", "{BE2DF873-2ED9-3A6F-DD2A-4416C5A1D99C}"
EndProject
Project("{FAE04EC0-301F-11D3-BF4B-00C04F79EFBC}") = "Runtime", "Runtime.Player.csproj", "{0E5004FA-B612-F1A8-9A02-4AE618D611B5}"
EndProject
Project("{FAE04EC0-301F-11D3-BF4B-00C04F79EFBC}") = "Oculus.LipSync", "Oculus.LipSync.Player.csproj", "{E9DCFCA3-DCBF-1661-8094-5C44408C6969}"
EndProject
Project("{FAE04EC0-301F-11D3-BF4B-00C04F79EFBC}") = "Unity.Subsystem.Registration", "Unity.Subsystem.Registration.Player.csproj", "{FDB7E1E7-8FB2-0EE8-AB4C-7DF1DD25ECFF}"
EndProject
Project("{FAE04EC0-301F-11D3-BF4B-00C04F79EFBC}") = "UnityEngine.SpatialTracking", "UnityEngine.SpatialTracking.Player.csproj", "{4BDC14BF-1970-0843-15B3-D45925A019BA}"
EndProject
Global
	GlobalSection(SolutionConfigurationPlatforms) = preSolution
		Debug|Any CPU = Debug|Any CPU
		Release|Any CPU = Release|Any CPU
	EndGlobalSection
	GlobalSection(ProjectConfigurationPlatforms) = postSolution
		{56777461-6CB6-5A28-DB27-94BD6D24F3EA}.Debug|Any CPU.ActiveCfg = Debug|Any CPU
		{56777461-6CB6-5A28-DB27-94BD6D24F3EA}.Debug|Any CPU.Build.0 = Debug|Any CPU
		{56777461-6CB6-5A28-DB27-94BD6D24F3EA}.Release|Any CPU.ActiveCfg = Release|Any CPU
		{56777461-6CB6-5A28-DB27-94BD6D24F3EA}.Release|Any CPU.Build.0 = Release|Any CPU
		{B5C5540B-DF9D-78CE-8CE5-109D8BBC7115}.Debug|Any CPU.ActiveCfg = Debug|Any CPU
		{B5C5540B-DF9D-78CE-8CE5-109D8BBC7115}.Debug|Any CPU.Build.0 = Debug|Any CPU
		{B5C5540B-DF9D-78CE-8CE5-109D8BBC7115}.Release|Any CPU.ActiveCfg = Release|Any CPU
		{B5C5540B-DF9D-78CE-8CE5-109D8BBC7115}.Release|Any CPU.Build.0 = Release|Any CPU
		{95710EBE-7B88-8A2C-3056-4CA58E377EAE}.Debug|Any CPU.ActiveCfg = Debug|Any CPU
		{95710EBE-7B88-8A2C-3056-4CA58E377EAE}.Debug|Any CPU.Build.0 = Debug|Any CPU
		{95710EBE-7B88-8A2C-3056-4CA58E377EAE}.Release|Any CPU.ActiveCfg = Release|Any CPU
		{95710EBE-7B88-8A2C-3056-4CA58E377EAE}.Release|Any CPU.Build.0 = Release|Any CPU
		{654F1545-CA0F-3B01-1F24-A005898C030C}.Debug|Any CPU.ActiveCfg = Debug|Any CPU
		{654F1545-CA0F-3B01-1F24-A005898C030C}.Debug|Any CPU.Build.0 = Debug|Any CPU
		{654F1545-CA0F-3B01-1F24-A005898C030C}.Release|Any CPU.ActiveCfg = Release|Any CPU
		{654F1545-CA0F-3B01-1F24-A005898C030C}.Release|Any CPU.Build.0 = Release|Any CPU
		{C8D27FDF-F058-81DF-EDB9-FDE0E3A0FD24}.Debug|Any CPU.ActiveCfg = Debug|Any CPU
		{C8D27FDF-F058-81DF-EDB9-FDE0E3A0FD24}.Debug|Any CPU.Build.0 = Debug|Any CPU
		{C8D27FDF-F058-81DF-EDB9-FDE0E3A0FD24}.Release|Any CPU.ActiveCfg = Release|Any CPU
		{C8D27FDF-F058-81DF-EDB9-FDE0E3A0FD24}.Release|Any CPU.Build.0 = Release|Any CPU
		{16C5AAC5-CBCE-706A-988C-0A356A56A11F}.Debug|Any CPU.ActiveCfg = Debug|Any CPU
		{16C5AAC5-CBCE-706A-988C-0A356A56A11F}.Debug|Any CPU.Build.0 = Debug|Any CPU
		{16C5AAC5-CBCE-706A-988C-0A356A56A11F}.Release|Any CPU.ActiveCfg = Release|Any CPU
		{16C5AAC5-CBCE-706A-988C-0A356A56A11F}.Release|Any CPU.Build.0 = Release|Any CPU
		{A9621AEA-C7C7-AD23-D44F-F80E7B1FF044}.Debug|Any CPU.ActiveCfg = Debug|Any CPU
		{A9621AEA-C7C7-AD23-D44F-F80E7B1FF044}.Debug|Any CPU.Build.0 = Debug|Any CPU
		{A9621AEA-C7C7-AD23-D44F-F80E7B1FF044}.Release|Any CPU.ActiveCfg = Release|Any CPU
		{A9621AEA-C7C7-AD23-D44F-F80E7B1FF044}.Release|Any CPU.Build.0 = Release|Any CPU
		{8AA8972F-3692-C0E9-7166-1CCB3937EFE3}.Debug|Any CPU.ActiveCfg = Debug|Any CPU
		{8AA8972F-3692-C0E9-7166-1CCB3937EFE3}.Debug|Any CPU.Build.0 = Debug|Any CPU
		{8AA8972F-3692-C0E9-7166-1CCB3937EFE3}.Release|Any CPU.ActiveCfg = Release|Any CPU
		{8AA8972F-3692-C0E9-7166-1CCB3937EFE3}.Release|Any CPU.Build.0 = Release|Any CPU
		{8D4A2E75-FD85-701C-E7FF-665AF51F91F6}.Debug|Any CPU.ActiveCfg = Debug|Any CPU
		{8D4A2E75-FD85-701C-E7FF-665AF51F91F6}.Debug|Any CPU.Build.0 = Debug|Any CPU
		{8D4A2E75-FD85-701C-E7FF-665AF51F91F6}.Release|Any CPU.ActiveCfg = Release|Any CPU
		{8D4A2E75-FD85-701C-E7FF-665AF51F91F6}.Release|Any CPU.Build.0 = Release|Any CPU
		{71BBD1D6-A3AB-3004-32EA-C658C1358098}.Debug|Any CPU.ActiveCfg = Debug|Any CPU
		{71BBD1D6-A3AB-3004-32EA-C658C1358098}.Debug|Any CPU.Build.0 = Debug|Any CPU
		{71BBD1D6-A3AB-3004-32EA-C658C1358098}.Release|Any CPU.ActiveCfg = Release|Any CPU
		{71BBD1D6-A3AB-3004-32EA-C658C1358098}.Release|Any CPU.Build.0 = Release|Any CPU
		{8B90BF84-DF3B-21CF-3D17-5EC0E4573C54}.Debug|Any CPU.ActiveCfg = Debug|Any CPU
		{8B90BF84-DF3B-21CF-3D17-5EC0E4573C54}.Debug|Any CPU.Build.0 = Debug|Any CPU
		{8B90BF84-DF3B-21CF-3D17-5EC0E4573C54}.Release|Any CPU.ActiveCfg = Release|Any CPU
		{8B90BF84-DF3B-21CF-3D17-5EC0E4573C54}.Release|Any CPU.Build.0 = Release|Any CPU
		{CA9B0B47-88E3-FCAD-62E1-D00FFA85F000}.Debug|Any CPU.ActiveCfg = Debug|Any CPU
		{CA9B0B47-88E3-FCAD-62E1-D00FFA85F000}.Debug|Any CPU.Build.0 = Debug|Any CPU
		{CA9B0B47-88E3-FCAD-62E1-D00FFA85F000}.Release|Any CPU.ActiveCfg = Release|Any CPU
		{CA9B0B47-88E3-FCAD-62E1-D00FFA85F000}.Release|Any CPU.Build.0 = Release|Any CPU
		{3B2B4269-0C83-76A2-0D1E-35301C9ECD16}.Debug|Any CPU.ActiveCfg = Debug|Any CPU
		{3B2B4269-0C83-76A2-0D1E-35301C9ECD16}.Debug|Any CPU.Build.0 = Debug|Any CPU
		{3B2B4269-0C83-76A2-0D1E-35301C9ECD16}.Release|Any CPU.ActiveCfg = Release|Any CPU
		{3B2B4269-0C83-76A2-0D1E-35301C9ECD16}.Release|Any CPU.Build.0 = Release|Any CPU
		{E30CA256-9C22-07C1-BD24-9228D97EA759}.Debug|Any CPU.ActiveCfg = Debug|Any CPU
		{E30CA256-9C22-07C1-BD24-9228D97EA759}.Debug|Any CPU.Build.0 = Debug|Any CPU
		{E30CA256-9C22-07C1-BD24-9228D97EA759}.Release|Any CPU.ActiveCfg = Release|Any CPU
		{E30CA256-9C22-07C1-BD24-9228D97EA759}.Release|Any CPU.Build.0 = Release|Any CPU
		{745FD35D-8D4D-734C-4F04-A2C2CC9C7BF3}.Debug|Any CPU.ActiveCfg = Debug|Any CPU
		{745FD35D-8D4D-734C-4F04-A2C2CC9C7BF3}.Debug|Any CPU.Build.0 = Debug|Any CPU
		{745FD35D-8D4D-734C-4F04-A2C2CC9C7BF3}.Release|Any CPU.ActiveCfg = Release|Any CPU
		{745FD35D-8D4D-734C-4F04-A2C2CC9C7BF3}.Release|Any CPU.Build.0 = Release|Any CPU
		{92513EA1-81BD-7A56-4F9D-168DEBF7C3B4}.Debug|Any CPU.ActiveCfg = Debug|Any CPU
		{92513EA1-81BD-7A56-4F9D-168DEBF7C3B4}.Debug|Any CPU.Build.0 = Debug|Any CPU
		{92513EA1-81BD-7A56-4F9D-168DEBF7C3B4}.Release|Any CPU.ActiveCfg = Release|Any CPU
		{92513EA1-81BD-7A56-4F9D-168DEBF7C3B4}.Release|Any CPU.Build.0 = Release|Any CPU
		{C2E9AB41-7368-DA0E-61DB-83CE9F09FC47}.Debug|Any CPU.ActiveCfg = Debug|Any CPU
		{C2E9AB41-7368-DA0E-61DB-83CE9F09FC47}.Debug|Any CPU.Build.0 = Debug|Any CPU
		{C2E9AB41-7368-DA0E-61DB-83CE9F09FC47}.Release|Any CPU.ActiveCfg = Release|Any CPU
		{C2E9AB41-7368-DA0E-61DB-83CE9F09FC47}.Release|Any CPU.Build.0 = Release|Any CPU
		{75143B3E-838B-CE01-FE66-D31971154764}.Debug|Any CPU.ActiveCfg = Debug|Any CPU
		{75143B3E-838B-CE01-FE66-D31971154764}.Debug|Any CPU.Build.0 = Debug|Any CPU
		{75143B3E-838B-CE01-FE66-D31971154764}.Release|Any CPU.ActiveCfg = Release|Any CPU
		{75143B3E-838B-CE01-FE66-D31971154764}.Release|Any CPU.Build.0 = Release|Any CPU
		{B10168F9-EA12-1156-86C7-C217893EC267}.Debug|Any CPU.ActiveCfg = Debug|Any CPU
		{B10168F9-EA12-1156-86C7-C217893EC267}.Debug|Any CPU.Build.0 = Debug|Any CPU
		{B10168F9-EA12-1156-86C7-C217893EC267}.Release|Any CPU.ActiveCfg = Release|Any CPU
		{B10168F9-EA12-1156-86C7-C217893EC267}.Release|Any CPU.Build.0 = Release|Any CPU
		{938604E9-7408-7A35-BDAC-52EE6EA94C8A}.Debug|Any CPU.ActiveCfg = Debug|Any CPU
		{938604E9-7408-7A35-BDAC-52EE6EA94C8A}.Debug|Any CPU.Build.0 = Debug|Any CPU
		{938604E9-7408-7A35-BDAC-52EE6EA94C8A}.Release|Any CPU.ActiveCfg = Release|Any CPU
		{938604E9-7408-7A35-BDAC-52EE6EA94C8A}.Release|Any CPU.Build.0 = Release|Any CPU
		{167CCDEE-1B3B-BE37-AE39-DFC5C1BEEE36}.Debug|Any CPU.ActiveCfg = Debug|Any CPU
		{167CCDEE-1B3B-BE37-AE39-DFC5C1BEEE36}.Debug|Any CPU.Build.0 = Debug|Any CPU
		{167CCDEE-1B3B-BE37-AE39-DFC5C1BEEE36}.Release|Any CPU.ActiveCfg = Release|Any CPU
		{167CCDEE-1B3B-BE37-AE39-DFC5C1BEEE36}.Release|Any CPU.Build.0 = Release|Any CPU
		{DA865BCC-6DBB-3020-49CC-D4570DCE1620}.Debug|Any CPU.ActiveCfg = Debug|Any CPU
		{DA865BCC-6DBB-3020-49CC-D4570DCE1620}.Debug|Any CPU.Build.0 = Debug|Any CPU
		{DA865BCC-6DBB-3020-49CC-D4570DCE1620}.Release|Any CPU.ActiveCfg = Release|Any CPU
		{DA865BCC-6DBB-3020-49CC-D4570DCE1620}.Release|Any CPU.Build.0 = Release|Any CPU
		{414DCA0B-1A86-77A1-4EB7-B182518217A1}.Debug|Any CPU.ActiveCfg = Debug|Any CPU
		{414DCA0B-1A86-77A1-4EB7-B182518217A1}.Debug|Any CPU.Build.0 = Debug|Any CPU
		{414DCA0B-1A86-77A1-4EB7-B182518217A1}.Release|Any CPU.ActiveCfg = Release|Any CPU
		{414DCA0B-1A86-77A1-4EB7-B182518217A1}.Release|Any CPU.Build.0 = Release|Any CPU
		{F5771017-5152-F5DE-F98F-CEA49B65B956}.Debug|Any CPU.ActiveCfg = Debug|Any CPU
		{F5771017-5152-F5DE-F98F-CEA49B65B956}.Debug|Any CPU.Build.0 = Debug|Any CPU
		{F5771017-5152-F5DE-F98F-CEA49B65B956}.Release|Any CPU.ActiveCfg = Release|Any CPU
		{F5771017-5152-F5DE-F98F-CEA49B65B956}.Release|Any CPU.Build.0 = Release|Any CPU
		{C39D4F9A-5B8F-13FC-3E09-78D11EEBB7CB}.Debug|Any CPU.ActiveCfg = Debug|Any CPU
		{C39D4F9A-5B8F-13FC-3E09-78D11EEBB7CB}.Debug|Any CPU.Build.0 = Debug|Any CPU
		{C39D4F9A-5B8F-13FC-3E09-78D11EEBB7CB}.Release|Any CPU.ActiveCfg = Release|Any CPU
		{C39D4F9A-5B8F-13FC-3E09-78D11EEBB7CB}.Release|Any CPU.Build.0 = Release|Any CPU
		{9986B0EE-0D3A-35D6-E9D4-F74BBAC061F7}.Debug|Any CPU.ActiveCfg = Debug|Any CPU
		{9986B0EE-0D3A-35D6-E9D4-F74BBAC061F7}.Debug|Any CPU.Build.0 = Debug|Any CPU
		{9986B0EE-0D3A-35D6-E9D4-F74BBAC061F7}.Release|Any CPU.ActiveCfg = Release|Any CPU
		{9986B0EE-0D3A-35D6-E9D4-F74BBAC061F7}.Release|Any CPU.Build.0 = Release|Any CPU
		{6DCFF388-5A17-8BF1-CF47-9AAE18F34F8E}.Debug|Any CPU.ActiveCfg = Debug|Any CPU
		{6DCFF388-5A17-8BF1-CF47-9AAE18F34F8E}.Debug|Any CPU.Build.0 = Debug|Any CPU
		{6DCFF388-5A17-8BF1-CF47-9AAE18F34F8E}.Release|Any CPU.ActiveCfg = Release|Any CPU
		{6DCFF388-5A17-8BF1-CF47-9AAE18F34F8E}.Release|Any CPU.Build.0 = Release|Any CPU
		{1255A030-BDE9-FBA6-8F3B-819BEF377E63}.Debug|Any CPU.ActiveCfg = Debug|Any CPU
		{1255A030-BDE9-FBA6-8F3B-819BEF377E63}.Debug|Any CPU.Build.0 = Debug|Any CPU
		{1255A030-BDE9-FBA6-8F3B-819BEF377E63}.Release|Any CPU.ActiveCfg = Release|Any CPU
		{1255A030-BDE9-FBA6-8F3B-819BEF377E63}.Release|Any CPU.Build.0 = Release|Any CPU
		{D3543BF1-4E2D-06F4-C81B-0EA2CB9C901B}.Debug|Any CPU.ActiveCfg = Debug|Any CPU
		{D3543BF1-4E2D-06F4-C81B-0EA2CB9C901B}.Debug|Any CPU.Build.0 = Debug|Any CPU
		{D3543BF1-4E2D-06F4-C81B-0EA2CB9C901B}.Release|Any CPU.ActiveCfg = Release|Any CPU
		{D3543BF1-4E2D-06F4-C81B-0EA2CB9C901B}.Release|Any CPU.Build.0 = Release|Any CPU
		{CC05B2FC-64AD-3FDD-6233-16C0D145CBB4}.Debug|Any CPU.ActiveCfg = Debug|Any CPU
		{CC05B2FC-64AD-3FDD-6233-16C0D145CBB4}.Debug|Any CPU.Build.0 = Debug|Any CPU
		{CC05B2FC-64AD-3FDD-6233-16C0D145CBB4}.Release|Any CPU.ActiveCfg = Release|Any CPU
		{CC05B2FC-64AD-3FDD-6233-16C0D145CBB4}.Release|Any CPU.Build.0 = Release|Any CPU
		{5003D6F8-DA33-BEB5-775B-526DA536318A}.Debug|Any CPU.ActiveCfg = Debug|Any CPU
		{5003D6F8-DA33-BEB5-775B-526DA536318A}.Debug|Any CPU.Build.0 = Debug|Any CPU
		{5003D6F8-DA33-BEB5-775B-526DA536318A}.Release|Any CPU.ActiveCfg = Release|Any CPU
		{5003D6F8-DA33-BEB5-775B-526DA536318A}.Release|Any CPU.Build.0 = Release|Any CPU
		{B024C074-9A65-8F9D-4A4B-CE1AA46B1260}.Debug|Any CPU.ActiveCfg = Debug|Any CPU
		{B024C074-9A65-8F9D-4A4B-CE1AA46B1260}.Debug|Any CPU.Build.0 = Debug|Any CPU
		{B024C074-9A65-8F9D-4A4B-CE1AA46B1260}.Release|Any CPU.ActiveCfg = Release|Any CPU
		{B024C074-9A65-8F9D-4A4B-CE1AA46B1260}.Release|Any CPU.Build.0 = Release|Any CPU
		{E53886F9-EEE1-D122-FA08-00507EC0CA07}.Debug|Any CPU.ActiveCfg = Debug|Any CPU
		{E53886F9-EEE1-D122-FA08-00507EC0CA07}.Debug|Any CPU.Build.0 = Debug|Any CPU
		{E53886F9-EEE1-D122-FA08-00507EC0CA07}.Release|Any CPU.ActiveCfg = Release|Any CPU
		{E53886F9-EEE1-D122-FA08-00507EC0CA07}.Release|Any CPU.Build.0 = Release|Any CPU
		{5F6787B8-BA5D-50EE-697B-12C26ACB7BCD}.Debug|Any CPU.ActiveCfg = Debug|Any CPU
		{5F6787B8-BA5D-50EE-697B-12C26ACB7BCD}.Debug|Any CPU.Build.0 = Debug|Any CPU
		{5F6787B8-BA5D-50EE-697B-12C26ACB7BCD}.Release|Any CPU.ActiveCfg = Release|Any CPU
		{5F6787B8-BA5D-50EE-697B-12C26ACB7BCD}.Release|Any CPU.Build.0 = Release|Any CPU
		{D666D4A6-861B-EFEB-1687-489C2169EEB8}.Debug|Any CPU.ActiveCfg = Debug|Any CPU
		{D666D4A6-861B-EFEB-1687-489C2169EEB8}.Debug|Any CPU.Build.0 = Debug|Any CPU
		{D666D4A6-861B-EFEB-1687-489C2169EEB8}.Release|Any CPU.ActiveCfg = Release|Any CPU
		{D666D4A6-861B-EFEB-1687-489C2169EEB8}.Release|Any CPU.Build.0 = Release|Any CPU
		{3060BEC8-2150-EA09-FCEE-93099F73B0C5}.Debug|Any CPU.ActiveCfg = Debug|Any CPU
		{3060BEC8-2150-EA09-FCEE-93099F73B0C5}.Debug|Any CPU.Build.0 = Debug|Any CPU
		{3060BEC8-2150-EA09-FCEE-93099F73B0C5}.Release|Any CPU.ActiveCfg = Release|Any CPU
		{3060BEC8-2150-EA09-FCEE-93099F73B0C5}.Release|Any CPU.Build.0 = Release|Any CPU
		{B9FC3E29-809E-9A57-CA37-C2E40C3BBBAD}.Debug|Any CPU.ActiveCfg = Debug|Any CPU
		{B9FC3E29-809E-9A57-CA37-C2E40C3BBBAD}.Debug|Any CPU.Build.0 = Debug|Any CPU
		{B9FC3E29-809E-9A57-CA37-C2E40C3BBBAD}.Release|Any CPU.ActiveCfg = Release|Any CPU
		{B9FC3E29-809E-9A57-CA37-C2E40C3BBBAD}.Release|Any CPU.Build.0 = Release|Any CPU
		{D55AD97A-55D5-9113-F627-CE7DDFCCD743}.Debug|Any CPU.ActiveCfg = Debug|Any CPU
		{D55AD97A-55D5-9113-F627-CE7DDFCCD743}.Debug|Any CPU.Build.0 = Debug|Any CPU
		{D55AD97A-55D5-9113-F627-CE7DDFCCD743}.Release|Any CPU.ActiveCfg = Release|Any CPU
		{D55AD97A-55D5-9113-F627-CE7DDFCCD743}.Release|Any CPU.Build.0 = Release|Any CPU
		{6B32EE2D-B95D-FD9F-8B40-D797F2A01D92}.Debug|Any CPU.ActiveCfg = Debug|Any CPU
		{6B32EE2D-B95D-FD9F-8B40-D797F2A01D92}.Debug|Any CPU.Build.0 = Debug|Any CPU
		{6B32EE2D-B95D-FD9F-8B40-D797F2A01D92}.Release|Any CPU.ActiveCfg = Release|Any CPU
		{6B32EE2D-B95D-FD9F-8B40-D797F2A01D92}.Release|Any CPU.Build.0 = Release|Any CPU
		{79E9C650-E095-6427-0693-F97065327E2D}.Debug|Any CPU.ActiveCfg = Debug|Any CPU
		{79E9C650-E095-6427-0693-F97065327E2D}.Debug|Any CPU.Build.0 = Debug|Any CPU
		{79E9C650-E095-6427-0693-F97065327E2D}.Release|Any CPU.ActiveCfg = Release|Any CPU
		{79E9C650-E095-6427-0693-F97065327E2D}.Release|Any CPU.Build.0 = Release|Any CPU
		{100A00DF-2939-F345-7837-B465105F0CF2}.Debug|Any CPU.ActiveCfg = Debug|Any CPU
		{100A00DF-2939-F345-7837-B465105F0CF2}.Debug|Any CPU.Build.0 = Debug|Any CPU
		{100A00DF-2939-F345-7837-B465105F0CF2}.Release|Any CPU.ActiveCfg = Release|Any CPU
		{100A00DF-2939-F345-7837-B465105F0CF2}.Release|Any CPU.Build.0 = Release|Any CPU
		{A536C4A6-5640-9982-3467-142A28C61130}.Debug|Any CPU.ActiveCfg = Debug|Any CPU
		{A536C4A6-5640-9982-3467-142A28C61130}.Debug|Any CPU.Build.0 = Debug|Any CPU
		{A536C4A6-5640-9982-3467-142A28C61130}.Release|Any CPU.ActiveCfg = Release|Any CPU
		{A536C4A6-5640-9982-3467-142A28C61130}.Release|Any CPU.Build.0 = Release|Any CPU
		{88325B7C-05DF-BF86-331C-CF4ADE366518}.Debug|Any CPU.ActiveCfg = Debug|Any CPU
		{88325B7C-05DF-BF86-331C-CF4ADE366518}.Debug|Any CPU.Build.0 = Debug|Any CPU
		{88325B7C-05DF-BF86-331C-CF4ADE366518}.Release|Any CPU.ActiveCfg = Release|Any CPU
		{88325B7C-05DF-BF86-331C-CF4ADE366518}.Release|Any CPU.Build.0 = Release|Any CPU
		{107C56C8-150D-2D19-6B40-5501244F6E6C}.Debug|Any CPU.ActiveCfg = Debug|Any CPU
		{107C56C8-150D-2D19-6B40-5501244F6E6C}.Debug|Any CPU.Build.0 = Debug|Any CPU
		{107C56C8-150D-2D19-6B40-5501244F6E6C}.Release|Any CPU.ActiveCfg = Release|Any CPU
		{107C56C8-150D-2D19-6B40-5501244F6E6C}.Release|Any CPU.Build.0 = Release|Any CPU
		{5745F71A-BFA0-17CD-3957-B1951472FEB6}.Debug|Any CPU.ActiveCfg = Debug|Any CPU
		{5745F71A-BFA0-17CD-3957-B1951472FEB6}.Debug|Any CPU.Build.0 = Debug|Any CPU
		{5745F71A-BFA0-17CD-3957-B1951472FEB6}.Release|Any CPU.ActiveCfg = Release|Any CPU
		{5745F71A-BFA0-17CD-3957-B1951472FEB6}.Release|Any CPU.Build.0 = Release|Any CPU
		{166F12A7-D41B-C441-5338-737BC66B6366}.Debug|Any CPU.ActiveCfg = Debug|Any CPU
		{166F12A7-D41B-C441-5338-737BC66B6366}.Debug|Any CPU.Build.0 = Debug|Any CPU
		{166F12A7-D41B-C441-5338-737BC66B6366}.Release|Any CPU.ActiveCfg = Release|Any CPU
		{166F12A7-D41B-C441-5338-737BC66B6366}.Release|Any CPU.Build.0 = Release|Any CPU
		{354EF723-ED9B-FF6F-7576-84CEA01D7A59}.Debug|Any CPU.ActiveCfg = Debug|Any CPU
		{354EF723-ED9B-FF6F-7576-84CEA01D7A59}.Debug|Any CPU.Build.0 = Debug|Any CPU
		{354EF723-ED9B-FF6F-7576-84CEA01D7A59}.Release|Any CPU.ActiveCfg = Release|Any CPU
		{354EF723-ED9B-FF6F-7576-84CEA01D7A59}.Release|Any CPU.Build.0 = Release|Any CPU
		{4CC5E7B8-9B06-00B7-6783-57520A674428}.Debug|Any CPU.ActiveCfg = Debug|Any CPU
		{4CC5E7B8-9B06-00B7-6783-57520A674428}.Debug|Any CPU.Build.0 = Debug|Any CPU
		{4CC5E7B8-9B06-00B7-6783-57520A674428}.Release|Any CPU.ActiveCfg = Release|Any CPU
		{4CC5E7B8-9B06-00B7-6783-57520A674428}.Release|Any CPU.Build.0 = Release|Any CPU
		{DA26CABA-54C8-45C4-0C97-9A9291C88EF6}.Debug|Any CPU.ActiveCfg = Debug|Any CPU
		{DA26CABA-54C8-45C4-0C97-9A9291C88EF6}.Debug|Any CPU.Build.0 = Debug|Any CPU
		{DA26CABA-54C8-45C4-0C97-9A9291C88EF6}.Release|Any CPU.ActiveCfg = Release|Any CPU
		{DA26CABA-54C8-45C4-0C97-9A9291C88EF6}.Release|Any CPU.Build.0 = Release|Any CPU
		{0B9B2C48-2287-89A3-3787-8DD10CBBAB49}.Debug|Any CPU.ActiveCfg = Debug|Any CPU
		{0B9B2C48-2287-89A3-3787-8DD10CBBAB49}.Debug|Any CPU.Build.0 = Debug|Any CPU
		{0B9B2C48-2287-89A3-3787-8DD10CBBAB49}.Release|Any CPU.ActiveCfg = Release|Any CPU
		{0B9B2C48-2287-89A3-3787-8DD10CBBAB49}.Release|Any CPU.Build.0 = Release|Any CPU
		{E312F1DD-8131-09EB-745C-CCAD0B4C0D37}.Debug|Any CPU.ActiveCfg = Debug|Any CPU
		{E312F1DD-8131-09EB-745C-CCAD0B4C0D37}.Debug|Any CPU.Build.0 = Debug|Any CPU
		{E312F1DD-8131-09EB-745C-CCAD0B4C0D37}.Release|Any CPU.ActiveCfg = Release|Any CPU
		{E312F1DD-8131-09EB-745C-CCAD0B4C0D37}.Release|Any CPU.Build.0 = Release|Any CPU
		{AEB20695-7146-9D8B-BF47-C5C296FD14CA}.Debug|Any CPU.ActiveCfg = Debug|Any CPU
		{AEB20695-7146-9D8B-BF47-C5C296FD14CA}.Debug|Any CPU.Build.0 = Debug|Any CPU
		{AEB20695-7146-9D8B-BF47-C5C296FD14CA}.Release|Any CPU.ActiveCfg = Release|Any CPU
		{AEB20695-7146-9D8B-BF47-C5C296FD14CA}.Release|Any CPU.Build.0 = Release|Any CPU
		{7C7B6667-219E-CA7B-4FE3-3B7E62297B94}.Debug|Any CPU.ActiveCfg = Debug|Any CPU
		{7C7B6667-219E-CA7B-4FE3-3B7E62297B94}.Debug|Any CPU.Build.0 = Debug|Any CPU
		{7C7B6667-219E-CA7B-4FE3-3B7E62297B94}.Release|Any CPU.ActiveCfg = Release|Any CPU
		{7C7B6667-219E-CA7B-4FE3-3B7E62297B94}.Release|Any CPU.Build.0 = Release|Any CPU
		{E6F70BD5-F4DF-D2F4-D5FC-680CE2D4E6F6}.Debug|Any CPU.ActiveCfg = Debug|Any CPU
		{E6F70BD5-F4DF-D2F4-D5FC-680CE2D4E6F6}.Debug|Any CPU.Build.0 = Debug|Any CPU
		{E6F70BD5-F4DF-D2F4-D5FC-680CE2D4E6F6}.Release|Any CPU.ActiveCfg = Release|Any CPU
		{E6F70BD5-F4DF-D2F4-D5FC-680CE2D4E6F6}.Release|Any CPU.Build.0 = Release|Any CPU
		{D3063B1A-83C3-878B-DC77-6966117117C9}.Debug|Any CPU.ActiveCfg = Debug|Any CPU
		{D3063B1A-83C3-878B-DC77-6966117117C9}.Debug|Any CPU.Build.0 = Debug|Any CPU
		{D3063B1A-83C3-878B-DC77-6966117117C9}.Release|Any CPU.ActiveCfg = Release|Any CPU
		{D3063B1A-83C3-878B-DC77-6966117117C9}.Release|Any CPU.Build.0 = Release|Any CPU
		{D18FA220-A78C-109E-626F-18F8D9FDC051}.Debug|Any CPU.ActiveCfg = Debug|Any CPU
		{D18FA220-A78C-109E-626F-18F8D9FDC051}.Debug|Any CPU.Build.0 = Debug|Any CPU
		{D18FA220-A78C-109E-626F-18F8D9FDC051}.Release|Any CPU.ActiveCfg = Release|Any CPU
		{D18FA220-A78C-109E-626F-18F8D9FDC051}.Release|Any CPU.Build.0 = Release|Any CPU
		{B2030AF8-339C-12FC-4398-2460DB898395}.Debug|Any CPU.ActiveCfg = Debug|Any CPU
		{B2030AF8-339C-12FC-4398-2460DB898395}.Debug|Any CPU.Build.0 = Debug|Any CPU
		{B2030AF8-339C-12FC-4398-2460DB898395}.Release|Any CPU.ActiveCfg = Release|Any CPU
		{B2030AF8-339C-12FC-4398-2460DB898395}.Release|Any CPU.Build.0 = Release|Any CPU
		{DF3B5749-311D-AF74-587D-B8F8711D19C2}.Debug|Any CPU.ActiveCfg = Debug|Any CPU
		{DF3B5749-311D-AF74-587D-B8F8711D19C2}.Debug|Any CPU.Build.0 = Debug|Any CPU
		{DF3B5749-311D-AF74-587D-B8F8711D19C2}.Release|Any CPU.ActiveCfg = Release|Any CPU
		{DF3B5749-311D-AF74-587D-B8F8711D19C2}.Release|Any CPU.Build.0 = Release|Any CPU
		{746239D7-4D6D-1933-65F0-07F9F584C47F}.Debug|Any CPU.ActiveCfg = Debug|Any CPU
		{746239D7-4D6D-1933-65F0-07F9F584C47F}.Debug|Any CPU.Build.0 = Debug|Any CPU
		{746239D7-4D6D-1933-65F0-07F9F584C47F}.Release|Any CPU.ActiveCfg = Release|Any CPU
		{746239D7-4D6D-1933-65F0-07F9F584C47F}.Release|Any CPU.Build.0 = Release|Any CPU
		{EF1E38BA-574D-0E4D-AE77-644A951BD8AD}.Debug|Any CPU.ActiveCfg = Debug|Any CPU
		{EF1E38BA-574D-0E4D-AE77-644A951BD8AD}.Debug|Any CPU.Build.0 = Debug|Any CPU
		{EF1E38BA-574D-0E4D-AE77-644A951BD8AD}.Release|Any CPU.ActiveCfg = Release|Any CPU
		{EF1E38BA-574D-0E4D-AE77-644A951BD8AD}.Release|Any CPU.Build.0 = Release|Any CPU
		{D80D93A2-289C-69DC-2D81-85C535CBEA24}.Debug|Any CPU.ActiveCfg = Debug|Any CPU
		{D80D93A2-289C-69DC-2D81-85C535CBEA24}.Debug|Any CPU.Build.0 = Debug|Any CPU
		{D80D93A2-289C-69DC-2D81-85C535CBEA24}.Release|Any CPU.ActiveCfg = Release|Any CPU
		{D80D93A2-289C-69DC-2D81-85C535CBEA24}.Release|Any CPU.Build.0 = Release|Any CPU
		{25837ED0-E389-8731-9F8B-3E0574C2A861}.Debug|Any CPU.ActiveCfg = Debug|Any CPU
		{25837ED0-E389-8731-9F8B-3E0574C2A861}.Debug|Any CPU.Build.0 = Debug|Any CPU
		{25837ED0-E389-8731-9F8B-3E0574C2A861}.Release|Any CPU.ActiveCfg = Release|Any CPU
		{25837ED0-E389-8731-9F8B-3E0574C2A861}.Release|Any CPU.Build.0 = Release|Any CPU
		{2724B62E-F78A-1B18-1E66-F515D454AA2E}.Debug|Any CPU.ActiveCfg = Debug|Any CPU
		{2724B62E-F78A-1B18-1E66-F515D454AA2E}.Debug|Any CPU.Build.0 = Debug|Any CPU
		{2724B62E-F78A-1B18-1E66-F515D454AA2E}.Release|Any CPU.ActiveCfg = Release|Any CPU
		{2724B62E-F78A-1B18-1E66-F515D454AA2E}.Release|Any CPU.Build.0 = Release|Any CPU
		{91509CEF-1D58-60FD-7966-539978C97D6B}.Debug|Any CPU.ActiveCfg = Debug|Any CPU
		{91509CEF-1D58-60FD-7966-539978C97D6B}.Debug|Any CPU.Build.0 = Debug|Any CPU
		{91509CEF-1D58-60FD-7966-539978C97D6B}.Release|Any CPU.ActiveCfg = Release|Any CPU
		{91509CEF-1D58-60FD-7966-539978C97D6B}.Release|Any CPU.Build.0 = Release|Any CPU
		{BE2DF873-2ED9-3A6F-DD2A-4416C5A1D99C}.Debug|Any CPU.ActiveCfg = Debug|Any CPU
		{BE2DF873-2ED9-3A6F-DD2A-4416C5A1D99C}.Debug|Any CPU.Build.0 = Debug|Any CPU
		{BE2DF873-2ED9-3A6F-DD2A-4416C5A1D99C}.Release|Any CPU.ActiveCfg = Release|Any CPU
		{BE2DF873-2ED9-3A6F-DD2A-4416C5A1D99C}.Release|Any CPU.Build.0 = Release|Any CPU
		{0E5004FA-B612-F1A8-9A02-4AE618D611B5}.Debug|Any CPU.ActiveCfg = Debug|Any CPU
		{0E5004FA-B612-F1A8-9A02-4AE618D611B5}.Debug|Any CPU.Build.0 = Debug|Any CPU
		{0E5004FA-B612-F1A8-9A02-4AE618D611B5}.Release|Any CPU.ActiveCfg = Release|Any CPU
		{0E5004FA-B612-F1A8-9A02-4AE618D611B5}.Release|Any CPU.Build.0 = Release|Any CPU
		{E9DCFCA3-DCBF-1661-8094-5C44408C6969}.Debug|Any CPU.ActiveCfg = Debug|Any CPU
		{E9DCFCA3-DCBF-1661-8094-5C44408C6969}.Debug|Any CPU.Build.0 = Debug|Any CPU
		{E9DCFCA3-DCBF-1661-8094-5C44408C6969}.Release|Any CPU.ActiveCfg = Release|Any CPU
		{E9DCFCA3-DCBF-1661-8094-5C44408C6969}.Release|Any CPU.Build.0 = Release|Any CPU
		{FDB7E1E7-8FB2-0EE8-AB4C-7DF1DD25ECFF}.Debug|Any CPU.ActiveCfg = Debug|Any CPU
		{FDB7E1E7-8FB2-0EE8-AB4C-7DF1DD25ECFF}.Debug|Any CPU.Build.0 = Debug|Any CPU
		{FDB7E1E7-8FB2-0EE8-AB4C-7DF1DD25ECFF}.Release|Any CPU.ActiveCfg = Release|Any CPU
		{FDB7E1E7-8FB2-0EE8-AB4C-7DF1DD25ECFF}.Release|Any CPU.Build.0 = Release|Any CPU
		{4BDC14BF-1970-0843-15B3-D45925A019BA}.Debug|Any CPU.ActiveCfg = Debug|Any CPU
		{4BDC14BF-1970-0843-15B3-D45925A019BA}.Debug|Any CPU.Build.0 = Debug|Any CPU
		{4BDC14BF-1970-0843-15B3-D45925A019BA}.Release|Any CPU.ActiveCfg = Release|Any CPU
		{4BDC14BF-1970-0843-15B3-D45925A019BA}.Release|Any CPU.Build.0 = Release|Any CPU
	EndGlobalSection
	GlobalSection(SolutionProperties) = preSolution
		HideSolutionNode = FALSE
	EndGlobalSection
EndGlobal
