
Microsoft Visual Studio Solution File, Format Version 12.00
# Visual Studio 15
Project("{FAE04EC0-301F-11D3-BF4B-00C04F79EFBC}") = "UnityEngine.UI", "UnityEngine.UI.csproj", "{B6B8E36F-B16D-0FC2-575C-1F9975C197BB}"
EndProject
Project("{FAE04EC0-301F-11D3-BF4B-00C04F79EFBC}") = "Oculus.Platform", "Oculus.Platform.csproj", "{782E9E82-C843-3331-DBCE-79DAEB7D8712}"
EndProject
Project("{FAE04EC0-301F-11D3-BF4B-00C04F79EFBC}") = "Assembly-CSharp", "Assembly-CSharp.csproj", "{FA507A66-394A-4091-8F35-FB9E014D392F}"
EndProject
Project("{FAE04EC0-301F-11D3-BF4B-00C04F79EFBC}") = "UnityEngine.TestRunner", "UnityEngine.TestRunner.csproj", "{551AD513-B185-0C47-087E-1AADD7F871F5}"
EndProject
Project("{FAE04EC0-301F-11D3-BF4B-00C04F79EFBC}") = "UnityEngine.XR.LegacyInputHelpers", "UnityEngine.XR.LegacyInputHelpers.csproj", "{C07EE9C6-394F-2167-3864-B9F98D38996D}"
EndProject
Project("{FAE04EC0-301F-11D3-BF4B-00C04F79EFBC}") = "Oculus.Interaction", "Oculus.Interaction.csproj", "{EE3E5726-D430-A13F-1CBA-0F3463AE4C13}"
EndProject
Project("{FAE04EC0-301F-11D3-BF4B-00C04F79EFBC}") = "Unity.Timeline", "Unity.Timeline.csproj", "{23B1D86E-8A78-9E52-1309-216F0F230643}"
EndProject
Project("{FAE04EC0-301F-11D3-BF4B-00C04F79EFBC}") = "Oculus.Spatializer", "Oculus.Spatializer.csproj", "{DC4413EB-6675-0ABC-BA3D-E328BE4B8D08}"
EndProject
Project("{FAE04EC0-301F-11D3-BF4B-00C04F79EFBC}") = "Facebook.WitAI", "Facebook.WitAI.csproj", "{5718FC24-5F71-171D-02A0-823EEE099878}"
EndProject
Project("{FAE04EC0-301F-11D3-BF4B-00C04F79EFBC}") = "Unity.TextMeshPro", "Unity.TextMeshPro.csproj", "{D45E1EE5-7E8B-8B1B-CF7A-AE5328305609}"
EndProject
Project("{FAE04EC0-301F-11D3-BF4B-00C04F79EFBC}") = "Oculus.AudioManager", "Oculus.AudioManager.csproj", "{7CA3D0AC-14C6-CB2F-703C-6DD76ED03340}"
EndProject
Project("{FAE04EC0-301F-11D3-BF4B-00C04F79EFBC}") = "Unity.XR.Management", "Unity.XR.Management.csproj", "{1098F9EC-8673-FEF0-EC66-5DF3B3C20DCA}"
EndProject
Project("{FAE04EC0-301F-11D3-BF4B-00C04F79EFBC}") = "Oculus.VR", "Oculus.VR.csproj", "{3E0FADA3-0973-452B-6B70-3B3FA53F3EB8}"
EndProject
Project("{FAE04EC0-301F-11D3-BF4B-00C04F79EFBC}") = "Oculus.Interaction.Samples", "Oculus.Interaction.Samples.csproj", "{17203733-568D-3DE9-D9C4-62E4B6721C97}"
EndProject
Project("{FAE04EC0-301F-11D3-BF4B-00C04F79EFBC}") = "VoiceSDK.Runtime", "VoiceSDK.Runtime.csproj", "{1D9E6D3F-7433-4786-C406-1A71037C03E2}"
EndProject
Project("{FAE04EC0-301F-11D3-BF4B-00C04F79EFBC}") = "AssistantCoreSDKRuntime", "AssistantCoreSDKRuntime.csproj", "{CA87149F-1ABD-0616-EEDA-49D7397537E0}"
EndProject
Project("{FAE04EC0-301F-11D3-BF4B-00C04F79EFBC}") = "Runtime", "Runtime.csproj", "{E4BD085A-7FED-32F6-05DD-639CF547F17C}"
EndProject
Project("{FAE04EC0-301F-11D3-BF4B-00C04F79EFBC}") = "Oculus.LipSync", "Oculus.LipSync.csproj", "{5E44FFA6-DF4D-7CD9-CA66-D3E3FA9A1B8F}"
EndProject
Project("{FAE04EC0-301F-11D3-BF4B-00C04F79EFBC}") = "Unity.Subsystem.Registration", "Unity.Subsystem.Registration.csproj", "{29D7C703-E3A3-CA45-086C-DB0251BFACCA}"
EndProject
Project("{FAE04EC0-301F-11D3-BF4B-00C04F79EFBC}") = "UnityEngine.SpatialTracking", "UnityEngine.SpatialTracking.csproj", "{2FC82DE5-1FD0-F52A-6389-0F189E91608D}"
EndProject
Project("{FAE04EC0-301F-11D3-BF4B-00C04F79EFBC}") = "Unity.XR.Management.Editor", "Unity.XR.Management.Editor.csproj", "{0DC448B0-78BA-8A5B-3CA0-2C980D4C69D5}"
EndProject
Project("{FAE04EC0-301F-11D3-BF4B-00C04F79EFBC}") = "UnityEditor.TestRunner", "UnityEditor.TestRunner.csproj", "{943CE23A-89D5-AC9F-AFE5-08C4CDEFA9A9}"
EndProject
Project("{FAE04EC0-301F-11D3-BF4B-00C04F79EFBC}") = "Unity.PlasticSCM.Editor", "Unity.PlasticSCM.Editor.csproj", "{65EE4452-D6D5-7A03-0622-E7F92CB4887C}"
EndProject
Project("{FAE04EC0-301F-11D3-BF4B-00C04F79EFBC}") = "Oculus.Platform.Editor", "Oculus.Platform.Editor.csproj", "{730BBA5E-7250-71FA-2A8E-6BFEE48543CC}"
EndProject
Project("{FAE04EC0-301F-11D3-BF4B-00C04F79EFBC}") = "UnityEditor.UI", "UnityEditor.UI.csproj", "{92E5E1F0-FE1C-9237-14F5-35D1FD8E7737}"
EndProject
Project("{FAE04EC0-301F-11D3-BF4B-00C04F79EFBC}") = "Unity.Services.Core.Editor", "Unity.Services.Core.Editor.csproj", "{08B3D556-E362-E17B-3242-0A25EAA3EBC4}"
EndProject
Project("{FAE04EC0-301F-11D3-BF4B-00C04F79EFBC}") = "Unity.Timeline.Editor", "Unity.Timeline.Editor.csproj", "{AF8E1635-D030-0194-DD97-E0509F0853B7}"
EndProject
Project("{FAE04EC0-301F-11D3-BF4B-00C04F79EFBC}") = "Unity.VisualStudio.Editor", "Unity.VisualStudio.Editor.csproj", "{32EBEE36-1197-6B08-A58F-4E9CED0CEF4A}"
EndProject
Project("{FAE04EC0-301F-11D3-BF4B-00C04F79EFBC}") = "Oculus.AudioManager.Audio.Editor", "Oculus.AudioManager.Audio.Editor.csproj", "{F012758C-66EE-E505-DBED-DB2586D1C3A7}"
EndProject
Project("{FAE04EC0-301F-11D3-BF4B-00C04F79EFBC}") = "Unity.TextMeshPro.Editor", "Unity.TextMeshPro.Editor.csproj", "{8321870F-4ADB-5590-7B30-A976FEC51DC8}"
EndProject
Project("{FAE04EC0-301F-11D3-BF4B-00C04F79EFBC}") = "Unity.CollabProxy.Editor", "Unity.CollabProxy.Editor.csproj", "{08D95432-CC8D-9376-92EE-023573E52B42}"
EndProject
Project("{FAE04EC0-301F-11D3-BF4B-00C04F79EFBC}") = "Unity.Rider.Editor", "Unity.Rider.Editor.csproj", "{71C0A45F-5261-BA20-5780-EA1B1CC50E3B}"
EndProject
Project("{FAE04EC0-301F-11D3-BF4B-00C04F79EFBC}") = "Oculus.Interaction.Editor", "Oculus.Interaction.Editor.csproj", "{BF11B078-EF62-045A-38C3-739EBFD70AC3}"
EndProject
Project("{FAE04EC0-301F-11D3-BF4B-00C04F79EFBC}") = "Oculus.VR.Scripts.Editor", "Oculus.VR.Scripts.Editor.csproj", "{110C2441-C968-75BC-E93E-C33F286C5733}"
EndProject
Project("{FAE04EC0-301F-11D3-BF4B-00C04F79EFBC}") = "Facebook.Wit.Editor", "Facebook.Wit.Editor.csproj", "{D71AC675-6FCA-E5F1-4662-E8C4CFE94634}"
EndProject
Project("{FAE04EC0-301F-11D3-BF4B-00C04F79EFBC}") = "Oculus.Spatializer.Editor", "Oculus.Spatializer.Editor.csproj", "{E899304B-2719-1654-9AA8-E5FFC5344C00}"
EndProject
Project("{FAE04EC0-301F-11D3-BF4B-00C04F79EFBC}") = "Oculus.VR.Editor", "Oculus.VR.Editor.csproj", "{3ACE4532-CD47-C30F-348C-5215E1B42EB5}"
EndProject
Project("{FAE04EC0-301F-11D3-BF4B-00C04F79EFBC}") = "UnityEditor.XR.LegacyInputHelpers", "UnityEditor.XR.LegacyInputHelpers.csproj", "{3E4EDDB3-8135-773C-B366-91EDF0830296}"
EndProject
Project("{FAE04EC0-301F-11D3-BF4B-00C04F79EFBC}") = "Oculus.LipSync.Editor", "Oculus.LipSync.Editor.csproj", "{02C0E9C9-08EC-E2D4-0B7D-0DF8537FAB07}"
EndProject
Project("{FAE04EC0-301F-11D3-BF4B-00C04F79EFBC}") = "Oculus.Interaction.InterfaceSupport", "Oculus.Interaction.InterfaceSupport.csproj", "{F1ED45C2-790F-4C0A-E9AD-DC3F77C8BF78}"
EndProject
Project("{FAE04EC0-301F-11D3-BF4B-00C04F79EFBC}") = "Unity.VSCode.Editor", "Unity.VSCode.Editor.csproj", "{BCF2B58A-57F6-7C82-542C-1D5D115E1A03}"
EndProject
Project("{FAE04EC0-301F-11D3-BF4B-00C04F79EFBC}") = "Assembly-CSharp-Editor", "Assembly-CSharp-Editor.csproj", "{7BE47F06-58E1-96A5-CB87-2D5DF5284DA1}"
EndProject
Project("{FAE04EC0-301F-11D3-BF4B-00C04F79EFBC}") = "VoiceSDK.Editor", "VoiceSDK.Editor.csproj", "{D5DA6202-839A-B115-2FA0-E9884158E876}"
EndProject
Project("{FAE04EC0-301F-11D3-BF4B-00C04F79EFBC}") = "UnityEditor.SpatialTracking", "UnityEditor.SpatialTracking.csproj", "{16C68BF7-C568-8943-E223-1CA522B0DB48}"
EndProject
Project("{FAE04EC0-301F-11D3-BF4B-00C04F79EFBC}") = "AssistantCoreSDKEditor", "AssistantCoreSDKEditor.csproj", "{ACAD20AC-4AA4-B6D0-03CD-303E0013EF1E}"
EndProject
Project("{FAE04EC0-301F-11D3-BF4B-00C04F79EFBC}") = "Oculus.AudioManager.Utils.Editor", "Oculus.AudioManager.Utils.Editor.csproj", "{366209C4-8443-DA5A-9DEC-6387040571F1}"
EndProject
Project("{FAE04EC0-301F-11D3-BF4B-00C04F79EFBC}") = "UnityEngine.UI", "UnityEngine.UI.Player.csproj", "{AA4F09CD-2CA7-A77A-BF65-B3E8954B926F}"
EndProject
Project("{FAE04EC0-301F-11D3-BF4B-00C04F79EFBC}") = "Oculus.Platform", "Oculus.Platform.Player.csproj", "{0EECD91F-F09D-CA37-6ABB-2FFE7010EA93}"
EndProject
Project("{FAE04EC0-301F-11D3-BF4B-00C04F79EFBC}") = "Assembly-CSharp", "Assembly-CSharp.Player.csproj", "{60AE0F23-81EF-E966-3E14-0306F115D000}"
EndProject
Project("{FAE04EC0-301F-11D3-BF4B-00C04F79EFBC}") = "UnityEngine.TestRunner", "UnityEngine.TestRunner.Player.csproj", "{225D7CB0-0743-F520-BFD4-9B301FEE3DC8}"
EndProject
Project("{FAE04EC0-301F-11D3-BF4B-00C04F79EFBC}") = "UnityEngine.XR.LegacyInputHelpers", "UnityEngine.XR.LegacyInputHelpers.Player.csproj", "{97E4226C-7400-542E-EF68-CB21FDC96104}"
EndProject
Project("{FAE04EC0-301F-11D3-BF4B-00C04F79EFBC}") = "Oculus.Interaction", "Oculus.Interaction.Player.csproj", "{AE78793F-5827-34E4-A170-884196EB253F}"
EndProject
Project("{FAE04EC0-301F-11D3-BF4B-00C04F79EFBC}") = "Unity.Timeline", "Unity.Timeline.Player.csproj", "{7C4CE288-8FAF-E7BC-12DD-543BA1BD6BCF}"
EndProject
Project("{FAE04EC0-301F-11D3-BF4B-00C04F79EFBC}") = "Oculus.Spatializer", "Oculus.Spatializer.Player.csproj", "{BEDF0FB2-8D80-0B23-62CF-1C1DC7E54927}"
EndProject
Project("{FAE04EC0-301F-11D3-BF4B-00C04F79EFBC}") = "Facebook.WitAI", "Facebook.WitAI.Player.csproj", "{2C8447AD-54AD-73E3-34AE-5FBAD6E657DA}"
EndProject
Project("{FAE04EC0-301F-11D3-BF4B-00C04F79EFBC}") = "Unity.TextMeshPro", "Unity.TextMeshPro.Player.csproj", "{0AC3E7D5-1F53-A6EC-D0DB-E16D8D8BDCE4}"
EndProject
Project("{FAE04EC0-301F-11D3-BF4B-00C04F79EFBC}") = "Oculus.AudioManager", "Oculus.AudioManager.Player.csproj", "{FE7B8DEB-8758-F316-7F30-5939088B88EC}"
EndProject
Project("{FAE04EC0-301F-11D3-BF4B-00C04F79EFBC}") = "Unity.XR.Management", "Unity.XR.Management.Player.csproj", "{B21927F9-63BA-920C-97B0-FC25D29B4A27}"
EndProject
Project("{FAE04EC0-301F-11D3-BF4B-00C04F79EFBC}") = "Oculus.VR", "Oculus.VR.Player.csproj", "{1D723C21-33AA-503B-C6AA-A5AD8EE5D6CE}"
EndProject
Project("{FAE04EC0-301F-11D3-BF4B-00C04F79EFBC}") = "Oculus.Interaction.Samples", "Oculus.Interaction.Samples.Player.csproj", "{81F23C45-984A-7BFE-1F31-32AF69355F3D}"
EndProject
Project("{FAE04EC0-301F-11D3-BF4B-00C04F79EFBC}") = "VoiceSDK.Runtime", "VoiceSDK.Runtime.Player.csproj", "{017CCD47-8D7A-4DF0-E3BC-4A624792284B}"
EndProject
Project("{FAE04EC0-301F-11D3-BF4B-00C04F79EFBC}") = "AssistantCoreSDKRuntime", "AssistantCoreSDKRuntime.Player.csproj", "{55F61540-73C0-242D-E733-8A5454DC04FC}"
EndProject
Project("{FAE04EC0-301F-11D3-BF4B-00C04F79EFBC}") = "Runtime", "Runtime.Player.csproj", "{09947392-A079-2056-296D-0ED9525D0B3E}"
EndProject
Project("{FAE04EC0-301F-11D3-BF4B-00C04F79EFBC}") = "Oculus.LipSync", "Oculus.LipSync.Player.csproj", "{BE10AFF3-4C7B-01F2-F34C-3E5F5DCB66F3}"
EndProject
Project("{FAE04EC0-301F-11D3-BF4B-00C04F79EFBC}") = "Unity.Subsystem.Registration", "Unity.Subsystem.Registration.Player.csproj", "{979DFD4A-1FC2-5655-EF84-9F40645DFB89}"
EndProject
Project("{FAE04EC0-301F-11D3-BF4B-00C04F79EFBC}") = "UnityEngine.SpatialTracking", "UnityEngine.SpatialTracking.Player.csproj", "{FAF6724B-4FAF-5CCD-9952-C280C6A7600F}"
EndProject
Global
	GlobalSection(SolutionConfigurationPlatforms) = preSolution
		Debug|Any CPU = Debug|Any CPU
		Release|Any CPU = Release|Any CPU
	EndGlobalSection
	GlobalSection(ProjectConfigurationPlatforms) = postSolution
		{B6B8E36F-B16D-0FC2-575C-1F9975C197BB}.Debug|Any CPU.ActiveCfg = Debug|Any CPU
		{B6B8E36F-B16D-0FC2-575C-1F9975C197BB}.Debug|Any CPU.Build.0 = Debug|Any CPU
		{B6B8E36F-B16D-0FC2-575C-1F9975C197BB}.Release|Any CPU.ActiveCfg = Release|Any CPU
		{B6B8E36F-B16D-0FC2-575C-1F9975C197BB}.Release|Any CPU.Build.0 = Release|Any CPU
		{782E9E82-C843-3331-DBCE-79DAEB7D8712}.Debug|Any CPU.ActiveCfg = Debug|Any CPU
		{782E9E82-C843-3331-DBCE-79DAEB7D8712}.Debug|Any CPU.Build.0 = Debug|Any CPU
		{782E9E82-C843-3331-DBCE-79DAEB7D8712}.Release|Any CPU.ActiveCfg = Release|Any CPU
		{782E9E82-C843-3331-DBCE-79DAEB7D8712}.Release|Any CPU.Build.0 = Release|Any CPU
		{FA507A66-394A-4091-8F35-FB9E014D392F}.Debug|Any CPU.ActiveCfg = Debug|Any CPU
		{FA507A66-394A-4091-8F35-FB9E014D392F}.Debug|Any CPU.Build.0 = Debug|Any CPU
		{FA507A66-394A-4091-8F35-FB9E014D392F}.Release|Any CPU.ActiveCfg = Release|Any CPU
		{FA507A66-394A-4091-8F35-FB9E014D392F}.Release|Any CPU.Build.0 = Release|Any CPU
		{551AD513-B185-0C47-087E-1AADD7F871F5}.Debug|Any CPU.ActiveCfg = Debug|Any CPU
		{551AD513-B185-0C47-087E-1AADD7F871F5}.Debug|Any CPU.Build.0 = Debug|Any CPU
		{551AD513-B185-0C47-087E-1AADD7F871F5}.Release|Any CPU.ActiveCfg = Release|Any CPU
		{551AD513-B185-0C47-087E-1AADD7F871F5}.Release|Any CPU.Build.0 = Release|Any CPU
		{C07EE9C6-394F-2167-3864-B9F98D38996D}.Debug|Any CPU.ActiveCfg = Debug|Any CPU
		{C07EE9C6-394F-2167-3864-B9F98D38996D}.Debug|Any CPU.Build.0 = Debug|Any CPU
		{C07EE9C6-394F-2167-3864-B9F98D38996D}.Release|Any CPU.ActiveCfg = Release|Any CPU
		{C07EE9C6-394F-2167-3864-B9F98D38996D}.Release|Any CPU.Build.0 = Release|Any CPU
		{EE3E5726-D430-A13F-1CBA-0F3463AE4C13}.Debug|Any CPU.ActiveCfg = Debug|Any CPU
		{EE3E5726-D430-A13F-1CBA-0F3463AE4C13}.Debug|Any CPU.Build.0 = Debug|Any CPU
		{EE3E5726-D430-A13F-1CBA-0F3463AE4C13}.Release|Any CPU.ActiveCfg = Release|Any CPU
		{EE3E5726-D430-A13F-1CBA-0F3463AE4C13}.Release|Any CPU.Build.0 = Release|Any CPU
		{23B1D86E-8A78-9E52-1309-216F0F230643}.Debug|Any CPU.ActiveCfg = Debug|Any CPU
		{23B1D86E-8A78-9E52-1309-216F0F230643}.Debug|Any CPU.Build.0 = Debug|Any CPU
		{23B1D86E-8A78-9E52-1309-216F0F230643}.Release|Any CPU.ActiveCfg = Release|Any CPU
		{23B1D86E-8A78-9E52-1309-216F0F230643}.Release|Any CPU.Build.0 = Release|Any CPU
		{DC4413EB-6675-0ABC-BA3D-E328BE4B8D08}.Debug|Any CPU.ActiveCfg = Debug|Any CPU
		{DC4413EB-6675-0ABC-BA3D-E328BE4B8D08}.Debug|Any CPU.Build.0 = Debug|Any CPU
		{DC4413EB-6675-0ABC-BA3D-E328BE4B8D08}.Release|Any CPU.ActiveCfg = Release|Any CPU
		{DC4413EB-6675-0ABC-BA3D-E328BE4B8D08}.Release|Any CPU.Build.0 = Release|Any CPU
		{5718FC24-5F71-171D-02A0-823EEE099878}.Debug|Any CPU.ActiveCfg = Debug|Any CPU
		{5718FC24-5F71-171D-02A0-823EEE099878}.Debug|Any CPU.Build.0 = Debug|Any CPU
		{5718FC24-5F71-171D-02A0-823EEE099878}.Release|Any CPU.ActiveCfg = Release|Any CPU
		{5718FC24-5F71-171D-02A0-823EEE099878}.Release|Any CPU.Build.0 = Release|Any CPU
		{D45E1EE5-7E8B-8B1B-CF7A-AE5328305609}.Debug|Any CPU.ActiveCfg = Debug|Any CPU
		{D45E1EE5-7E8B-8B1B-CF7A-AE5328305609}.Debug|Any CPU.Build.0 = Debug|Any CPU
		{D45E1EE5-7E8B-8B1B-CF7A-AE5328305609}.Release|Any CPU.ActiveCfg = Release|Any CPU
		{D45E1EE5-7E8B-8B1B-CF7A-AE5328305609}.Release|Any CPU.Build.0 = Release|Any CPU
		{7CA3D0AC-14C6-CB2F-703C-6DD76ED03340}.Debug|Any CPU.ActiveCfg = Debug|Any CPU
		{7CA3D0AC-14C6-CB2F-703C-6DD76ED03340}.Debug|Any CPU.Build.0 = Debug|Any CPU
		{7CA3D0AC-14C6-CB2F-703C-6DD76ED03340}.Release|Any CPU.ActiveCfg = Release|Any CPU
		{7CA3D0AC-14C6-CB2F-703C-6DD76ED03340}.Release|Any CPU.Build.0 = Release|Any CPU
		{1098F9EC-8673-FEF0-EC66-5DF3B3C20DCA}.Debug|Any CPU.ActiveCfg = Debug|Any CPU
		{1098F9EC-8673-FEF0-EC66-5DF3B3C20DCA}.Debug|Any CPU.Build.0 = Debug|Any CPU
		{1098F9EC-8673-FEF0-EC66-5DF3B3C20DCA}.Release|Any CPU.ActiveCfg = Release|Any CPU
		{1098F9EC-8673-FEF0-EC66-5DF3B3C20DCA}.Release|Any CPU.Build.0 = Release|Any CPU
		{3E0FADA3-0973-452B-6B70-3B3FA53F3EB8}.Debug|Any CPU.ActiveCfg = Debug|Any CPU
		{3E0FADA3-0973-452B-6B70-3B3FA53F3EB8}.Debug|Any CPU.Build.0 = Debug|Any CPU
		{3E0FADA3-0973-452B-6B70-3B3FA53F3EB8}.Release|Any CPU.ActiveCfg = Release|Any CPU
		{3E0FADA3-0973-452B-6B70-3B3FA53F3EB8}.Release|Any CPU.Build.0 = Release|Any CPU
		{17203733-568D-3DE9-D9C4-62E4B6721C97}.Debug|Any CPU.ActiveCfg = Debug|Any CPU
		{17203733-568D-3DE9-D9C4-62E4B6721C97}.Debug|Any CPU.Build.0 = Debug|Any CPU
		{17203733-568D-3DE9-D9C4-62E4B6721C97}.Release|Any CPU.ActiveCfg = Release|Any CPU
		{17203733-568D-3DE9-D9C4-62E4B6721C97}.Release|Any CPU.Build.0 = Release|Any CPU
		{1D9E6D3F-7433-4786-C406-1A71037C03E2}.Debug|Any CPU.ActiveCfg = Debug|Any CPU
		{1D9E6D3F-7433-4786-C406-1A71037C03E2}.Debug|Any CPU.Build.0 = Debug|Any CPU
		{1D9E6D3F-7433-4786-C406-1A71037C03E2}.Release|Any CPU.ActiveCfg = Release|Any CPU
		{1D9E6D3F-7433-4786-C406-1A71037C03E2}.Release|Any CPU.Build.0 = Release|Any CPU
		{CA87149F-1ABD-0616-EEDA-49D7397537E0}.Debug|Any CPU.ActiveCfg = Debug|Any CPU
		{CA87149F-1ABD-0616-EEDA-49D7397537E0}.Debug|Any CPU.Build.0 = Debug|Any CPU
		{CA87149F-1ABD-0616-EEDA-49D7397537E0}.Release|Any CPU.ActiveCfg = Release|Any CPU
		{CA87149F-1ABD-0616-EEDA-49D7397537E0}.Release|Any CPU.Build.0 = Release|Any CPU
		{E4BD085A-7FED-32F6-05DD-639CF547F17C}.Debug|Any CPU.ActiveCfg = Debug|Any CPU
		{E4BD085A-7FED-32F6-05DD-639CF547F17C}.Debug|Any CPU.Build.0 = Debug|Any CPU
		{E4BD085A-7FED-32F6-05DD-639CF547F17C}.Release|Any CPU.ActiveCfg = Release|Any CPU
		{E4BD085A-7FED-32F6-05DD-639CF547F17C}.Release|Any CPU.Build.0 = Release|Any CPU
		{5E44FFA6-DF4D-7CD9-CA66-D3E3FA9A1B8F}.Debug|Any CPU.ActiveCfg = Debug|Any CPU
		{5E44FFA6-DF4D-7CD9-CA66-D3E3FA9A1B8F}.Debug|Any CPU.Build.0 = Debug|Any CPU
		{5E44FFA6-DF4D-7CD9-CA66-D3E3FA9A1B8F}.Release|Any CPU.ActiveCfg = Release|Any CPU
		{5E44FFA6-DF4D-7CD9-CA66-D3E3FA9A1B8F}.Release|Any CPU.Build.0 = Release|Any CPU
		{29D7C703-E3A3-CA45-086C-DB0251BFACCA}.Debug|Any CPU.ActiveCfg = Debug|Any CPU
		{29D7C703-E3A3-CA45-086C-DB0251BFACCA}.Debug|Any CPU.Build.0 = Debug|Any CPU
		{29D7C703-E3A3-CA45-086C-DB0251BFACCA}.Release|Any CPU.ActiveCfg = Release|Any CPU
		{29D7C703-E3A3-CA45-086C-DB0251BFACCA}.Release|Any CPU.Build.0 = Release|Any CPU
		{2FC82DE5-1FD0-F52A-6389-0F189E91608D}.Debug|Any CPU.ActiveCfg = Debug|Any CPU
		{2FC82DE5-1FD0-F52A-6389-0F189E91608D}.Debug|Any CPU.Build.0 = Debug|Any CPU
		{2FC82DE5-1FD0-F52A-6389-0F189E91608D}.Release|Any CPU.ActiveCfg = Release|Any CPU
		{2FC82DE5-1FD0-F52A-6389-0F189E91608D}.Release|Any CPU.Build.0 = Release|Any CPU
		{0DC448B0-78BA-8A5B-3CA0-2C980D4C69D5}.Debug|Any CPU.ActiveCfg = Debug|Any CPU
		{0DC448B0-78BA-8A5B-3CA0-2C980D4C69D5}.Debug|Any CPU.Build.0 = Debug|Any CPU
		{0DC448B0-78BA-8A5B-3CA0-2C980D4C69D5}.Release|Any CPU.ActiveCfg = Release|Any CPU
		{0DC448B0-78BA-8A5B-3CA0-2C980D4C69D5}.Release|Any CPU.Build.0 = Release|Any CPU
		{943CE23A-89D5-AC9F-AFE5-08C4CDEFA9A9}.Debug|Any CPU.ActiveCfg = Debug|Any CPU
		{943CE23A-89D5-AC9F-AFE5-08C4CDEFA9A9}.Debug|Any CPU.Build.0 = Debug|Any CPU
		{943CE23A-89D5-AC9F-AFE5-08C4CDEFA9A9}.Release|Any CPU.ActiveCfg = Release|Any CPU
		{943CE23A-89D5-AC9F-AFE5-08C4CDEFA9A9}.Release|Any CPU.Build.0 = Release|Any CPU
		{65EE4452-D6D5-7A03-0622-E7F92CB4887C}.Debug|Any CPU.ActiveCfg = Debug|Any CPU
		{65EE4452-D6D5-7A03-0622-E7F92CB4887C}.Debug|Any CPU.Build.0 = Debug|Any CPU
		{65EE4452-D6D5-7A03-0622-E7F92CB4887C}.Release|Any CPU.ActiveCfg = Release|Any CPU
		{65EE4452-D6D5-7A03-0622-E7F92CB4887C}.Release|Any CPU.Build.0 = Release|Any CPU
		{730BBA5E-7250-71FA-2A8E-6BFEE48543CC}.Debug|Any CPU.ActiveCfg = Debug|Any CPU
		{730BBA5E-7250-71FA-2A8E-6BFEE48543CC}.Debug|Any CPU.Build.0 = Debug|Any CPU
		{730BBA5E-7250-71FA-2A8E-6BFEE48543CC}.Release|Any CPU.ActiveCfg = Release|Any CPU
		{730BBA5E-7250-71FA-2A8E-6BFEE48543CC}.Release|Any CPU.Build.0 = Release|Any CPU
		{92E5E1F0-FE1C-9237-14F5-35D1FD8E7737}.Debug|Any CPU.ActiveCfg = Debug|Any CPU
		{92E5E1F0-FE1C-9237-14F5-35D1FD8E7737}.Debug|Any CPU.Build.0 = Debug|Any CPU
		{92E5E1F0-FE1C-9237-14F5-35D1FD8E7737}.Release|Any CPU.ActiveCfg = Release|Any CPU
		{92E5E1F0-FE1C-9237-14F5-35D1FD8E7737}.Release|Any CPU.Build.0 = Release|Any CPU
		{08B3D556-E362-E17B-3242-0A25EAA3EBC4}.Debug|Any CPU.ActiveCfg = Debug|Any CPU
		{08B3D556-E362-E17B-3242-0A25EAA3EBC4}.Debug|Any CPU.Build.0 = Debug|Any CPU
		{08B3D556-E362-E17B-3242-0A25EAA3EBC4}.Release|Any CPU.ActiveCfg = Release|Any CPU
		{08B3D556-E362-E17B-3242-0A25EAA3EBC4}.Release|Any CPU.Build.0 = Release|Any CPU
		{AF8E1635-D030-0194-DD97-E0509F0853B7}.Debug|Any CPU.ActiveCfg = Debug|Any CPU
		{AF8E1635-D030-0194-DD97-E0509F0853B7}.Debug|Any CPU.Build.0 = Debug|Any CPU
		{AF8E1635-D030-0194-DD97-E0509F0853B7}.Release|Any CPU.ActiveCfg = Release|Any CPU
		{AF8E1635-D030-0194-DD97-E0509F0853B7}.Release|Any CPU.Build.0 = Release|Any CPU
		{32EBEE36-1197-6B08-A58F-4E9CED0CEF4A}.Debug|Any CPU.ActiveCfg = Debug|Any CPU
		{32EBEE36-1197-6B08-A58F-4E9CED0CEF4A}.Debug|Any CPU.Build.0 = Debug|Any CPU
		{32EBEE36-1197-6B08-A58F-4E9CED0CEF4A}.Release|Any CPU.ActiveCfg = Release|Any CPU
		{32EBEE36-1197-6B08-A58F-4E9CED0CEF4A}.Release|Any CPU.Build.0 = Release|Any CPU
		{F012758C-66EE-E505-DBED-DB2586D1C3A7}.Debug|Any CPU.ActiveCfg = Debug|Any CPU
		{F012758C-66EE-E505-DBED-DB2586D1C3A7}.Debug|Any CPU.Build.0 = Debug|Any CPU
		{F012758C-66EE-E505-DBED-DB2586D1C3A7}.Release|Any CPU.ActiveCfg = Release|Any CPU
		{F012758C-66EE-E505-DBED-DB2586D1C3A7}.Release|Any CPU.Build.0 = Release|Any CPU
		{8321870F-4ADB-5590-7B30-A976FEC51DC8}.Debug|Any CPU.ActiveCfg = Debug|Any CPU
		{8321870F-4ADB-5590-7B30-A976FEC51DC8}.Debug|Any CPU.Build.0 = Debug|Any CPU
		{8321870F-4ADB-5590-7B30-A976FEC51DC8}.Release|Any CPU.ActiveCfg = Release|Any CPU
		{8321870F-4ADB-5590-7B30-A976FEC51DC8}.Release|Any CPU.Build.0 = Release|Any CPU
		{08D95432-CC8D-9376-92EE-023573E52B42}.Debug|Any CPU.ActiveCfg = Debug|Any CPU
		{08D95432-CC8D-9376-92EE-023573E52B42}.Debug|Any CPU.Build.0 = Debug|Any CPU
		{08D95432-CC8D-9376-92EE-023573E52B42}.Release|Any CPU.ActiveCfg = Release|Any CPU
		{08D95432-CC8D-9376-92EE-023573E52B42}.Release|Any CPU.Build.0 = Release|Any CPU
		{71C0A45F-5261-BA20-5780-EA1B1CC50E3B}.Debug|Any CPU.ActiveCfg = Debug|Any CPU
		{71C0A45F-5261-BA20-5780-EA1B1CC50E3B}.Debug|Any CPU.Build.0 = Debug|Any CPU
		{71C0A45F-5261-BA20-5780-EA1B1CC50E3B}.Release|Any CPU.ActiveCfg = Release|Any CPU
		{71C0A45F-5261-BA20-5780-EA1B1CC50E3B}.Release|Any CPU.Build.0 = Release|Any CPU
		{BF11B078-EF62-045A-38C3-739EBFD70AC3}.Debug|Any CPU.ActiveCfg = Debug|Any CPU
		{BF11B078-EF62-045A-38C3-739EBFD70AC3}.Debug|Any CPU.Build.0 = Debug|Any CPU
		{BF11B078-EF62-045A-38C3-739EBFD70AC3}.Release|Any CPU.ActiveCfg = Release|Any CPU
		{BF11B078-EF62-045A-38C3-739EBFD70AC3}.Release|Any CPU.Build.0 = Release|Any CPU
		{110C2441-C968-75BC-E93E-C33F286C5733}.Debug|Any CPU.ActiveCfg = Debug|Any CPU
		{110C2441-C968-75BC-E93E-C33F286C5733}.Debug|Any CPU.Build.0 = Debug|Any CPU
		{110C2441-C968-75BC-E93E-C33F286C5733}.Release|Any CPU.ActiveCfg = Release|Any CPU
		{110C2441-C968-75BC-E93E-C33F286C5733}.Release|Any CPU.Build.0 = Release|Any CPU
		{D71AC675-6FCA-E5F1-4662-E8C4CFE94634}.Debug|Any CPU.ActiveCfg = Debug|Any CPU
		{D71AC675-6FCA-E5F1-4662-E8C4CFE94634}.Debug|Any CPU.Build.0 = Debug|Any CPU
		{D71AC675-6FCA-E5F1-4662-E8C4CFE94634}.Release|Any CPU.ActiveCfg = Release|Any CPU
		{D71AC675-6FCA-E5F1-4662-E8C4CFE94634}.Release|Any CPU.Build.0 = Release|Any CPU
		{E899304B-2719-1654-9AA8-E5FFC5344C00}.Debug|Any CPU.ActiveCfg = Debug|Any CPU
		{E899304B-2719-1654-9AA8-E5FFC5344C00}.Debug|Any CPU.Build.0 = Debug|Any CPU
		{E899304B-2719-1654-9AA8-E5FFC5344C00}.Release|Any CPU.ActiveCfg = Release|Any CPU
		{E899304B-2719-1654-9AA8-E5FFC5344C00}.Release|Any CPU.Build.0 = Release|Any CPU
		{3ACE4532-CD47-C30F-348C-5215E1B42EB5}.Debug|Any CPU.ActiveCfg = Debug|Any CPU
		{3ACE4532-CD47-C30F-348C-5215E1B42EB5}.Debug|Any CPU.Build.0 = Debug|Any CPU
		{3ACE4532-CD47-C30F-348C-5215E1B42EB5}.Release|Any CPU.ActiveCfg = Release|Any CPU
		{3ACE4532-CD47-C30F-348C-5215E1B42EB5}.Release|Any CPU.Build.0 = Release|Any CPU
		{3E4EDDB3-8135-773C-B366-91EDF0830296}.Debug|Any CPU.ActiveCfg = Debug|Any CPU
		{3E4EDDB3-8135-773C-B366-91EDF0830296}.Debug|Any CPU.Build.0 = Debug|Any CPU
		{3E4EDDB3-8135-773C-B366-91EDF0830296}.Release|Any CPU.ActiveCfg = Release|Any CPU
		{3E4EDDB3-8135-773C-B366-91EDF0830296}.Release|Any CPU.Build.0 = Release|Any CPU
		{02C0E9C9-08EC-E2D4-0B7D-0DF8537FAB07}.Debug|Any CPU.ActiveCfg = Debug|Any CPU
		{02C0E9C9-08EC-E2D4-0B7D-0DF8537FAB07}.Debug|Any CPU.Build.0 = Debug|Any CPU
		{02C0E9C9-08EC-E2D4-0B7D-0DF8537FAB07}.Release|Any CPU.ActiveCfg = Release|Any CPU
		{02C0E9C9-08EC-E2D4-0B7D-0DF8537FAB07}.Release|Any CPU.Build.0 = Release|Any CPU
		{F1ED45C2-790F-4C0A-E9AD-DC3F77C8BF78}.Debug|Any CPU.ActiveCfg = Debug|Any CPU
		{F1ED45C2-790F-4C0A-E9AD-DC3F77C8BF78}.Debug|Any CPU.Build.0 = Debug|Any CPU
		{F1ED45C2-790F-4C0A-E9AD-DC3F77C8BF78}.Release|Any CPU.ActiveCfg = Release|Any CPU
		{F1ED45C2-790F-4C0A-E9AD-DC3F77C8BF78}.Release|Any CPU.Build.0 = Release|Any CPU
		{BCF2B58A-57F6-7C82-542C-1D5D115E1A03}.Debug|Any CPU.ActiveCfg = Debug|Any CPU
		{BCF2B58A-57F6-7C82-542C-1D5D115E1A03}.Debug|Any CPU.Build.0 = Debug|Any CPU
		{BCF2B58A-57F6-7C82-542C-1D5D115E1A03}.Release|Any CPU.ActiveCfg = Release|Any CPU
		{BCF2B58A-57F6-7C82-542C-1D5D115E1A03}.Release|Any CPU.Build.0 = Release|Any CPU
		{7BE47F06-58E1-96A5-CB87-2D5DF5284DA1}.Debug|Any CPU.ActiveCfg = Debug|Any CPU
		{7BE47F06-58E1-96A5-CB87-2D5DF5284DA1}.Debug|Any CPU.Build.0 = Debug|Any CPU
		{7BE47F06-58E1-96A5-CB87-2D5DF5284DA1}.Release|Any CPU.ActiveCfg = Release|Any CPU
		{7BE47F06-58E1-96A5-CB87-2D5DF5284DA1}.Release|Any CPU.Build.0 = Release|Any CPU
		{D5DA6202-839A-B115-2FA0-E9884158E876}.Debug|Any CPU.ActiveCfg = Debug|Any CPU
		{D5DA6202-839A-B115-2FA0-E9884158E876}.Debug|Any CPU.Build.0 = Debug|Any CPU
		{D5DA6202-839A-B115-2FA0-E9884158E876}.Release|Any CPU.ActiveCfg = Release|Any CPU
		{D5DA6202-839A-B115-2FA0-E9884158E876}.Release|Any CPU.Build.0 = Release|Any CPU
		{16C68BF7-C568-8943-E223-1CA522B0DB48}.Debug|Any CPU.ActiveCfg = Debug|Any CPU
		{16C68BF7-C568-8943-E223-1CA522B0DB48}.Debug|Any CPU.Build.0 = Debug|Any CPU
		{16C68BF7-C568-8943-E223-1CA522B0DB48}.Release|Any CPU.ActiveCfg = Release|Any CPU
		{16C68BF7-C568-8943-E223-1CA522B0DB48}.Release|Any CPU.Build.0 = Release|Any CPU
		{ACAD20AC-4AA4-B6D0-03CD-303E0013EF1E}.Debug|Any CPU.ActiveCfg = Debug|Any CPU
		{ACAD20AC-4AA4-B6D0-03CD-303E0013EF1E}.Debug|Any CPU.Build.0 = Debug|Any CPU
		{ACAD20AC-4AA4-B6D0-03CD-303E0013EF1E}.Release|Any CPU.ActiveCfg = Release|Any CPU
		{ACAD20AC-4AA4-B6D0-03CD-303E0013EF1E}.Release|Any CPU.Build.0 = Release|Any CPU
		{366209C4-8443-DA5A-9DEC-6387040571F1}.Debug|Any CPU.ActiveCfg = Debug|Any CPU
		{366209C4-8443-DA5A-9DEC-6387040571F1}.Debug|Any CPU.Build.0 = Debug|Any CPU
		{366209C4-8443-DA5A-9DEC-6387040571F1}.Release|Any CPU.ActiveCfg = Release|Any CPU
		{366209C4-8443-DA5A-9DEC-6387040571F1}.Release|Any CPU.Build.0 = Release|Any CPU
		{AA4F09CD-2CA7-A77A-BF65-B3E8954B926F}.Debug|Any CPU.ActiveCfg = Debug|Any CPU
		{AA4F09CD-2CA7-A77A-BF65-B3E8954B926F}.Debug|Any CPU.Build.0 = Debug|Any CPU
		{AA4F09CD-2CA7-A77A-BF65-B3E8954B926F}.Release|Any CPU.ActiveCfg = Release|Any CPU
		{AA4F09CD-2CA7-A77A-BF65-B3E8954B926F}.Release|Any CPU.Build.0 = Release|Any CPU
		{0EECD91F-F09D-CA37-6ABB-2FFE7010EA93}.Debug|Any CPU.ActiveCfg = Debug|Any CPU
		{0EECD91F-F09D-CA37-6ABB-2FFE7010EA93}.Debug|Any CPU.Build.0 = Debug|Any CPU
		{0EECD91F-F09D-CA37-6ABB-2FFE7010EA93}.Release|Any CPU.ActiveCfg = Release|Any CPU
		{0EECD91F-F09D-CA37-6ABB-2FFE7010EA93}.Release|Any CPU.Build.0 = Release|Any CPU
		{60AE0F23-81EF-E966-3E14-0306F115D000}.Debug|Any CPU.ActiveCfg = Debug|Any CPU
		{60AE0F23-81EF-E966-3E14-0306F115D000}.Debug|Any CPU.Build.0 = Debug|Any CPU
		{60AE0F23-81EF-E966-3E14-0306F115D000}.Release|Any CPU.ActiveCfg = Release|Any CPU
		{60AE0F23-81EF-E966-3E14-0306F115D000}.Release|Any CPU.Build.0 = Release|Any CPU
		{225D7CB0-0743-F520-BFD4-9B301FEE3DC8}.Debug|Any CPU.ActiveCfg = Debug|Any CPU
		{225D7CB0-0743-F520-BFD4-9B301FEE3DC8}.Debug|Any CPU.Build.0 = Debug|Any CPU
		{225D7CB0-0743-F520-BFD4-9B301FEE3DC8}.Release|Any CPU.ActiveCfg = Release|Any CPU
		{225D7CB0-0743-F520-BFD4-9B301FEE3DC8}.Release|Any CPU.Build.0 = Release|Any CPU
		{97E4226C-7400-542E-EF68-CB21FDC96104}.Debug|Any CPU.ActiveCfg = Debug|Any CPU
		{97E4226C-7400-542E-EF68-CB21FDC96104}.Debug|Any CPU.Build.0 = Debug|Any CPU
		{97E4226C-7400-542E-EF68-CB21FDC96104}.Release|Any CPU.ActiveCfg = Release|Any CPU
		{97E4226C-7400-542E-EF68-CB21FDC96104}.Release|Any CPU.Build.0 = Release|Any CPU
		{AE78793F-5827-34E4-A170-884196EB253F}.Debug|Any CPU.ActiveCfg = Debug|Any CPU
		{AE78793F-5827-34E4-A170-884196EB253F}.Debug|Any CPU.Build.0 = Debug|Any CPU
		{AE78793F-5827-34E4-A170-884196EB253F}.Release|Any CPU.ActiveCfg = Release|Any CPU
		{AE78793F-5827-34E4-A170-884196EB253F}.Release|Any CPU.Build.0 = Release|Any CPU
		{7C4CE288-8FAF-E7BC-12DD-543BA1BD6BCF}.Debug|Any CPU.ActiveCfg = Debug|Any CPU
		{7C4CE288-8FAF-E7BC-12DD-543BA1BD6BCF}.Debug|Any CPU.Build.0 = Debug|Any CPU
		{7C4CE288-8FAF-E7BC-12DD-543BA1BD6BCF}.Release|Any CPU.ActiveCfg = Release|Any CPU
		{7C4CE288-8FAF-E7BC-12DD-543BA1BD6BCF}.Release|Any CPU.Build.0 = Release|Any CPU
		{BEDF0FB2-8D80-0B23-62CF-1C1DC7E54927}.Debug|Any CPU.ActiveCfg = Debug|Any CPU
		{BEDF0FB2-8D80-0B23-62CF-1C1DC7E54927}.Debug|Any CPU.Build.0 = Debug|Any CPU
		{BEDF0FB2-8D80-0B23-62CF-1C1DC7E54927}.Release|Any CPU.ActiveCfg = Release|Any CPU
		{BEDF0FB2-8D80-0B23-62CF-1C1DC7E54927}.Release|Any CPU.Build.0 = Release|Any CPU
		{2C8447AD-54AD-73E3-34AE-5FBAD6E657DA}.Debug|Any CPU.ActiveCfg = Debug|Any CPU
		{2C8447AD-54AD-73E3-34AE-5FBAD6E657DA}.Debug|Any CPU.Build.0 = Debug|Any CPU
		{2C8447AD-54AD-73E3-34AE-5FBAD6E657DA}.Release|Any CPU.ActiveCfg = Release|Any CPU
		{2C8447AD-54AD-73E3-34AE-5FBAD6E657DA}.Release|Any CPU.Build.0 = Release|Any CPU
		{0AC3E7D5-1F53-A6EC-D0DB-E16D8D8BDCE4}.Debug|Any CPU.ActiveCfg = Debug|Any CPU
		{0AC3E7D5-1F53-A6EC-D0DB-E16D8D8BDCE4}.Debug|Any CPU.Build.0 = Debug|Any CPU
		{0AC3E7D5-1F53-A6EC-D0DB-E16D8D8BDCE4}.Release|Any CPU.ActiveCfg = Release|Any CPU
		{0AC3E7D5-1F53-A6EC-D0DB-E16D8D8BDCE4}.Release|Any CPU.Build.0 = Release|Any CPU
		{FE7B8DEB-8758-F316-7F30-5939088B88EC}.Debug|Any CPU.ActiveCfg = Debug|Any CPU
		{FE7B8DEB-8758-F316-7F30-5939088B88EC}.Debug|Any CPU.Build.0 = Debug|Any CPU
		{FE7B8DEB-8758-F316-7F30-5939088B88EC}.Release|Any CPU.ActiveCfg = Release|Any CPU
		{FE7B8DEB-8758-F316-7F30-5939088B88EC}.Release|Any CPU.Build.0 = Release|Any CPU
		{B21927F9-63BA-920C-97B0-FC25D29B4A27}.Debug|Any CPU.ActiveCfg = Debug|Any CPU
		{B21927F9-63BA-920C-97B0-FC25D29B4A27}.Debug|Any CPU.Build.0 = Debug|Any CPU
		{B21927F9-63BA-920C-97B0-FC25D29B4A27}.Release|Any CPU.ActiveCfg = Release|Any CPU
		{B21927F9-63BA-920C-97B0-FC25D29B4A27}.Release|Any CPU.Build.0 = Release|Any CPU
		{1D723C21-33AA-503B-C6AA-A5AD8EE5D6CE}.Debug|Any CPU.ActiveCfg = Debug|Any CPU
		{1D723C21-33AA-503B-C6AA-A5AD8EE5D6CE}.Debug|Any CPU.Build.0 = Debug|Any CPU
		{1D723C21-33AA-503B-C6AA-A5AD8EE5D6CE}.Release|Any CPU.ActiveCfg = Release|Any CPU
		{1D723C21-33AA-503B-C6AA-A5AD8EE5D6CE}.Release|Any CPU.Build.0 = Release|Any CPU
		{81F23C45-984A-7BFE-1F31-32AF69355F3D}.Debug|Any CPU.ActiveCfg = Debug|Any CPU
		{81F23C45-984A-7BFE-1F31-32AF69355F3D}.Debug|Any CPU.Build.0 = Debug|Any CPU
		{81F23C45-984A-7BFE-1F31-32AF69355F3D}.Release|Any CPU.ActiveCfg = Release|Any CPU
		{81F23C45-984A-7BFE-1F31-32AF69355F3D}.Release|Any CPU.Build.0 = Release|Any CPU
		{017CCD47-8D7A-4DF0-E3BC-4A624792284B}.Debug|Any CPU.ActiveCfg = Debug|Any CPU
		{017CCD47-8D7A-4DF0-E3BC-4A624792284B}.Debug|Any CPU.Build.0 = Debug|Any CPU
		{017CCD47-8D7A-4DF0-E3BC-4A624792284B}.Release|Any CPU.ActiveCfg = Release|Any CPU
		{017CCD47-8D7A-4DF0-E3BC-4A624792284B}.Release|Any CPU.Build.0 = Release|Any CPU
		{55F61540-73C0-242D-E733-8A5454DC04FC}.Debug|Any CPU.ActiveCfg = Debug|Any CPU
		{55F61540-73C0-242D-E733-8A5454DC04FC}.Debug|Any CPU.Build.0 = Debug|Any CPU
		{55F61540-73C0-242D-E733-8A5454DC04FC}.Release|Any CPU.ActiveCfg = Release|Any CPU
		{55F61540-73C0-242D-E733-8A5454DC04FC}.Release|Any CPU.Build.0 = Release|Any CPU
		{09947392-A079-2056-296D-0ED9525D0B3E}.Debug|Any CPU.ActiveCfg = Debug|Any CPU
		{09947392-A079-2056-296D-0ED9525D0B3E}.Debug|Any CPU.Build.0 = Debug|Any CPU
		{09947392-A079-2056-296D-0ED9525D0B3E}.Release|Any CPU.ActiveCfg = Release|Any CPU
		{09947392-A079-2056-296D-0ED9525D0B3E}.Release|Any CPU.Build.0 = Release|Any CPU
		{BE10AFF3-4C7B-01F2-F34C-3E5F5DCB66F3}.Debug|Any CPU.ActiveCfg = Debug|Any CPU
		{BE10AFF3-4C7B-01F2-F34C-3E5F5DCB66F3}.Debug|Any CPU.Build.0 = Debug|Any CPU
		{BE10AFF3-4C7B-01F2-F34C-3E5F5DCB66F3}.Release|Any CPU.ActiveCfg = Release|Any CPU
		{BE10AFF3-4C7B-01F2-F34C-3E5F5DCB66F3}.Release|Any CPU.Build.0 = Release|Any CPU
		{979DFD4A-1FC2-5655-EF84-9F40645DFB89}.Debug|Any CPU.ActiveCfg = Debug|Any CPU
		{979DFD4A-1FC2-5655-EF84-9F40645DFB89}.Debug|Any CPU.Build.0 = Debug|Any CPU
		{979DFD4A-1FC2-5655-EF84-9F40645DFB89}.Release|Any CPU.ActiveCfg = Release|Any CPU
		{979DFD4A-1FC2-5655-EF84-9F40645DFB89}.Release|Any CPU.Build.0 = Release|Any CPU
		{FAF6724B-4FAF-5CCD-9952-C280C6A7600F}.Debug|Any CPU.ActiveCfg = Debug|Any CPU
		{FAF6724B-4FAF-5CCD-9952-C280C6A7600F}.Debug|Any CPU.Build.0 = Debug|Any CPU
		{FAF6724B-4FAF-5CCD-9952-C280C6A7600F}.Release|Any CPU.ActiveCfg = Release|Any CPU
		{FAF6724B-4FAF-5CCD-9952-C280C6A7600F}.Release|Any CPU.Build.0 = Release|Any CPU
	EndGlobalSection
	GlobalSection(SolutionProperties) = preSolution
		HideSolutionNode = FALSE
	EndGlobalSection
EndGlobal
