
Microsoft Visual Studio Solution File, Format Version 12.00
# Visual Studio 15
Project("{FAE04EC0-301F-11D3-BF4B-00C04F79EFBC}") = "Oculus.Platform", "Oculus.Platform.csproj", "{5C6C76FD-634A-B025-956F-FEA93AC45A35}"
EndProject
Project("{FAE04EC0-301F-11D3-BF4B-00C04F79EFBC}") = "Assembly-CSharp", "Assembly-CSharp.csproj", "{46F52331-A465-5028-FEBB-B0281A0E6C91}"
EndProject
Project("{FAE04EC0-301F-11D3-BF4B-00C04F79EFBC}") = "UnityEngine.TestRunner", "UnityEngine.TestRunner.csproj", "{2860648E-891D-B8BF-12EF-8E1533216C70}"
EndProject
Project("{FAE04EC0-301F-11D3-BF4B-00C04F79EFBC}") = "Oculus.Interaction", "Oculus.Interaction.csproj", "{E06D6E74-F141-B2A7-798A-F60BED960CE8}"
EndProject
Project("{FAE04EC0-301F-11D3-BF4B-00C04F79EFBC}") = "Oculus.Spatializer", "Oculus.Spatializer.csproj", "{833FA6AC-9B5D-24B7-6080-56403A4C1A52}"
EndProject
Project("{FAE04EC0-301F-11D3-BF4B-00C04F79EFBC}") = "Unity.Timeline", "Unity.Timeline.csproj", "{77AF4CFB-8E30-765F-66E7-43115685EAA5}"
EndProject
Project("{FAE04EC0-301F-11D3-BF4B-00C04F79EFBC}") = "UnityEngine.UI", "UnityEngine.UI.csproj", "{ED03CE16-C824-6DC6-64F4-334DBE94EA34}"
EndProject
Project("{FAE04EC0-301F-11D3-BF4B-00C04F79EFBC}") = "Facebook.WitAI", "Facebook.WitAI.csproj", "{3824438F-FE8D-96FD-92F3-D838AB44FB1F}"
EndProject
Project("{FAE04EC0-301F-11D3-BF4B-00C04F79EFBC}") = "Unity.TextMeshPro", "Unity.TextMeshPro.csproj", "{68650121-B8E2-0DDE-95DA-E543DC5DE2AE}"
EndProject
Project("{FAE04EC0-301F-11D3-BF4B-00C04F79EFBC}") = "Oculus.AudioManager", "Oculus.AudioManager.csproj", "{F59C6965-1DA3-2F5C-C262-FF5866844000}"
EndProject
Project("{FAE04EC0-301F-11D3-BF4B-00C04F79EFBC}") = "Oculus.VR", "Oculus.VR.csproj", "{98AB01B6-6DCA-12D8-1ED9-9825A3B08D96}"
EndProject
Project("{FAE04EC0-301F-11D3-BF4B-00C04F79EFBC}") = "Oculus.Interaction.Samples", "Oculus.Interaction.Samples.csproj", "{641B9EA7-8C2A-887E-2794-4DE3F4284B28}"
EndProject
Project("{FAE04EC0-301F-11D3-BF4B-00C04F79EFBC}") = "VoiceSDK.Runtime", "VoiceSDK.Runtime.csproj", "{C853DC62-50C7-9226-CAF1-89036B9BCA88}"
EndProject
Project("{FAE04EC0-301F-11D3-BF4B-00C04F79EFBC}") = "AssistantCoreSDKRuntime", "AssistantCoreSDKRuntime.csproj", "{586553FF-DC05-65AE-EC22-D0A93465AD99}"
EndProject
Project("{FAE04EC0-301F-11D3-BF4B-00C04F79EFBC}") = "Runtime", "Runtime.csproj", "{229242E4-3DCC-7880-0C9A-13F040A441D0}"
EndProject
Project("{FAE04EC0-301F-11D3-BF4B-00C04F79EFBC}") = "Oculus.LipSync", "Oculus.LipSync.csproj", "{E524D0DB-5510-0310-C585-8F6419A53E66}"
EndProject
Project("{FAE04EC0-301F-11D3-BF4B-00C04F79EFBC}") = "UnityEditor.TestRunner", "UnityEditor.TestRunner.csproj", "{1D962B2F-7EE3-FAA9-7F87-834931EA5958}"
EndProject
Project("{FAE04EC0-301F-11D3-BF4B-00C04F79EFBC}") = "Unity.PlasticSCM.Editor", "Unity.PlasticSCM.Editor.csproj", "{F4CFC1C2-9EB8-6612-58E6-A636C1EB4D01}"
EndProject
Project("{FAE04EC0-301F-11D3-BF4B-00C04F79EFBC}") = "Oculus.Platform.Editor", "Oculus.Platform.Editor.csproj", "{9041AE77-2F25-66A2-D16A-8D5792DE038D}"
EndProject
Project("{FAE04EC0-301F-11D3-BF4B-00C04F79EFBC}") = "UnityEditor.UI", "UnityEditor.UI.csproj", "{BE830FAE-D8D7-95D0-E4E0-DA2D684509ED}"
EndProject
Project("{FAE04EC0-301F-11D3-BF4B-00C04F79EFBC}") = "Unity.Services.Core.Editor", "Unity.Services.Core.Editor.csproj", "{7967DAC9-52E6-A306-6618-AC1E5576574B}"
EndProject
Project("{FAE04EC0-301F-11D3-BF4B-00C04F79EFBC}") = "Unity.Timeline.Editor", "Unity.Timeline.Editor.csproj", "{5379D708-79A5-0331-9A29-34467B9AD9A0}"
EndProject
Project("{FAE04EC0-301F-11D3-BF4B-00C04F79EFBC}") = "Unity.VisualStudio.Editor", "Unity.VisualStudio.Editor.csproj", "{C2808E13-D9F1-58C8-9509-EBE2C505E3F1}"
EndProject
Project("{FAE04EC0-301F-11D3-BF4B-00C04F79EFBC}") = "Oculus.AudioManager.Audio.Editor", "Oculus.AudioManager.Audio.Editor.csproj", "{AAA2DF4B-D9D9-8D76-2CE9-BC4D38D21137}"
EndProject
Project("{FAE04EC0-301F-11D3-BF4B-00C04F79EFBC}") = "Unity.TextMeshPro.Editor", "Unity.TextMeshPro.Editor.csproj", "{B219129F-51DD-6A31-ECE2-F1551C4DD052}"
EndProject
Project("{FAE04EC0-301F-11D3-BF4B-00C04F79EFBC}") = "Unity.CollabProxy.Editor", "Unity.CollabProxy.Editor.csproj", "{06799DE9-7661-8FF9-D2A5-5AE87BAEB37B}"
EndProject
Project("{FAE04EC0-301F-11D3-BF4B-00C04F79EFBC}") = "Unity.Rider.Editor", "Unity.Rider.Editor.csproj", "{67559C40-E250-8C8B-3272-B66B66CB62A7}"
EndProject
Project("{FAE04EC0-301F-11D3-BF4B-00C04F79EFBC}") = "Oculus.Interaction.Editor", "Oculus.Interaction.Editor.csproj", "{53F62E95-7AEC-9C95-FE0B-69683954A826}"
EndProject
Project("{FAE04EC0-301F-11D3-BF4B-00C04F79EFBC}") = "Oculus.VR.Scripts.Editor", "Oculus.VR.Scripts.Editor.csproj", "{DA9315C2-3169-6E27-94B3-59BD54089543}"
EndProject
Project("{FAE04EC0-301F-11D3-BF4B-00C04F79EFBC}") = "Facebook.Wit.Editor", "Facebook.Wit.Editor.csproj", "{B0484CBE-DF13-040B-E55B-916C33A9241E}"
EndProject
Project("{FAE04EC0-301F-11D3-BF4B-00C04F79EFBC}") = "Oculus.Spatializer.Editor", "Oculus.Spatializer.Editor.csproj", "{BCCADBE0-7491-9F00-7229-3AFE85F37F73}"
EndProject
Project("{FAE04EC0-301F-11D3-BF4B-00C04F79EFBC}") = "Oculus.VR.Editor", "Oculus.VR.Editor.csproj", "{F442CD88-128F-0189-8F62-8B1E60E37B3F}"
EndProject
Project("{FAE04EC0-301F-11D3-BF4B-00C04F79EFBC}") = "Oculus.LipSync.Editor", "Oculus.LipSync.Editor.csproj", "{67C46E57-54D5-47AC-4539-7AA1E1CAE140}"
EndProject
Project("{FAE04EC0-301F-11D3-BF4B-00C04F79EFBC}") = "Oculus.Interaction.InterfaceSupport", "Oculus.Interaction.InterfaceSupport.csproj", "{651E538E-FA41-8392-0B27-A61E4F2B0D46}"
EndProject
Project("{FAE04EC0-301F-11D3-BF4B-00C04F79EFBC}") = "Unity.VSCode.Editor", "Unity.VSCode.Editor.csproj", "{1DDE7590-B274-27BF-B5E1-5EA88715AFB9}"
EndProject
Project("{FAE04EC0-301F-11D3-BF4B-00C04F79EFBC}") = "Assembly-CSharp-Editor", "Assembly-CSharp-Editor.csproj", "{432E715D-646E-DD77-BB5D-B0B1B1E8422A}"
EndProject
Project("{FAE04EC0-301F-11D3-BF4B-00C04F79EFBC}") = "VoiceSDK.Editor", "VoiceSDK.Editor.csproj", "{2DF6417E-6443-FBA0-8CFB-96B047C109B5}"
EndProject
Project("{FAE04EC0-301F-11D3-BF4B-00C04F79EFBC}") = "AssistantCoreSDKEditor", "AssistantCoreSDKEditor.csproj", "{48D89FBC-6B67-3928-0AFE-3167E30B902D}"
EndProject
Project("{FAE04EC0-301F-11D3-BF4B-00C04F79EFBC}") = "Oculus.AudioManager.Utils.Editor", "Oculus.AudioManager.Utils.Editor.csproj", "{01F6F319-DF56-1A75-BA12-2743116F2456}"
EndProject
Project("{FAE04EC0-301F-11D3-BF4B-00C04F79EFBC}") = "Oculus.Platform", "Oculus.Platform.Player.csproj", "{BF69C3AD-37FF-6DB6-ABAC-8AED57823F0D}"
EndProject
Project("{FAE04EC0-301F-11D3-BF4B-00C04F79EFBC}") = "Assembly-CSharp", "Assembly-CSharp.Player.csproj", "{27CB6F2C-A23D-C956-E405-D65A8E382B3F}"
EndProject
Project("{FAE04EC0-301F-11D3-BF4B-00C04F79EFBC}") = "UnityEngine.TestRunner", "UnityEngine.TestRunner.Player.csproj", "{33126E88-EBED-0756-358F-2A65D941E562}"
EndProject
Project("{FAE04EC0-301F-11D3-BF4B-00C04F79EFBC}") = "Oculus.Interaction", "Oculus.Interaction.Player.csproj", "{D8C30F11-8694-76BA-53E8-D76C5931DB29}"
EndProject
Project("{FAE04EC0-301F-11D3-BF4B-00C04F79EFBC}") = "Oculus.Spatializer", "Oculus.Spatializer.Player.csproj", "{9A05BF5D-62C2-04B8-5CAF-263A7F59A253}"
EndProject
Project("{FAE04EC0-301F-11D3-BF4B-00C04F79EFBC}") = "Unity.Timeline", "Unity.Timeline.Player.csproj", "{29460E00-0615-B075-FF81-D20F9A697582}"
EndProject
Project("{FAE04EC0-301F-11D3-BF4B-00C04F79EFBC}") = "UnityEngine.UI", "UnityEngine.UI.Player.csproj", "{46825268-34AA-3AB9-7AA6-65C4D2B5D29E}"
EndProject
Project("{FAE04EC0-301F-11D3-BF4B-00C04F79EFBC}") = "Facebook.WitAI", "Facebook.WitAI.Player.csproj", "{198CB5D2-106F-A30F-6145-1526E93F9C94}"
EndProject
Project("{FAE04EC0-301F-11D3-BF4B-00C04F79EFBC}") = "Unity.TextMeshPro", "Unity.TextMeshPro.Player.csproj", "{A98F600C-4405-2EC9-2044-14470CFB3C4E}"
EndProject
Project("{FAE04EC0-301F-11D3-BF4B-00C04F79EFBC}") = "Oculus.AudioManager", "Oculus.AudioManager.Player.csproj", "{3E1D6636-3296-911E-B92A-A23C5B807729}"
EndProject
Project("{FAE04EC0-301F-11D3-BF4B-00C04F79EFBC}") = "Oculus.VR", "Oculus.VR.Player.csproj", "{D52A2FAA-DEB8-9353-9FE1-43D2AB7F401B}"
EndProject
Project("{FAE04EC0-301F-11D3-BF4B-00C04F79EFBC}") = "Oculus.Interaction.Samples", "Oculus.Interaction.Samples.Player.csproj", "{A795AD35-8898-42DB-A118-E2A38D2D0301}"
EndProject
Project("{FAE04EC0-301F-11D3-BF4B-00C04F79EFBC}") = "VoiceSDK.Runtime", "VoiceSDK.Runtime.Player.csproj", "{57DD8C52-A4EC-364F-0A4A-C150EFD67071}"
EndProject
Project("{FAE04EC0-301F-11D3-BF4B-00C04F79EFBC}") = "AssistantCoreSDKRuntime", "AssistantCoreSDKRuntime.Player.csproj", "{75CCF156-9C98-D6DA-90F5-0F9F17C66309}"
EndProject
Project("{FAE04EC0-301F-11D3-BF4B-00C04F79EFBC}") = "Runtime", "Runtime.Player.csproj", "{2B8F9955-F3E8-9682-0B71-C3BE3B4CC61D}"
EndProject
Project("{FAE04EC0-301F-11D3-BF4B-00C04F79EFBC}") = "Oculus.LipSync", "Oculus.LipSync.Player.csproj", "{2B814A8D-E198-0720-8EC0-18029D9320B9}"
EndProject
Global
	GlobalSection(SolutionConfigurationPlatforms) = preSolution
		Debug|Any CPU = Debug|Any CPU
		Release|Any CPU = Release|Any CPU
	EndGlobalSection
	GlobalSection(ProjectConfigurationPlatforms) = postSolution
		{5C6C76FD-634A-B025-956F-FEA93AC45A35}.Debug|Any CPU.ActiveCfg = Debug|Any CPU
		{5C6C76FD-634A-B025-956F-FEA93AC45A35}.Debug|Any CPU.Build.0 = Debug|Any CPU
		{5C6C76FD-634A-B025-956F-FEA93AC45A35}.Release|Any CPU.ActiveCfg = Release|Any CPU
		{5C6C76FD-634A-B025-956F-FEA93AC45A35}.Release|Any CPU.Build.0 = Release|Any CPU
		{46F52331-A465-5028-FEBB-B0281A0E6C91}.Debug|Any CPU.ActiveCfg = Debug|Any CPU
		{46F52331-A465-5028-FEBB-B0281A0E6C91}.Debug|Any CPU.Build.0 = Debug|Any CPU
		{46F52331-A465-5028-FEBB-B0281A0E6C91}.Release|Any CPU.ActiveCfg = Release|Any CPU
		{46F52331-A465-5028-FEBB-B0281A0E6C91}.Release|Any CPU.Build.0 = Release|Any CPU
		{2860648E-891D-B8BF-12EF-8E1533216C70}.Debug|Any CPU.ActiveCfg = Debug|Any CPU
		{2860648E-891D-B8BF-12EF-8E1533216C70}.Debug|Any CPU.Build.0 = Debug|Any CPU
		{2860648E-891D-B8BF-12EF-8E1533216C70}.Release|Any CPU.ActiveCfg = Release|Any CPU
		{2860648E-891D-B8BF-12EF-8E1533216C70}.Release|Any CPU.Build.0 = Release|Any CPU
		{E06D6E74-F141-B2A7-798A-F60BED960CE8}.Debug|Any CPU.ActiveCfg = Debug|Any CPU
		{E06D6E74-F141-B2A7-798A-F60BED960CE8}.Debug|Any CPU.Build.0 = Debug|Any CPU
		{E06D6E74-F141-B2A7-798A-F60BED960CE8}.Release|Any CPU.ActiveCfg = Release|Any CPU
		{E06D6E74-F141-B2A7-798A-F60BED960CE8}.Release|Any CPU.Build.0 = Release|Any CPU
		{833FA6AC-9B5D-24B7-6080-56403A4C1A52}.Debug|Any CPU.ActiveCfg = Debug|Any CPU
		{833FA6AC-9B5D-24B7-6080-56403A4C1A52}.Debug|Any CPU.Build.0 = Debug|Any CPU
		{833FA6AC-9B5D-24B7-6080-56403A4C1A52}.Release|Any CPU.ActiveCfg = Release|Any CPU
		{833FA6AC-9B5D-24B7-6080-56403A4C1A52}.Release|Any CPU.Build.0 = Release|Any CPU
		{77AF4CFB-8E30-765F-66E7-43115685EAA5}.Debug|Any CPU.ActiveCfg = Debug|Any CPU
		{77AF4CFB-8E30-765F-66E7-43115685EAA5}.Debug|Any CPU.Build.0 = Debug|Any CPU
		{77AF4CFB-8E30-765F-66E7-43115685EAA5}.Release|Any CPU.ActiveCfg = Release|Any CPU
		{77AF4CFB-8E30-765F-66E7-43115685EAA5}.Release|Any CPU.Build.0 = Release|Any CPU
		{ED03CE16-C824-6DC6-64F4-334DBE94EA34}.Debug|Any CPU.ActiveCfg = Debug|Any CPU
		{ED03CE16-C824-6DC6-64F4-334DBE94EA34}.Debug|Any CPU.Build.0 = Debug|Any CPU
		{ED03CE16-C824-6DC6-64F4-334DBE94EA34}.Release|Any CPU.ActiveCfg = Release|Any CPU
		{ED03CE16-C824-6DC6-64F4-334DBE94EA34}.Release|Any CPU.Build.0 = Release|Any CPU
		{3824438F-FE8D-96FD-92F3-D838AB44FB1F}.Debug|Any CPU.ActiveCfg = Debug|Any CPU
		{3824438F-FE8D-96FD-92F3-D838AB44FB1F}.Debug|Any CPU.Build.0 = Debug|Any CPU
		{3824438F-FE8D-96FD-92F3-D838AB44FB1F}.Release|Any CPU.ActiveCfg = Release|Any CPU
		{3824438F-FE8D-96FD-92F3-D838AB44FB1F}.Release|Any CPU.Build.0 = Release|Any CPU
		{68650121-B8E2-0DDE-95DA-E543DC5DE2AE}.Debug|Any CPU.ActiveCfg = Debug|Any CPU
		{68650121-B8E2-0DDE-95DA-E543DC5DE2AE}.Debug|Any CPU.Build.0 = Debug|Any CPU
		{68650121-B8E2-0DDE-95DA-E543DC5DE2AE}.Release|Any CPU.ActiveCfg = Release|Any CPU
		{68650121-B8E2-0DDE-95DA-E543DC5DE2AE}.Release|Any CPU.Build.0 = Release|Any CPU
		{F59C6965-1DA3-2F5C-C262-FF5866844000}.Debug|Any CPU.ActiveCfg = Debug|Any CPU
		{F59C6965-1DA3-2F5C-C262-FF5866844000}.Debug|Any CPU.Build.0 = Debug|Any CPU
		{F59C6965-1DA3-2F5C-C262-FF5866844000}.Release|Any CPU.ActiveCfg = Release|Any CPU
		{F59C6965-1DA3-2F5C-C262-FF5866844000}.Release|Any CPU.Build.0 = Release|Any CPU
		{98AB01B6-6DCA-12D8-1ED9-9825A3B08D96}.Debug|Any CPU.ActiveCfg = Debug|Any CPU
		{98AB01B6-6DCA-12D8-1ED9-9825A3B08D96}.Debug|Any CPU.Build.0 = Debug|Any CPU
		{98AB01B6-6DCA-12D8-1ED9-9825A3B08D96}.Release|Any CPU.ActiveCfg = Release|Any CPU
		{98AB01B6-6DCA-12D8-1ED9-9825A3B08D96}.Release|Any CPU.Build.0 = Release|Any CPU
		{641B9EA7-8C2A-887E-2794-4DE3F4284B28}.Debug|Any CPU.ActiveCfg = Debug|Any CPU
		{641B9EA7-8C2A-887E-2794-4DE3F4284B28}.Debug|Any CPU.Build.0 = Debug|Any CPU
		{641B9EA7-8C2A-887E-2794-4DE3F4284B28}.Release|Any CPU.ActiveCfg = Release|Any CPU
		{641B9EA7-8C2A-887E-2794-4DE3F4284B28}.Release|Any CPU.Build.0 = Release|Any CPU
		{C853DC62-50C7-9226-CAF1-89036B9BCA88}.Debug|Any CPU.ActiveCfg = Debug|Any CPU
		{C853DC62-50C7-9226-CAF1-89036B9BCA88}.Debug|Any CPU.Build.0 = Debug|Any CPU
		{C853DC62-50C7-9226-CAF1-89036B9BCA88}.Release|Any CPU.ActiveCfg = Release|Any CPU
		{C853DC62-50C7-9226-CAF1-89036B9BCA88}.Release|Any CPU.Build.0 = Release|Any CPU
		{586553FF-DC05-65AE-EC22-D0A93465AD99}.Debug|Any CPU.ActiveCfg = Debug|Any CPU
		{586553FF-DC05-65AE-EC22-D0A93465AD99}.Debug|Any CPU.Build.0 = Debug|Any CPU
		{586553FF-DC05-65AE-EC22-D0A93465AD99}.Release|Any CPU.ActiveCfg = Release|Any CPU
		{586553FF-DC05-65AE-EC22-D0A93465AD99}.Release|Any CPU.Build.0 = Release|Any CPU
		{229242E4-3DCC-7880-0C9A-13F040A441D0}.Debug|Any CPU.ActiveCfg = Debug|Any CPU
		{229242E4-3DCC-7880-0C9A-13F040A441D0}.Debug|Any CPU.Build.0 = Debug|Any CPU
		{229242E4-3DCC-7880-0C9A-13F040A441D0}.Release|Any CPU.ActiveCfg = Release|Any CPU
		{229242E4-3DCC-7880-0C9A-13F040A441D0}.Release|Any CPU.Build.0 = Release|Any CPU
		{E524D0DB-5510-0310-C585-8F6419A53E66}.Debug|Any CPU.ActiveCfg = Debug|Any CPU
		{E524D0DB-5510-0310-C585-8F6419A53E66}.Debug|Any CPU.Build.0 = Debug|Any CPU
		{E524D0DB-5510-0310-C585-8F6419A53E66}.Release|Any CPU.ActiveCfg = Release|Any CPU
		{E524D0DB-5510-0310-C585-8F6419A53E66}.Release|Any CPU.Build.0 = Release|Any CPU
		{1D962B2F-7EE3-FAA9-7F87-834931EA5958}.Debug|Any CPU.ActiveCfg = Debug|Any CPU
		{1D962B2F-7EE3-FAA9-7F87-834931EA5958}.Debug|Any CPU.Build.0 = Debug|Any CPU
		{1D962B2F-7EE3-FAA9-7F87-834931EA5958}.Release|Any CPU.ActiveCfg = Release|Any CPU
		{1D962B2F-7EE3-FAA9-7F87-834931EA5958}.Release|Any CPU.Build.0 = Release|Any CPU
		{F4CFC1C2-9EB8-6612-58E6-A636C1EB4D01}.Debug|Any CPU.ActiveCfg = Debug|Any CPU
		{F4CFC1C2-9EB8-6612-58E6-A636C1EB4D01}.Debug|Any CPU.Build.0 = Debug|Any CPU
		{F4CFC1C2-9EB8-6612-58E6-A636C1EB4D01}.Release|Any CPU.ActiveCfg = Release|Any CPU
		{F4CFC1C2-9EB8-6612-58E6-A636C1EB4D01}.Release|Any CPU.Build.0 = Release|Any CPU
		{9041AE77-2F25-66A2-D16A-8D5792DE038D}.Debug|Any CPU.ActiveCfg = Debug|Any CPU
		{9041AE77-2F25-66A2-D16A-8D5792DE038D}.Debug|Any CPU.Build.0 = Debug|Any CPU
		{9041AE77-2F25-66A2-D16A-8D5792DE038D}.Release|Any CPU.ActiveCfg = Release|Any CPU
		{9041AE77-2F25-66A2-D16A-8D5792DE038D}.Release|Any CPU.Build.0 = Release|Any CPU
		{BE830FAE-D8D7-95D0-E4E0-DA2D684509ED}.Debug|Any CPU.ActiveCfg = Debug|Any CPU
		{BE830FAE-D8D7-95D0-E4E0-DA2D684509ED}.Debug|Any CPU.Build.0 = Debug|Any CPU
		{BE830FAE-D8D7-95D0-E4E0-DA2D684509ED}.Release|Any CPU.ActiveCfg = Release|Any CPU
		{BE830FAE-D8D7-95D0-E4E0-DA2D684509ED}.Release|Any CPU.Build.0 = Release|Any CPU
		{7967DAC9-52E6-A306-6618-AC1E5576574B}.Debug|Any CPU.ActiveCfg = Debug|Any CPU
		{7967DAC9-52E6-A306-6618-AC1E5576574B}.Debug|Any CPU.Build.0 = Debug|Any CPU
		{7967DAC9-52E6-A306-6618-AC1E5576574B}.Release|Any CPU.ActiveCfg = Release|Any CPU
		{7967DAC9-52E6-A306-6618-AC1E5576574B}.Release|Any CPU.Build.0 = Release|Any CPU
		{5379D708-79A5-0331-9A29-34467B9AD9A0}.Debug|Any CPU.ActiveCfg = Debug|Any CPU
		{5379D708-79A5-0331-9A29-34467B9AD9A0}.Debug|Any CPU.Build.0 = Debug|Any CPU
		{5379D708-79A5-0331-9A29-34467B9AD9A0}.Release|Any CPU.ActiveCfg = Release|Any CPU
		{5379D708-79A5-0331-9A29-34467B9AD9A0}.Release|Any CPU.Build.0 = Release|Any CPU
		{C2808E13-D9F1-58C8-9509-EBE2C505E3F1}.Debug|Any CPU.ActiveCfg = Debug|Any CPU
		{C2808E13-D9F1-58C8-9509-EBE2C505E3F1}.Debug|Any CPU.Build.0 = Debug|Any CPU
		{C2808E13-D9F1-58C8-9509-EBE2C505E3F1}.Release|Any CPU.ActiveCfg = Release|Any CPU
		{C2808E13-D9F1-58C8-9509-EBE2C505E3F1}.Release|Any CPU.Build.0 = Release|Any CPU
		{AAA2DF4B-D9D9-8D76-2CE9-BC4D38D21137}.Debug|Any CPU.ActiveCfg = Debug|Any CPU
		{AAA2DF4B-D9D9-8D76-2CE9-BC4D38D21137}.Debug|Any CPU.Build.0 = Debug|Any CPU
		{AAA2DF4B-D9D9-8D76-2CE9-BC4D38D21137}.Release|Any CPU.ActiveCfg = Release|Any CPU
		{AAA2DF4B-D9D9-8D76-2CE9-BC4D38D21137}.Release|Any CPU.Build.0 = Release|Any CPU
		{B219129F-51DD-6A31-ECE2-F1551C4DD052}.Debug|Any CPU.ActiveCfg = Debug|Any CPU
		{B219129F-51DD-6A31-ECE2-F1551C4DD052}.Debug|Any CPU.Build.0 = Debug|Any CPU
		{B219129F-51DD-6A31-ECE2-F1551C4DD052}.Release|Any CPU.ActiveCfg = Release|Any CPU
		{B219129F-51DD-6A31-ECE2-F1551C4DD052}.Release|Any CPU.Build.0 = Release|Any CPU
		{06799DE9-7661-8FF9-D2A5-5AE87BAEB37B}.Debug|Any CPU.ActiveCfg = Debug|Any CPU
		{06799DE9-7661-8FF9-D2A5-5AE87BAEB37B}.Debug|Any CPU.Build.0 = Debug|Any CPU
		{06799DE9-7661-8FF9-D2A5-5AE87BAEB37B}.Release|Any CPU.ActiveCfg = Release|Any CPU
		{06799DE9-7661-8FF9-D2A5-5AE87BAEB37B}.Release|Any CPU.Build.0 = Release|Any CPU
		{67559C40-E250-8C8B-3272-B66B66CB62A7}.Debug|Any CPU.ActiveCfg = Debug|Any CPU
		{67559C40-E250-8C8B-3272-B66B66CB62A7}.Debug|Any CPU.Build.0 = Debug|Any CPU
		{67559C40-E250-8C8B-3272-B66B66CB62A7}.Release|Any CPU.ActiveCfg = Release|Any CPU
		{67559C40-E250-8C8B-3272-B66B66CB62A7}.Release|Any CPU.Build.0 = Release|Any CPU
		{53F62E95-7AEC-9C95-FE0B-69683954A826}.Debug|Any CPU.ActiveCfg = Debug|Any CPU
		{53F62E95-7AEC-9C95-FE0B-69683954A826}.Debug|Any CPU.Build.0 = Debug|Any CPU
		{53F62E95-7AEC-9C95-FE0B-69683954A826}.Release|Any CPU.ActiveCfg = Release|Any CPU
		{53F62E95-7AEC-9C95-FE0B-69683954A826}.Release|Any CPU.Build.0 = Release|Any CPU
		{DA9315C2-3169-6E27-94B3-59BD54089543}.Debug|Any CPU.ActiveCfg = Debug|Any CPU
		{DA9315C2-3169-6E27-94B3-59BD54089543}.Debug|Any CPU.Build.0 = Debug|Any CPU
		{DA9315C2-3169-6E27-94B3-59BD54089543}.Release|Any CPU.ActiveCfg = Release|Any CPU
		{DA9315C2-3169-6E27-94B3-59BD54089543}.Release|Any CPU.Build.0 = Release|Any CPU
		{B0484CBE-DF13-040B-E55B-916C33A9241E}.Debug|Any CPU.ActiveCfg = Debug|Any CPU
		{B0484CBE-DF13-040B-E55B-916C33A9241E}.Debug|Any CPU.Build.0 = Debug|Any CPU
		{B0484CBE-DF13-040B-E55B-916C33A9241E}.Release|Any CPU.ActiveCfg = Release|Any CPU
		{B0484CBE-DF13-040B-E55B-916C33A9241E}.Release|Any CPU.Build.0 = Release|Any CPU
		{BCCADBE0-7491-9F00-7229-3AFE85F37F73}.Debug|Any CPU.ActiveCfg = Debug|Any CPU
		{BCCADBE0-7491-9F00-7229-3AFE85F37F73}.Debug|Any CPU.Build.0 = Debug|Any CPU
		{BCCADBE0-7491-9F00-7229-3AFE85F37F73}.Release|Any CPU.ActiveCfg = Release|Any CPU
		{BCCADBE0-7491-9F00-7229-3AFE85F37F73}.Release|Any CPU.Build.0 = Release|Any CPU
		{F442CD88-128F-0189-8F62-8B1E60E37B3F}.Debug|Any CPU.ActiveCfg = Debug|Any CPU
		{F442CD88-128F-0189-8F62-8B1E60E37B3F}.Debug|Any CPU.Build.0 = Debug|Any CPU
		{F442CD88-128F-0189-8F62-8B1E60E37B3F}.Release|Any CPU.ActiveCfg = Release|Any CPU
		{F442CD88-128F-0189-8F62-8B1E60E37B3F}.Release|Any CPU.Build.0 = Release|Any CPU
		{67C46E57-54D5-47AC-4539-7AA1E1CAE140}.Debug|Any CPU.ActiveCfg = Debug|Any CPU
		{67C46E57-54D5-47AC-4539-7AA1E1CAE140}.Debug|Any CPU.Build.0 = Debug|Any CPU
		{67C46E57-54D5-47AC-4539-7AA1E1CAE140}.Release|Any CPU.ActiveCfg = Release|Any CPU
		{67C46E57-54D5-47AC-4539-7AA1E1CAE140}.Release|Any CPU.Build.0 = Release|Any CPU
		{651E538E-FA41-8392-0B27-A61E4F2B0D46}.Debug|Any CPU.ActiveCfg = Debug|Any CPU
		{651E538E-FA41-8392-0B27-A61E4F2B0D46}.Debug|Any CPU.Build.0 = Debug|Any CPU
		{651E538E-FA41-8392-0B27-A61E4F2B0D46}.Release|Any CPU.ActiveCfg = Release|Any CPU
		{651E538E-FA41-8392-0B27-A61E4F2B0D46}.Release|Any CPU.Build.0 = Release|Any CPU
		{1DDE7590-B274-27BF-B5E1-5EA88715AFB9}.Debug|Any CPU.ActiveCfg = Debug|Any CPU
		{1DDE7590-B274-27BF-B5E1-5EA88715AFB9}.Debug|Any CPU.Build.0 = Debug|Any CPU
		{1DDE7590-B274-27BF-B5E1-5EA88715AFB9}.Release|Any CPU.ActiveCfg = Release|Any CPU
		{1DDE7590-B274-27BF-B5E1-5EA88715AFB9}.Release|Any CPU.Build.0 = Release|Any CPU
		{432E715D-646E-DD77-BB5D-B0B1B1E8422A}.Debug|Any CPU.ActiveCfg = Debug|Any CPU
		{432E715D-646E-DD77-BB5D-B0B1B1E8422A}.Debug|Any CPU.Build.0 = Debug|Any CPU
		{432E715D-646E-DD77-BB5D-B0B1B1E8422A}.Release|Any CPU.ActiveCfg = Release|Any CPU
		{432E715D-646E-DD77-BB5D-B0B1B1E8422A}.Release|Any CPU.Build.0 = Release|Any CPU
		{2DF6417E-6443-FBA0-8CFB-96B047C109B5}.Debug|Any CPU.ActiveCfg = Debug|Any CPU
		{2DF6417E-6443-FBA0-8CFB-96B047C109B5}.Debug|Any CPU.Build.0 = Debug|Any CPU
		{2DF6417E-6443-FBA0-8CFB-96B047C109B5}.Release|Any CPU.ActiveCfg = Release|Any CPU
		{2DF6417E-6443-FBA0-8CFB-96B047C109B5}.Release|Any CPU.Build.0 = Release|Any CPU
		{48D89FBC-6B67-3928-0AFE-3167E30B902D}.Debug|Any CPU.ActiveCfg = Debug|Any CPU
		{48D89FBC-6B67-3928-0AFE-3167E30B902D}.Debug|Any CPU.Build.0 = Debug|Any CPU
		{48D89FBC-6B67-3928-0AFE-3167E30B902D}.Release|Any CPU.ActiveCfg = Release|Any CPU
		{48D89FBC-6B67-3928-0AFE-3167E30B902D}.Release|Any CPU.Build.0 = Release|Any CPU
		{01F6F319-DF56-1A75-BA12-2743116F2456}.Debug|Any CPU.ActiveCfg = Debug|Any CPU
		{01F6F319-DF56-1A75-BA12-2743116F2456}.Debug|Any CPU.Build.0 = Debug|Any CPU
		{01F6F319-DF56-1A75-BA12-2743116F2456}.Release|Any CPU.ActiveCfg = Release|Any CPU
		{01F6F319-DF56-1A75-BA12-2743116F2456}.Release|Any CPU.Build.0 = Release|Any CPU
		{BF69C3AD-37FF-6DB6-ABAC-8AED57823F0D}.Debug|Any CPU.ActiveCfg = Debug|Any CPU
		{BF69C3AD-37FF-6DB6-ABAC-8AED57823F0D}.Debug|Any CPU.Build.0 = Debug|Any CPU
		{BF69C3AD-37FF-6DB6-ABAC-8AED57823F0D}.Release|Any CPU.ActiveCfg = Release|Any CPU
		{BF69C3AD-37FF-6DB6-ABAC-8AED57823F0D}.Release|Any CPU.Build.0 = Release|Any CPU
		{27CB6F2C-A23D-C956-E405-D65A8E382B3F}.Debug|Any CPU.ActiveCfg = Debug|Any CPU
		{27CB6F2C-A23D-C956-E405-D65A8E382B3F}.Debug|Any CPU.Build.0 = Debug|Any CPU
		{27CB6F2C-A23D-C956-E405-D65A8E382B3F}.Release|Any CPU.ActiveCfg = Release|Any CPU
		{27CB6F2C-A23D-C956-E405-D65A8E382B3F}.Release|Any CPU.Build.0 = Release|Any CPU
		{33126E88-EBED-0756-358F-2A65D941E562}.Debug|Any CPU.ActiveCfg = Debug|Any CPU
		{33126E88-EBED-0756-358F-2A65D941E562}.Debug|Any CPU.Build.0 = Debug|Any CPU
		{33126E88-EBED-0756-358F-2A65D941E562}.Release|Any CPU.ActiveCfg = Release|Any CPU
		{33126E88-EBED-0756-358F-2A65D941E562}.Release|Any CPU.Build.0 = Release|Any CPU
		{D8C30F11-8694-76BA-53E8-D76C5931DB29}.Debug|Any CPU.ActiveCfg = Debug|Any CPU
		{D8C30F11-8694-76BA-53E8-D76C5931DB29}.Debug|Any CPU.Build.0 = Debug|Any CPU
		{D8C30F11-8694-76BA-53E8-D76C5931DB29}.Release|Any CPU.ActiveCfg = Release|Any CPU
		{D8C30F11-8694-76BA-53E8-D76C5931DB29}.Release|Any CPU.Build.0 = Release|Any CPU
		{9A05BF5D-62C2-04B8-5CAF-263A7F59A253}.Debug|Any CPU.ActiveCfg = Debug|Any CPU
		{9A05BF5D-62C2-04B8-5CAF-263A7F59A253}.Debug|Any CPU.Build.0 = Debug|Any CPU
		{9A05BF5D-62C2-04B8-5CAF-263A7F59A253}.Release|Any CPU.ActiveCfg = Release|Any CPU
		{9A05BF5D-62C2-04B8-5CAF-263A7F59A253}.Release|Any CPU.Build.0 = Release|Any CPU
		{29460E00-0615-B075-FF81-D20F9A697582}.Debug|Any CPU.ActiveCfg = Debug|Any CPU
		{29460E00-0615-B075-FF81-D20F9A697582}.Debug|Any CPU.Build.0 = Debug|Any CPU
		{29460E00-0615-B075-FF81-D20F9A697582}.Release|Any CPU.ActiveCfg = Release|Any CPU
		{29460E00-0615-B075-FF81-D20F9A697582}.Release|Any CPU.Build.0 = Release|Any CPU
		{46825268-34AA-3AB9-7AA6-65C4D2B5D29E}.Debug|Any CPU.ActiveCfg = Debug|Any CPU
		{46825268-34AA-3AB9-7AA6-65C4D2B5D29E}.Debug|Any CPU.Build.0 = Debug|Any CPU
		{46825268-34AA-3AB9-7AA6-65C4D2B5D29E}.Release|Any CPU.ActiveCfg = Release|Any CPU
		{46825268-34AA-3AB9-7AA6-65C4D2B5D29E}.Release|Any CPU.Build.0 = Release|Any CPU
		{198CB5D2-106F-A30F-6145-1526E93F9C94}.Debug|Any CPU.ActiveCfg = Debug|Any CPU
		{198CB5D2-106F-A30F-6145-1526E93F9C94}.Debug|Any CPU.Build.0 = Debug|Any CPU
		{198CB5D2-106F-A30F-6145-1526E93F9C94}.Release|Any CPU.ActiveCfg = Release|Any CPU
		{198CB5D2-106F-A30F-6145-1526E93F9C94}.Release|Any CPU.Build.0 = Release|Any CPU
		{A98F600C-4405-2EC9-2044-14470CFB3C4E}.Debug|Any CPU.ActiveCfg = Debug|Any CPU
		{A98F600C-4405-2EC9-2044-14470CFB3C4E}.Debug|Any CPU.Build.0 = Debug|Any CPU
		{A98F600C-4405-2EC9-2044-14470CFB3C4E}.Release|Any CPU.ActiveCfg = Release|Any CPU
		{A98F600C-4405-2EC9-2044-14470CFB3C4E}.Release|Any CPU.Build.0 = Release|Any CPU
		{3E1D6636-3296-911E-B92A-A23C5B807729}.Debug|Any CPU.ActiveCfg = Debug|Any CPU
		{3E1D6636-3296-911E-B92A-A23C5B807729}.Debug|Any CPU.Build.0 = Debug|Any CPU
		{3E1D6636-3296-911E-B92A-A23C5B807729}.Release|Any CPU.ActiveCfg = Release|Any CPU
		{3E1D6636-3296-911E-B92A-A23C5B807729}.Release|Any CPU.Build.0 = Release|Any CPU
		{D52A2FAA-DEB8-9353-9FE1-43D2AB7F401B}.Debug|Any CPU.ActiveCfg = Debug|Any CPU
		{D52A2FAA-DEB8-9353-9FE1-43D2AB7F401B}.Debug|Any CPU.Build.0 = Debug|Any CPU
		{D52A2FAA-DEB8-9353-9FE1-43D2AB7F401B}.Release|Any CPU.ActiveCfg = Release|Any CPU
		{D52A2FAA-DEB8-9353-9FE1-43D2AB7F401B}.Release|Any CPU.Build.0 = Release|Any CPU
		{A795AD35-8898-42DB-A118-E2A38D2D0301}.Debug|Any CPU.ActiveCfg = Debug|Any CPU
		{A795AD35-8898-42DB-A118-E2A38D2D0301}.Debug|Any CPU.Build.0 = Debug|Any CPU
		{A795AD35-8898-42DB-A118-E2A38D2D0301}.Release|Any CPU.ActiveCfg = Release|Any CPU
		{A795AD35-8898-42DB-A118-E2A38D2D0301}.Release|Any CPU.Build.0 = Release|Any CPU
		{57DD8C52-A4EC-364F-0A4A-C150EFD67071}.Debug|Any CPU.ActiveCfg = Debug|Any CPU
		{57DD8C52-A4EC-364F-0A4A-C150EFD67071}.Debug|Any CPU.Build.0 = Debug|Any CPU
		{57DD8C52-A4EC-364F-0A4A-C150EFD67071}.Release|Any CPU.ActiveCfg = Release|Any CPU
		{57DD8C52-A4EC-364F-0A4A-C150EFD67071}.Release|Any CPU.Build.0 = Release|Any CPU
		{75CCF156-9C98-D6DA-90F5-0F9F17C66309}.Debug|Any CPU.ActiveCfg = Debug|Any CPU
		{75CCF156-9C98-D6DA-90F5-0F9F17C66309}.Debug|Any CPU.Build.0 = Debug|Any CPU
		{75CCF156-9C98-D6DA-90F5-0F9F17C66309}.Release|Any CPU.ActiveCfg = Release|Any CPU
		{75CCF156-9C98-D6DA-90F5-0F9F17C66309}.Release|Any CPU.Build.0 = Release|Any CPU
		{2B8F9955-F3E8-9682-0B71-C3BE3B4CC61D}.Debug|Any CPU.ActiveCfg = Debug|Any CPU
		{2B8F9955-F3E8-9682-0B71-C3BE3B4CC61D}.Debug|Any CPU.Build.0 = Debug|Any CPU
		{2B8F9955-F3E8-9682-0B71-C3BE3B4CC61D}.Release|Any CPU.ActiveCfg = Release|Any CPU
		{2B8F9955-F3E8-9682-0B71-C3BE3B4CC61D}.Release|Any CPU.Build.0 = Release|Any CPU
		{2B814A8D-E198-0720-8EC0-18029D9320B9}.Debug|Any CPU.ActiveCfg = Debug|Any CPU
		{2B814A8D-E198-0720-8EC0-18029D9320B9}.Debug|Any CPU.Build.0 = Debug|Any CPU
		{2B814A8D-E198-0720-8EC0-18029D9320B9}.Release|Any CPU.ActiveCfg = Release|Any CPU
		{2B814A8D-E198-0720-8EC0-18029D9320B9}.Release|Any CPU.Build.0 = Release|Any CPU
	EndGlobalSection
	GlobalSection(SolutionProperties) = preSolution
		HideSolutionNode = FALSE
	EndGlobalSection
EndGlobal
